// !$*UTF8*$!
{
	archiveVersion = 1;
	classes = {
	};
	objectVersion = 46;
	objects = {

/* Begin PBXBuildFile section */
		F3040D27238904860055E6E7 /* CollectionListAdapter.swift in Sources */ = {isa = PBXBuildFile; fileRef = F3040D26238904860055E6E7 /* CollectionListAdapter.swift */; };
		F3040D81238B21560055E6E7 /* ListCoordinator.swift in Sources */ = {isa = PBXBuildFile; fileRef = F3040D80238B21560055E6E7 /* ListCoordinator.swift */; };
		F30433E9239FDF09007BACA9 /* SourceCoordinator.swift in Sources */ = {isa = PBXBuildFile; fileRef = F30433E8239FDF09007BACA9 /* SourceCoordinator.swift */; };
		F304A6DF239E94CC00133D14 /* Context+UIKit.swift in Sources */ = {isa = PBXBuildFile; fileRef = F304A6DE239E94CC00133D14 /* Context+UIKit.swift */; };
		F304A6E1239E95DC00133D14 /* ListView+NSCollectionView.swift in Sources */ = {isa = PBXBuildFile; fileRef = F304A6E0239E95DB00133D14 /* ListView+NSCollectionView.swift */; };
		F304A6E3239E95ED00133D14 /* ListView+NSTableView.swift in Sources */ = {isa = PBXBuildFile; fileRef = F304A6E2239E95ED00133D14 /* ListView+NSTableView.swift */; };
		F304A6E5239E962300133D14 /* NSListView.swift in Sources */ = {isa = PBXBuildFile; fileRef = F304A6E4239E962300133D14 /* NSListView.swift */; };
		F310D2502351E1DF00ED691C /* BaseCoordinator.swift in Sources */ = {isa = PBXBuildFile; fileRef = F310D24F2351E1DF00ED691C /* BaseCoordinator.swift */; };
		F31250E9239C545200E77969 /* ListView.swift in Sources */ = {isa = PBXBuildFile; fileRef = F31250E8239C545200E77969 /* ListView.swift */; };
		F31250EB239C5E0E00E77969 /* ItemTypedCoorinator.swift in Sources */ = {isa = PBXBuildFile; fileRef = F31250EA239C5E0E00E77969 /* ItemTypedCoorinator.swift */; };
		F31250EE239C5EB200E77969 /* Delegates+UICollectionView.swift in Sources */ = {isa = PBXBuildFile; fileRef = F31250ED239C5EB200E77969 /* Delegates+UICollectionView.swift */; };
		F31250F0239C636100E77969 /* Delegates+UIScrollView.swift in Sources */ = {isa = PBXBuildFile; fileRef = F31250EF239C636100E77969 /* Delegates+UIScrollView.swift */; };
		F31250F4239DB57100E77969 /* Delegate.swift in Sources */ = {isa = PBXBuildFile; fileRef = F31250F3239DB57100E77969 /* Delegate.swift */; };
		F312515C239E352100E77969 /* Delegates+UITableView.swift in Sources */ = {isa = PBXBuildFile; fileRef = F312515B239E352100E77969 /* Delegates+UITableView.swift */; };
		F314E8E823A62147003C203B /* Delegates.swift in Sources */ = {isa = PBXBuildFile; fileRef = F314E8E723A62147003C203B /* Delegates.swift */; };
		F314E8EB23A62200003C203B /* SelestorSets.swift in Sources */ = {isa = PBXBuildFile; fileRef = F314E8EA23A62200003C203B /* SelestorSets.swift */; };
		F329598323A10B7D001D6063 /* ListViewStorage+UIKit.swift in Sources */ = {isa = PBXBuildFile; fileRef = F329598223A10B7D001D6063 /* ListViewStorage+UIKit.swift */; };
		F32959E623A11CF5001D6063 /* AnyCollectionSourcesBuilder.swift in Sources */ = {isa = PBXBuildFile; fileRef = F32959E523A11CF5001D6063 /* AnyCollectionSourcesBuilder.swift */; };
		F33FBC3D234F33A70054BA38 /* DataSource.swift in Sources */ = {isa = PBXBuildFile; fileRef = F33FBC3C234F33A70054BA38 /* DataSource.swift */; };
		F33FBC43234F3A600054BA38 /* Sources.swift in Sources */ = {isa = PBXBuildFile; fileRef = F33FBC42234F3A600054BA38 /* Sources.swift */; };
		F33FBC45234F3AB00054BA38 /* Updater.swift in Sources */ = {isa = PBXBuildFile; fileRef = F33FBC44234F3AB00054BA38 /* Updater.swift */; };
		F35BBA03239FD05C0024EA7D /* TableContext.swift in Sources */ = {isa = PBXBuildFile; fileRef = F35BBA02239FD05C0024EA7D /* TableContext.swift */; };
		F35BBA05239FD0EA0024EA7D /* TableListAdapter.swift in Sources */ = {isa = PBXBuildFile; fileRef = F35BBA04239FD0EA0024EA7D /* TableListAdapter.swift */; };
		F35BBA07239FD1600024EA7D /* TableListAdapter+UIKit.swift in Sources */ = {isa = PBXBuildFile; fileRef = F35BBA06239FD1600024EA7D /* TableListAdapter+UIKit.swift */; };
		F36D2A1623A105B100091464 /* UpdatableDataSource+Coordinator.swift in Sources */ = {isa = PBXBuildFile; fileRef = F36D2A1523A105B100091464 /* UpdatableDataSource+Coordinator.swift */; };
		F37A122A239FC0720001E9EE /* SrcollListAdapter+UIKit.swift in Sources */ = {isa = PBXBuildFile; fileRef = F37A1229239FC0720001E9EE /* SrcollListAdapter+UIKit.swift */; };
		F37A122E239FC0CB0001E9EE /* CollectionListAdapter+UIKit.swift in Sources */ = {isa = PBXBuildFile; fileRef = F37A122D239FC0CB0001E9EE /* CollectionListAdapter+UIKit.swift */; };
		F37BF3CA239686470095C419 /* ItemCoordinator.swift in Sources */ = {isa = PBXBuildFile; fileRef = F37BF3C9239686470095C419 /* ItemCoordinator.swift */; };
		F37BF3CC23968B7E0095C419 /* SectionsCoordinator.swift in Sources */ = {isa = PBXBuildFile; fileRef = F37BF3CB23968B7E0095C419 /* SectionsCoordinator.swift */; };
		F37BF3CE23969DFD0095C419 /* NSCoordinator.swift in Sources */ = {isa = PBXBuildFile; fileRef = F37BF3CD23969DFD0095C419 /* NSCoordinator.swift */; };
		F37DD4E323A190AE00689CAD /* TableListAdapter+Source.swift in Sources */ = {isa = PBXBuildFile; fileRef = F37DD4E223A190AE00689CAD /* TableListAdapter+Source.swift */; };
		F383064323506BAC00AE8B97 /* CollectionDifference.swift in Sources */ = {isa = PBXBuildFile; fileRef = F383064023506BAC00AE8B97 /* CollectionDifference.swift */; };
		F383064423506BAC00AE8B97 /* Differing.swift in Sources */ = {isa = PBXBuildFile; fileRef = F383064123506BAC00AE8B97 /* Differing.swift */; };
		F383064523506BAC00AE8B97 /* Identifiable.swift in Sources */ = {isa = PBXBuildFile; fileRef = F383064223506BAC00AE8B97 /* Identifiable.swift */; };
		F3841D5D2355E0DA006386E3 /* Collection+Extension.swift in Sources */ = {isa = PBXBuildFile; fileRef = F3841D5C2355E0DA006386E3 /* Collection+Extension.swift */; };
		F39A23F323A16B660024F9AF /* AnyTableSourcesBuilder.swift in Sources */ = {isa = PBXBuildFile; fileRef = F39A23F123A16B660024F9AF /* AnyTableSourcesBuilder.swift */; };
		F39A23F623A16D1F0024F9AF /* CoreData+Extension.swift in Sources */ = {isa = PBXBuildFile; fileRef = F39A23F523A16D1F0024F9AF /* CoreData+Extension.swift */; };
		F39A23F923A17FE60024F9AF /* Sources+Coordinator.swift in Sources */ = {isa = PBXBuildFile; fileRef = F39A23F823A17FE50024F9AF /* Sources+Coordinator.swift */; };
		F39A23FB23A180350024F9AF /* Sources+Collection.swift in Sources */ = {isa = PBXBuildFile; fileRef = F39A23FA23A180350024F9AF /* Sources+Collection.swift */; };
		F3A4933223A6472000809E7F /* ListDelegates.swift in Sources */ = {isa = PBXBuildFile; fileRef = F3A4933123A6472000809E7F /* ListDelegates.swift */; };
		F3A4933823A6A95700809E7F /* ListAdapter.swift in Sources */ = {isa = PBXBuildFile; fileRef = F3A4933723A6A95700809E7F /* ListAdapter.swift */; };
		F3A4933A23A6D3B400809E7F /* ScollContext.swift in Sources */ = {isa = PBXBuildFile; fileRef = F3A4933923A6D3B400809E7F /* ScollContext.swift */; };
		F3A4939A23A79EBF00809E7F /* SourceType.swift in Sources */ = {isa = PBXBuildFile; fileRef = F3A4939923A79EBF00809E7F /* SourceType.swift */; };
		F3A493FA23A8CAB300809E7F /* WrapperDelegates.swift in Sources */ = {isa = PBXBuildFile; fileRef = F3A493F923A8CAB300809E7F /* WrapperDelegates.swift */; };
		F3A493FC23A8CACE00809E7F /* SourceDelegates.swift in Sources */ = {isa = PBXBuildFile; fileRef = F3A493FB23A8CACE00809E7F /* SourceDelegates.swift */; };
		F3A493FE23A8CAE600809E7F /* SourcesDelegates.swift in Sources */ = {isa = PBXBuildFile; fileRef = F3A493FD23A8CAE600809E7F /* SourcesDelegates.swift */; };
		F3A4940023A8CDC600809E7F /* SourceStoredListCoordinator.swift in Sources */ = {isa = PBXBuildFile; fileRef = F3A493FF23A8CDC600809E7F /* SourceStoredListCoordinator.swift */; };
		F3A4940223A8CDEA00809E7F /* WrapperCoordinator.swift in Sources */ = {isa = PBXBuildFile; fileRef = F3A4940123A8CDEA00809E7F /* WrapperCoordinator.swift */; };
		F3A4940423A8CE2000809E7F /* ItemTypedWrapperCoordinator.swift in Sources */ = {isa = PBXBuildFile; fileRef = F3A4940323A8CE2000809E7F /* ItemTypedWrapperCoordinator.swift */; };
		F3A4940623A8D12400809E7F /* AdapterCoordinator.swift in Sources */ = {isa = PBXBuildFile; fileRef = F3A4940523A8D12400809E7F /* AdapterCoordinator.swift */; };
		F3AD00DD238BC2AF000AF1B3 /* Differ.swift in Sources */ = {isa = PBXBuildFile; fileRef = F3AD00DC238BC2AF000AF1B3 /* Differ.swift */; };
		F3AD013A238BE6FE000AF1B3 /* ItemsCoordinator.swift in Sources */ = {isa = PBXBuildFile; fileRef = F3AD0139238BE6FE000AF1B3 /* ItemsCoordinator.swift */; };
		F3AD0680238FF3DA000AF1B3 /* SourcesCoordinator.swift in Sources */ = {isa = PBXBuildFile; fileRef = F3AD067F238FF3DA000AF1B3 /* SourcesCoordinator.swift */; };
		F3C9537E23A0F1440015049A /* AnySourcesBuilder.swift in Sources */ = {isa = PBXBuildFile; fileRef = F3C9537D23A0F1440015049A /* AnySourcesBuilder.swift */; };
		F3C9538023A0F7A10015049A /* AnySources.swift in Sources */ = {isa = PBXBuildFile; fileRef = F3C9537F23A0F7A10015049A /* AnySources.swift */; };
		F3D785C62398F58000D7A5CD /* DataSource+Coordinator.swift in Sources */ = {isa = PBXBuildFile; fileRef = F3D785C52398F58000D7A5CD /* DataSource+Coordinator.swift */; };
		F3D785C82398FC5B00D7A5CD /* UpdatableDataSource.swift in Sources */ = {isa = PBXBuildFile; fileRef = F3D785C72398FC5B00D7A5CD /* UpdatableDataSource.swift */; };
		F3D785CA2398FCA200D7A5CD /* NSDataSource.swift in Sources */ = {isa = PBXBuildFile; fileRef = F3D785C92398FCA200D7A5CD /* NSDataSource.swift */; };
		F3D7862E23991E5100D7A5CD /* ScrollListAdapter.swift in Sources */ = {isa = PBXBuildFile; fileRef = F3D7862D23991E5100D7A5CD /* ScrollListAdapter.swift */; };
		F3D786972399263B00D7A5CD /* CollectionContext.swift in Sources */ = {isa = PBXBuildFile; fileRef = F3D786962399263B00D7A5CD /* CollectionContext.swift */; };
		F3D786FC2399318B00D7A5CD /* Associator.swift in Sources */ = {isa = PBXBuildFile; fileRef = F3D786FB2399318B00D7A5CD /* Associator.swift */; };
		F3D786FE239931CE00D7A5CD /* UIListView.swift in Sources */ = {isa = PBXBuildFile; fileRef = F3D786FD239931CE00D7A5CD /* UIListView.swift */; };
		F3D787022399327200D7A5CD /* ListView+UITableView.swift in Sources */ = {isa = PBXBuildFile; fileRef = F3D786FF2399327200D7A5CD /* ListView+UITableView.swift */; };
		F3D787032399327200D7A5CD /* ListViewStorage.swift in Sources */ = {isa = PBXBuildFile; fileRef = F3D787002399327200D7A5CD /* ListViewStorage.swift */; };
		F3D787042399327200D7A5CD /* ListView+UIcollectionView.swift in Sources */ = {isa = PBXBuildFile; fileRef = F3D787012399327200D7A5CD /* ListView+UIcollectionView.swift */; };
		F3D7870623993C2200D7A5CD /* Context.swift in Sources */ = {isa = PBXBuildFile; fileRef = F3D7870523993C2200D7A5CD /* Context.swift */; };
		F3D787082399F4C500D7A5CD /* AnySourcesCoordinator.swift in Sources */ = {isa = PBXBuildFile; fileRef = F3D787072399F4C500D7A5CD /* AnySourcesCoordinator.swift */; };
		F3EB15D823A2CF0000C9AC5E /* CollectionList+Source.swift in Sources */ = {isa = PBXBuildFile; fileRef = F3EB15D723A2CF0000C9AC5E /* CollectionList+Source.swift */; };
		F3EB15DA23A2CF8D00C9AC5E /* Optional+Extension.swift in Sources */ = {isa = PBXBuildFile; fileRef = F3EB15D923A2CF8D00C9AC5E /* Optional+Extension.swift */; };
		F3EB15DC23A2ED1900C9AC5E /* ListAdapters+ListAdapters.swift in Sources */ = {isa = PBXBuildFile; fileRef = F3EB15DB23A2ED1900C9AC5E /* ListAdapters+ListAdapters.swift */; };
		F3F7795E237DB806008C6B21 /* Change.swift in Sources */ = {isa = PBXBuildFile; fileRef = F3F7795D237DB806008C6B21 /* Change.swift */; };
		OBJ_18 /* ListKit.swift in Sources */ = {isa = PBXBuildFile; fileRef = OBJ_8 /* ListKit.swift */; };
		OBJ_25 /* Package.swift in Sources */ = {isa = PBXBuildFile; fileRef = OBJ_6 /* Package.swift */; };
/* End PBXBuildFile section */

/* Begin PBXFileReference section */
		F3040D26238904860055E6E7 /* CollectionListAdapter.swift */ = {isa = PBXFileReference; lastKnownFileType = sourcecode.swift; path = CollectionListAdapter.swift; sourceTree = "<group>"; };
		F3040D80238B21560055E6E7 /* ListCoordinator.swift */ = {isa = PBXFileReference; lastKnownFileType = sourcecode.swift; path = ListCoordinator.swift; sourceTree = "<group>"; };
		F30433E8239FDF09007BACA9 /* SourceCoordinator.swift */ = {isa = PBXFileReference; lastKnownFileType = sourcecode.swift; path = SourceCoordinator.swift; sourceTree = "<group>"; };
		F304A6DE239E94CC00133D14 /* Context+UIKit.swift */ = {isa = PBXFileReference; lastKnownFileType = sourcecode.swift; path = "Context+UIKit.swift"; sourceTree = "<group>"; };
		F304A6E0239E95DB00133D14 /* ListView+NSCollectionView.swift */ = {isa = PBXFileReference; lastKnownFileType = sourcecode.swift; path = "ListView+NSCollectionView.swift"; sourceTree = "<group>"; };
		F304A6E2239E95ED00133D14 /* ListView+NSTableView.swift */ = {isa = PBXFileReference; lastKnownFileType = sourcecode.swift; path = "ListView+NSTableView.swift"; sourceTree = "<group>"; };
		F304A6E4239E962300133D14 /* NSListView.swift */ = {isa = PBXFileReference; lastKnownFileType = sourcecode.swift; path = NSListView.swift; sourceTree = "<group>"; };
		F310D24F2351E1DF00ED691C /* BaseCoordinator.swift */ = {isa = PBXFileReference; lastKnownFileType = sourcecode.swift; path = BaseCoordinator.swift; sourceTree = "<group>"; };
		F31250E8239C545200E77969 /* ListView.swift */ = {isa = PBXFileReference; lastKnownFileType = sourcecode.swift; path = ListView.swift; sourceTree = "<group>"; };
		F31250EA239C5E0E00E77969 /* ItemTypedCoorinator.swift */ = {isa = PBXFileReference; lastKnownFileType = sourcecode.swift; path = ItemTypedCoorinator.swift; sourceTree = "<group>"; };
		F31250ED239C5EB200E77969 /* Delegates+UICollectionView.swift */ = {isa = PBXFileReference; lastKnownFileType = sourcecode.swift; path = "Delegates+UICollectionView.swift"; sourceTree = "<group>"; };
		F31250EF239C636100E77969 /* Delegates+UIScrollView.swift */ = {isa = PBXFileReference; lastKnownFileType = sourcecode.swift; path = "Delegates+UIScrollView.swift"; sourceTree = "<group>"; };
		F31250F3239DB57100E77969 /* Delegate.swift */ = {isa = PBXFileReference; lastKnownFileType = sourcecode.swift; path = Delegate.swift; sourceTree = "<group>"; };
		F312515B239E352100E77969 /* Delegates+UITableView.swift */ = {isa = PBXFileReference; lastKnownFileType = sourcecode.swift; path = "Delegates+UITableView.swift"; sourceTree = "<group>"; };
		F314E8E723A62147003C203B /* Delegates.swift */ = {isa = PBXFileReference; lastKnownFileType = sourcecode.swift; path = Delegates.swift; sourceTree = "<group>"; };
		F314E8EA23A62200003C203B /* SelestorSets.swift */ = {isa = PBXFileReference; lastKnownFileType = sourcecode.swift; path = SelestorSets.swift; sourceTree = "<group>"; };
		F329598223A10B7D001D6063 /* ListViewStorage+UIKit.swift */ = {isa = PBXFileReference; lastKnownFileType = sourcecode.swift; path = "ListViewStorage+UIKit.swift"; sourceTree = "<group>"; };
		F32959E523A11CF5001D6063 /* AnyCollectionSourcesBuilder.swift */ = {isa = PBXFileReference; lastKnownFileType = sourcecode.swift; path = AnyCollectionSourcesBuilder.swift; sourceTree = "<group>"; };
		F33FBC3A234F26B60054BA38 /* ListKitTests.swift */ = {isa = PBXFileReference; lastKnownFileType = sourcecode.swift; path = ListKitTests.swift; sourceTree = "<group>"; };
		F33FBC3C234F33A70054BA38 /* DataSource.swift */ = {isa = PBXFileReference; lastKnownFileType = sourcecode.swift; path = DataSource.swift; sourceTree = "<group>"; };
		F33FBC42234F3A600054BA38 /* Sources.swift */ = {isa = PBXFileReference; lastKnownFileType = sourcecode.swift; path = Sources.swift; sourceTree = "<group>"; };
		F33FBC44234F3AB00054BA38 /* Updater.swift */ = {isa = PBXFileReference; lastKnownFileType = sourcecode.swift; path = Updater.swift; sourceTree = "<group>"; };
		F35BBA02239FD05C0024EA7D /* TableContext.swift */ = {isa = PBXFileReference; lastKnownFileType = sourcecode.swift; path = TableContext.swift; sourceTree = "<group>"; };
		F35BBA04239FD0EA0024EA7D /* TableListAdapter.swift */ = {isa = PBXFileReference; lastKnownFileType = sourcecode.swift; path = TableListAdapter.swift; sourceTree = "<group>"; };
		F35BBA06239FD1600024EA7D /* TableListAdapter+UIKit.swift */ = {isa = PBXFileReference; lastKnownFileType = sourcecode.swift; path = "TableListAdapter+UIKit.swift"; sourceTree = "<group>"; };
		F36D2A1523A105B100091464 /* UpdatableDataSource+Coordinator.swift */ = {isa = PBXFileReference; lastKnownFileType = sourcecode.swift; path = "UpdatableDataSource+Coordinator.swift"; sourceTree = "<group>"; };
		F37A1229239FC0720001E9EE /* SrcollListAdapter+UIKit.swift */ = {isa = PBXFileReference; lastKnownFileType = sourcecode.swift; path = "SrcollListAdapter+UIKit.swift"; sourceTree = "<group>"; };
		F37A122D239FC0CB0001E9EE /* CollectionListAdapter+UIKit.swift */ = {isa = PBXFileReference; lastKnownFileType = sourcecode.swift; path = "CollectionListAdapter+UIKit.swift"; sourceTree = "<group>"; };
		F37BF3C9239686470095C419 /* ItemCoordinator.swift */ = {isa = PBXFileReference; lastKnownFileType = sourcecode.swift; path = ItemCoordinator.swift; sourceTree = "<group>"; };
		F37BF3CB23968B7E0095C419 /* SectionsCoordinator.swift */ = {isa = PBXFileReference; lastKnownFileType = sourcecode.swift; path = SectionsCoordinator.swift; sourceTree = "<group>"; };
		F37BF3CD23969DFD0095C419 /* NSCoordinator.swift */ = {isa = PBXFileReference; lastKnownFileType = sourcecode.swift; path = NSCoordinator.swift; sourceTree = "<group>"; };
		F37DD4E223A190AE00689CAD /* TableListAdapter+Source.swift */ = {isa = PBXFileReference; lastKnownFileType = sourcecode.swift; path = "TableListAdapter+Source.swift"; sourceTree = "<group>"; };
		F383064023506BAC00AE8B97 /* CollectionDifference.swift */ = {isa = PBXFileReference; fileEncoding = 4; lastKnownFileType = sourcecode.swift; path = CollectionDifference.swift; sourceTree = "<group>"; };
		F383064123506BAC00AE8B97 /* Differing.swift */ = {isa = PBXFileReference; fileEncoding = 4; lastKnownFileType = sourcecode.swift; path = Differing.swift; sourceTree = "<group>"; };
		F383064223506BAC00AE8B97 /* Identifiable.swift */ = {isa = PBXFileReference; fileEncoding = 4; lastKnownFileType = sourcecode.swift; path = Identifiable.swift; sourceTree = "<group>"; };
		F3841D5C2355E0DA006386E3 /* Collection+Extension.swift */ = {isa = PBXFileReference; lastKnownFileType = sourcecode.swift; path = "Collection+Extension.swift"; sourceTree = "<group>"; };
		F39A23F123A16B660024F9AF /* AnyTableSourcesBuilder.swift */ = {isa = PBXFileReference; fileEncoding = 4; lastKnownFileType = sourcecode.swift; path = AnyTableSourcesBuilder.swift; sourceTree = "<group>"; };
		F39A23F523A16D1F0024F9AF /* CoreData+Extension.swift */ = {isa = PBXFileReference; lastKnownFileType = sourcecode.swift; path = "CoreData+Extension.swift"; sourceTree = "<group>"; };
		F39A23F823A17FE50024F9AF /* Sources+Coordinator.swift */ = {isa = PBXFileReference; lastKnownFileType = sourcecode.swift; path = "Sources+Coordinator.swift"; sourceTree = "<group>"; };
		F39A23FA23A180350024F9AF /* Sources+Collection.swift */ = {isa = PBXFileReference; lastKnownFileType = sourcecode.swift; path = "Sources+Collection.swift"; sourceTree = "<group>"; };
		F3A4933123A6472000809E7F /* ListDelegates.swift */ = {isa = PBXFileReference; lastKnownFileType = sourcecode.swift; path = ListDelegates.swift; sourceTree = "<group>"; };
		F3A4933723A6A95700809E7F /* ListAdapter.swift */ = {isa = PBXFileReference; lastKnownFileType = sourcecode.swift; path = ListAdapter.swift; sourceTree = "<group>"; };
		F3A4933923A6D3B400809E7F /* ScollContext.swift */ = {isa = PBXFileReference; lastKnownFileType = sourcecode.swift; path = ScollContext.swift; sourceTree = "<group>"; };
		F3A4939923A79EBF00809E7F /* SourceType.swift */ = {isa = PBXFileReference; lastKnownFileType = sourcecode.swift; path = SourceType.swift; sourceTree = "<group>"; };
		F3A493F923A8CAB300809E7F /* WrapperDelegates.swift */ = {isa = PBXFileReference; lastKnownFileType = sourcecode.swift; path = WrapperDelegates.swift; sourceTree = "<group>"; };
		F3A493FB23A8CACE00809E7F /* SourceDelegates.swift */ = {isa = PBXFileReference; lastKnownFileType = sourcecode.swift; path = SourceDelegates.swift; sourceTree = "<group>"; };
		F3A493FD23A8CAE600809E7F /* SourcesDelegates.swift */ = {isa = PBXFileReference; lastKnownFileType = sourcecode.swift; path = SourcesDelegates.swift; sourceTree = "<group>"; };
		F3A493FF23A8CDC600809E7F /* SourceStoredListCoordinator.swift */ = {isa = PBXFileReference; lastKnownFileType = sourcecode.swift; path = SourceStoredListCoordinator.swift; sourceTree = "<group>"; };
		F3A4940123A8CDEA00809E7F /* WrapperCoordinator.swift */ = {isa = PBXFileReference; lastKnownFileType = sourcecode.swift; path = WrapperCoordinator.swift; sourceTree = "<group>"; };
		F3A4940323A8CE2000809E7F /* ItemTypedWrapperCoordinator.swift */ = {isa = PBXFileReference; lastKnownFileType = sourcecode.swift; path = ItemTypedWrapperCoordinator.swift; sourceTree = "<group>"; };
		F3A4940523A8D12400809E7F /* AdapterCoordinator.swift */ = {isa = PBXFileReference; lastKnownFileType = sourcecode.swift; path = AdapterCoordinator.swift; sourceTree = "<group>"; };
		F3AD00DC238BC2AF000AF1B3 /* Differ.swift */ = {isa = PBXFileReference; lastKnownFileType = sourcecode.swift; path = Differ.swift; sourceTree = "<group>"; };
		F3AD0139238BE6FE000AF1B3 /* ItemsCoordinator.swift */ = {isa = PBXFileReference; lastKnownFileType = sourcecode.swift; path = ItemsCoordinator.swift; sourceTree = "<group>"; };
		F3AD067F238FF3DA000AF1B3 /* SourcesCoordinator.swift */ = {isa = PBXFileReference; lastKnownFileType = sourcecode.swift; path = SourcesCoordinator.swift; sourceTree = "<group>"; };
		F3C9537D23A0F1440015049A /* AnySourcesBuilder.swift */ = {isa = PBXFileReference; lastKnownFileType = sourcecode.swift; path = AnySourcesBuilder.swift; sourceTree = "<group>"; };
		F3C9537F23A0F7A10015049A /* AnySources.swift */ = {isa = PBXFileReference; lastKnownFileType = sourcecode.swift; path = AnySources.swift; sourceTree = "<group>"; };
		F3D785C52398F58000D7A5CD /* DataSource+Coordinator.swift */ = {isa = PBXFileReference; lastKnownFileType = sourcecode.swift; path = "DataSource+Coordinator.swift"; sourceTree = "<group>"; };
		F3D785C72398FC5B00D7A5CD /* UpdatableDataSource.swift */ = {isa = PBXFileReference; lastKnownFileType = sourcecode.swift; path = UpdatableDataSource.swift; sourceTree = "<group>"; };
		F3D785C92398FCA200D7A5CD /* NSDataSource.swift */ = {isa = PBXFileReference; lastKnownFileType = sourcecode.swift; path = NSDataSource.swift; sourceTree = "<group>"; };
		F3D7862D23991E5100D7A5CD /* ScrollListAdapter.swift */ = {isa = PBXFileReference; lastKnownFileType = sourcecode.swift; path = ScrollListAdapter.swift; sourceTree = "<group>"; };
		F3D786962399263B00D7A5CD /* CollectionContext.swift */ = {isa = PBXFileReference; lastKnownFileType = sourcecode.swift; path = CollectionContext.swift; sourceTree = "<group>"; };
		F3D786FB2399318B00D7A5CD /* Associator.swift */ = {isa = PBXFileReference; fileEncoding = 4; lastKnownFileType = sourcecode.swift; path = Associator.swift; sourceTree = "<group>"; };
		F3D786FD239931CE00D7A5CD /* UIListView.swift */ = {isa = PBXFileReference; lastKnownFileType = sourcecode.swift; path = UIListView.swift; sourceTree = "<group>"; };
		F3D786FF2399327200D7A5CD /* ListView+UITableView.swift */ = {isa = PBXFileReference; fileEncoding = 4; lastKnownFileType = sourcecode.swift; path = "ListView+UITableView.swift"; sourceTree = "<group>"; };
		F3D787002399327200D7A5CD /* ListViewStorage.swift */ = {isa = PBXFileReference; fileEncoding = 4; lastKnownFileType = sourcecode.swift; path = ListViewStorage.swift; sourceTree = "<group>"; };
		F3D787012399327200D7A5CD /* ListView+UIcollectionView.swift */ = {isa = PBXFileReference; fileEncoding = 4; lastKnownFileType = sourcecode.swift; path = "ListView+UIcollectionView.swift"; sourceTree = "<group>"; };
		F3D7870523993C2200D7A5CD /* Context.swift */ = {isa = PBXFileReference; lastKnownFileType = sourcecode.swift; path = Context.swift; sourceTree = "<group>"; };
		F3D787072399F4C500D7A5CD /* AnySourcesCoordinator.swift */ = {isa = PBXFileReference; lastKnownFileType = sourcecode.swift; path = AnySourcesCoordinator.swift; sourceTree = "<group>"; };
		F3EB15D723A2CF0000C9AC5E /* CollectionList+Source.swift */ = {isa = PBXFileReference; lastKnownFileType = sourcecode.swift; path = "CollectionList+Source.swift"; sourceTree = "<group>"; };
		F3EB15D923A2CF8D00C9AC5E /* Optional+Extension.swift */ = {isa = PBXFileReference; lastKnownFileType = sourcecode.swift; path = "Optional+Extension.swift"; sourceTree = "<group>"; };
		F3EB15DB23A2ED1900C9AC5E /* ListAdapters+ListAdapters.swift */ = {isa = PBXFileReference; lastKnownFileType = sourcecode.swift; path = "ListAdapters+ListAdapters.swift"; sourceTree = "<group>"; };
		F3F7795D237DB806008C6B21 /* Change.swift */ = {isa = PBXFileReference; lastKnownFileType = sourcecode.swift; path = Change.swift; sourceTree = "<group>"; };
		"ListKit::ListKit::Product" /* ListKit.framework */ = {isa = PBXFileReference; lastKnownFileType = wrapper.framework; path = ListKit.framework; sourceTree = BUILT_PRODUCTS_DIR; };
		OBJ_12 /* README.md */ = {isa = PBXFileReference; lastKnownFileType = net.daringfireball.markdown; path = README.md; sourceTree = "<group>"; };
		OBJ_6 /* Package.swift */ = {isa = PBXFileReference; explicitFileType = sourcecode.swift; path = Package.swift; sourceTree = "<group>"; };
		OBJ_8 /* ListKit.swift */ = {isa = PBXFileReference; lastKnownFileType = sourcecode.swift; path = ListKit.swift; sourceTree = "<group>"; };
/* End PBXFileReference section */

/* Begin PBXFrameworksBuildPhase section */
		OBJ_19 /* Frameworks */ = {
			isa = PBXFrameworksBuildPhase;
			buildActionMask = 0;
			files = (
			);
			runOnlyForDeploymentPostprocessing = 0;
		};
/* End PBXFrameworksBuildPhase section */

/* Begin PBXGroup section */
		F3040D242389046D0055E6E7 /* ListAdapter */ = {
			isa = PBXGroup;
			children = (
				F37DD4E123A1908F00689CAD /* ListAdapter+Source */,
				F32959E223A11ACF001D6063 /* ListAdapter+FunctionBuilder */,
				F37A1228239FC0590001E9EE /* ListAdapter+UIKit */,
				F3D7862D23991E5100D7A5CD /* ScrollListAdapter.swift */,
				F3040D26238904860055E6E7 /* CollectionListAdapter.swift */,
				F35BBA04239FD0EA0024EA7D /* TableListAdapter.swift */,
				F3A4933723A6A95700809E7F /* ListAdapter.swift */,
			);
			path = ListAdapter;
			sourceTree = "<group>";
		};
		F310D24E2351E1CC00ED691C /* Coordinator */ = {
			isa = PBXGroup;
			children = (
				F310D24F2351E1DF00ED691C /* BaseCoordinator.swift */,
				F31250EA239C5E0E00E77969 /* ItemTypedCoorinator.swift */,
				F3040D80238B21560055E6E7 /* ListCoordinator.swift */,
				F3A493FF23A8CDC600809E7F /* SourceStoredListCoordinator.swift */,
				F3A4940123A8CDEA00809E7F /* WrapperCoordinator.swift */,
				F3A4940323A8CE2000809E7F /* ItemTypedWrapperCoordinator.swift */,
				F37BF3C9239686470095C419 /* ItemCoordinator.swift */,
				F3AD0139238BE6FE000AF1B3 /* ItemsCoordinator.swift */,
				F37BF3CB23968B7E0095C419 /* SectionsCoordinator.swift */,
				F30433E8239FDF09007BACA9 /* SourceCoordinator.swift */,
				F3AD067F238FF3DA000AF1B3 /* SourcesCoordinator.swift */,
				F37BF3CD23969DFD0095C419 /* NSCoordinator.swift */,
				F3D787072399F4C500D7A5CD /* AnySourcesCoordinator.swift */,
				F3A4940523A8D12400809E7F /* AdapterCoordinator.swift */,
			);
			path = Coordinator;
			sourceTree = "<group>";
		};
		F31250EC239C5E9000E77969 /* Delegates+UIKit */ = {
			isa = PBXGroup;
			children = (
				F31250EF239C636100E77969 /* Delegates+UIScrollView.swift */,
				F31250ED239C5EB200E77969 /* Delegates+UICollectionView.swift */,
				F312515B239E352100E77969 /* Delegates+UITableView.swift */,
			);
			path = "Delegates+UIKit";
			sourceTree = "<group>";
		};
		F314E8E923A621D3003C203B /* Delegate */ = {
			isa = PBXGroup;
			children = (
				F31250EC239C5E9000E77969 /* Delegates+UIKit */,
				F314E8EA23A62200003C203B /* SelestorSets.swift */,
				F31250F3239DB57100E77969 /* Delegate.swift */,
				F314E8E723A62147003C203B /* Delegates.swift */,
				F3A4933123A6472000809E7F /* ListDelegates.swift */,
				F3A493F923A8CAB300809E7F /* WrapperDelegates.swift */,
				F3A493FB23A8CACE00809E7F /* SourceDelegates.swift */,
				F3A493FD23A8CAE600809E7F /* SourcesDelegates.swift */,
			);
			path = Delegate;
			sourceTree = "<group>";
		};
		F32959E223A11ACF001D6063 /* ListAdapter+FunctionBuilder */ = {
			isa = PBXGroup;
			children = (
				F32959E523A11CF5001D6063 /* AnyCollectionSourcesBuilder.swift */,
				F39A23F123A16B660024F9AF /* AnyTableSourcesBuilder.swift */,
			);
			path = "ListAdapter+FunctionBuilder";
			sourceTree = "<group>";
		};
		F33FBC38234F26B60054BA38 /* Tests */ = {
			isa = PBXGroup;
			children = (
				F33FBC39234F26B60054BA38 /* ListKitTests */,
			);
			path = Tests;
			sourceTree = "<group>";
		};
		F33FBC39234F26B60054BA38 /* ListKitTests */ = {
			isa = PBXGroup;
			children = (
				F33FBC3A234F26B60054BA38 /* ListKitTests.swift */,
			);
			path = ListKitTests;
			sourceTree = "<group>";
		};
		F33FBC3B234F29E30054BA38 /* DataSource */ = {
			isa = PBXGroup;
			children = (
				F36D2A1723A105B900091464 /* DataSource+Coordinator */,
				F33FBC3C234F33A70054BA38 /* DataSource.swift */,
				F3D785C72398FC5B00D7A5CD /* UpdatableDataSource.swift */,
				F3D785C92398FCA200D7A5CD /* NSDataSource.swift */,
			);
			path = DataSource;
			sourceTree = "<group>";
		};
		F33FBC3F234F36D90054BA38 /* Source */ = {
			isa = PBXGroup;
			children = (
				F39A23F723A17FC40024F9AF /* Sources+Extensions */,
				F33FBC42234F3A600054BA38 /* Sources.swift */,
				F3C9537F23A0F7A10015049A /* AnySources.swift */,
				F3C9537D23A0F1440015049A /* AnySourcesBuilder.swift */,
			);
			path = Source;
			sourceTree = "<group>";
		};
		F36D2A1723A105B900091464 /* DataSource+Coordinator */ = {
			isa = PBXGroup;
			children = (
				F3D785C52398F58000D7A5CD /* DataSource+Coordinator.swift */,
				F36D2A1523A105B100091464 /* UpdatableDataSource+Coordinator.swift */,
			);
			path = "DataSource+Coordinator";
			sourceTree = "<group>";
		};
		F37A1228239FC0590001E9EE /* ListAdapter+UIKit */ = {
			isa = PBXGroup;
			children = (
				F37A1229239FC0720001E9EE /* SrcollListAdapter+UIKit.swift */,
				F37A122D239FC0CB0001E9EE /* CollectionListAdapter+UIKit.swift */,
				F35BBA06239FD1600024EA7D /* TableListAdapter+UIKit.swift */,
			);
			path = "ListAdapter+UIKit";
			sourceTree = "<group>";
		};
		F37A122F239FC3030001E9EE /* ListView+UIKit */ = {
			isa = PBXGroup;
			children = (
				F3D786FD239931CE00D7A5CD /* UIListView.swift */,
				F3D787012399327200D7A5CD /* ListView+UIcollectionView.swift */,
				F3D786FF2399327200D7A5CD /* ListView+UITableView.swift */,
				F329598223A10B7D001D6063 /* ListViewStorage+UIKit.swift */,
			);
			path = "ListView+UIKit";
			sourceTree = "<group>";
		};
		F37A1230239FC30D0001E9EE /* ListView+AppKit */ = {
			isa = PBXGroup;
			children = (
				F304A6E4239E962300133D14 /* NSListView.swift */,
				F304A6E0239E95DB00133D14 /* ListView+NSCollectionView.swift */,
				F304A6E2239E95ED00133D14 /* ListView+NSTableView.swift */,
			);
			path = "ListView+AppKit";
			sourceTree = "<group>";
		};
		F37DD4E123A1908F00689CAD /* ListAdapter+Source */ = {
			isa = PBXGroup;
			children = (
				F3EB15D723A2CF0000C9AC5E /* CollectionList+Source.swift */,
				F37DD4E223A190AE00689CAD /* TableListAdapter+Source.swift */,
				F3EB15DB23A2ED1900C9AC5E /* ListAdapters+ListAdapters.swift */,
			);
			path = "ListAdapter+Source";
			sourceTree = "<group>";
		};
		F383063F23506BAC00AE8B97 /* Utility */ = {
			isa = PBXGroup;
			children = (
				F3D785C42398F54C00D7A5CD /* Diff */,
				F383064223506BAC00AE8B97 /* Identifiable.swift */,
				F33FBC44234F3AB00054BA38 /* Updater.swift */,
				F3AD00DC238BC2AF000AF1B3 /* Differ.swift */,
				F3F7795D237DB806008C6B21 /* Change.swift */,
				F3D786FB2399318B00D7A5CD /* Associator.swift */,
				F3A4939923A79EBF00809E7F /* SourceType.swift */,
			);
			path = Utility;
			sourceTree = "<group>";
		};
		F3841D5B2355E0C4006386E3 /* Extensions */ = {
			isa = PBXGroup;
			children = (
				F3841D5C2355E0DA006386E3 /* Collection+Extension.swift */,
				F39A23F523A16D1F0024F9AF /* CoreData+Extension.swift */,
				F3EB15D923A2CF8D00C9AC5E /* Optional+Extension.swift */,
			);
			path = Extensions;
			sourceTree = "<group>";
		};
		F39A23F723A17FC40024F9AF /* Sources+Extensions */ = {
			isa = PBXGroup;
			children = (
				F39A23F823A17FE50024F9AF /* Sources+Coordinator.swift */,
				F39A23FA23A180350024F9AF /* Sources+Collection.swift */,
			);
			path = "Sources+Extensions";
			sourceTree = "<group>";
		};
		F3D785C42398F54C00D7A5CD /* Diff */ = {
			isa = PBXGroup;
			children = (
				F383064023506BAC00AE8B97 /* CollectionDifference.swift */,
				F383064123506BAC00AE8B97 /* Differing.swift */,
			);
			path = Diff;
			sourceTree = "<group>";
		};
		F3D786952399262A00D7A5CD /* Context */ = {
			isa = PBXGroup;
			children = (
				F3D7870523993C2200D7A5CD /* Context.swift */,
				F3D786962399263B00D7A5CD /* CollectionContext.swift */,
				F35BBA02239FD05C0024EA7D /* TableContext.swift */,
				F3A4933923A6D3B400809E7F /* ScollContext.swift */,
				F304A6DE239E94CC00133D14 /* Context+UIKit.swift */,
			);
			path = Context;
			sourceTree = "<group>";
		};
		F3D786FA2399313300D7A5CD /* ListView */ = {
			isa = PBXGroup;
			children = (
				F37A1230239FC30D0001E9EE /* ListView+AppKit */,
				F37A122F239FC3030001E9EE /* ListView+UIKit */,
				F31250E8239C545200E77969 /* ListView.swift */,
				F3D787002399327200D7A5CD /* ListViewStorage.swift */,
			);
			path = ListView;
			sourceTree = "<group>";
		};
		OBJ_10 /* Products */ = {
			isa = PBXGroup;
			children = (
				"ListKit::ListKit::Product" /* ListKit.framework */,
			);
			name = Products;
			sourceTree = BUILT_PRODUCTS_DIR;
		};
		OBJ_5 = {
			isa = PBXGroup;
			children = (
				OBJ_12 /* README.md */,
				OBJ_6 /* Package.swift */,
				OBJ_7 /* Sources */,
				F33FBC38234F26B60054BA38 /* Tests */,
				OBJ_10 /* Products */,
			);
			sourceTree = "<group>";
		};
		OBJ_7 /* Sources */ = {
			isa = PBXGroup;
			children = (
				F33FBC3B234F29E30054BA38 /* DataSource */,
				F310D24E2351E1CC00ED691C /* Coordinator */,
				F314E8E923A621D3003C203B /* Delegate */,
				F3D786952399262A00D7A5CD /* Context */,
				F33FBC3F234F36D90054BA38 /* Source */,
				F3040D242389046D0055E6E7 /* ListAdapter */,
				F3D786FA2399313300D7A5CD /* ListView */,
				F383063F23506BAC00AE8B97 /* Utility */,
				F3841D5B2355E0C4006386E3 /* Extensions */,
				OBJ_8 /* ListKit.swift */,
			);
			path = Sources;
			sourceTree = SOURCE_ROOT;
		};
/* End PBXGroup section */

/* Begin PBXNativeTarget section */
		"ListKit::ListKit" /* ListKit */ = {
			isa = PBXNativeTarget;
			buildConfigurationList = OBJ_14 /* Build configuration list for PBXNativeTarget "ListKit" */;
			buildPhases = (
				OBJ_17 /* Sources */,
				OBJ_19 /* Frameworks */,
			);
			buildRules = (
			);
			dependencies = (
			);
			name = ListKit;
			productName = ListKit;
			productReference = "ListKit::ListKit::Product" /* ListKit.framework */;
			productType = "com.apple.product-type.framework";
		};
		"ListKit::SwiftPMPackageDescription" /* ListKitPackageDescription */ = {
			isa = PBXNativeTarget;
			buildConfigurationList = OBJ_21 /* Build configuration list for PBXNativeTarget "ListKitPackageDescription" */;
			buildPhases = (
				OBJ_24 /* Sources */,
			);
			buildRules = (
			);
			dependencies = (
			);
			name = ListKitPackageDescription;
			productName = ListKitPackageDescription;
			productType = "com.apple.product-type.framework";
		};
/* End PBXNativeTarget section */

/* Begin PBXProject section */
		OBJ_1 /* Project object */ = {
			isa = PBXProject;
			attributes = {
				LastSwiftMigration = 9999;
				LastUpgradeCheck = 9999;
			};
			buildConfigurationList = OBJ_2 /* Build configuration list for PBXProject "ListKit" */;
			compatibilityVersion = "Xcode 3.2";
			developmentRegion = en;
			hasScannedForEncodings = 0;
			knownRegions = (
				en,
			);
			mainGroup = OBJ_5;
			productRefGroup = OBJ_10 /* Products */;
			projectDirPath = "";
			projectRoot = "";
			targets = (
				"ListKit::ListKit" /* ListKit */,
				"ListKit::SwiftPMPackageDescription" /* ListKitPackageDescription */,
			);
		};
/* End PBXProject section */

/* Begin PBXSourcesBuildPhase section */
		OBJ_17 /* Sources */ = {
			isa = PBXSourcesBuildPhase;
			buildActionMask = 0;
			files = (
				F31250F0239C636100E77969 /* Delegates+UIScrollView.swift in Sources */,
				F304A6E1239E95DC00133D14 /* ListView+NSCollectionView.swift in Sources */,
				F314E8E823A62147003C203B /* Delegates.swift in Sources */,
				F3C9538023A0F7A10015049A /* AnySources.swift in Sources */,
				F3841D5D2355E0DA006386E3 /* Collection+Extension.swift in Sources */,
				F3D785C82398FC5B00D7A5CD /* UpdatableDataSource.swift in Sources */,
				F31250F4239DB57100E77969 /* Delegate.swift in Sources */,
				F35BBA05239FD0EA0024EA7D /* TableListAdapter.swift in Sources */,
				F3A4940623A8D12400809E7F /* AdapterCoordinator.swift in Sources */,
				F3AD013A238BE6FE000AF1B3 /* ItemsCoordinator.swift in Sources */,
				F3A4933823A6A95700809E7F /* ListAdapter.swift in Sources */,
				F37DD4E323A190AE00689CAD /* TableListAdapter+Source.swift in Sources */,
				F3EB15DC23A2ED1900C9AC5E /* ListAdapters+ListAdapters.swift in Sources */,
				F35BBA03239FD05C0024EA7D /* TableContext.swift in Sources */,
				F3EB15DA23A2CF8D00C9AC5E /* Optional+Extension.swift in Sources */,
				F304A6E3239E95ED00133D14 /* ListView+NSTableView.swift in Sources */,
				F3D786972399263B00D7A5CD /* CollectionContext.swift in Sources */,
				F3A493FC23A8CACE00809E7F /* SourceDelegates.swift in Sources */,
				F3D787022399327200D7A5CD /* ListView+UITableView.swift in Sources */,
				F39A23F623A16D1F0024F9AF /* CoreData+Extension.swift in Sources */,
				F329598323A10B7D001D6063 /* ListViewStorage+UIKit.swift in Sources */,
				F3A4939A23A79EBF00809E7F /* SourceType.swift in Sources */,
				F383064323506BAC00AE8B97 /* CollectionDifference.swift in Sources */,
				F3D787082399F4C500D7A5CD /* AnySourcesCoordinator.swift in Sources */,
				F31250EB239C5E0E00E77969 /* ItemTypedCoorinator.swift in Sources */,
				F3D7870623993C2200D7A5CD /* Context.swift in Sources */,
				F3A4940023A8CDC600809E7F /* SourceStoredListCoordinator.swift in Sources */,
				F31250E9239C545200E77969 /* ListView.swift in Sources */,
				F3040D27238904860055E6E7 /* CollectionListAdapter.swift in Sources */,
				F31250EE239C5EB200E77969 /* Delegates+UICollectionView.swift in Sources */,
				F39A23FB23A180350024F9AF /* Sources+Collection.swift in Sources */,
				F312515C239E352100E77969 /* Delegates+UITableView.swift in Sources */,
				F3AD00DD238BC2AF000AF1B3 /* Differ.swift in Sources */,
				F33FBC43234F3A600054BA38 /* Sources.swift in Sources */,
				F33FBC3D234F33A70054BA38 /* DataSource.swift in Sources */,
				F3A493FA23A8CAB300809E7F /* WrapperDelegates.swift in Sources */,
				F304A6DF239E94CC00133D14 /* Context+UIKit.swift in Sources */,
				F37BF3CE23969DFD0095C419 /* NSCoordinator.swift in Sources */,
				F3F7795E237DB806008C6B21 /* Change.swift in Sources */,
				F3A4933A23A6D3B400809E7F /* ScollContext.swift in Sources */,
				F37BF3CC23968B7E0095C419 /* SectionsCoordinator.swift in Sources */,
				F383064423506BAC00AE8B97 /* Differing.swift in Sources */,
				F36D2A1623A105B100091464 /* UpdatableDataSource+Coordinator.swift in Sources */,
				F3AD0680238FF3DA000AF1B3 /* SourcesCoordinator.swift in Sources */,
				F37BF3CA239686470095C419 /* ItemCoordinator.swift in Sources */,
				F3D787032399327200D7A5CD /* ListViewStorage.swift in Sources */,
				F314E8EB23A62200003C203B /* SelestorSets.swift in Sources */,
				F383064523506BAC00AE8B97 /* Identifiable.swift in Sources */,
				F32959E623A11CF5001D6063 /* AnyCollectionSourcesBuilder.swift in Sources */,
				F3D786FE239931CE00D7A5CD /* UIListView.swift in Sources */,
				F3A4933223A6472000809E7F /* ListDelegates.swift in Sources */,
				F37A122E239FC0CB0001E9EE /* CollectionListAdapter+UIKit.swift in Sources */,
				F30433E9239FDF09007BACA9 /* SourceCoordinator.swift in Sources */,
				F35BBA07239FD1600024EA7D /* TableListAdapter+UIKit.swift in Sources */,
				F3C9537E23A0F1440015049A /* AnySourcesBuilder.swift in Sources */,
				F39A23F323A16B660024F9AF /* AnyTableSourcesBuilder.swift in Sources */,
				OBJ_18 /* ListKit.swift in Sources */,
				F3D7862E23991E5100D7A5CD /* ScrollListAdapter.swift in Sources */,
				F3040D81238B21560055E6E7 /* ListCoordinator.swift in Sources */,
				F3A4940223A8CDEA00809E7F /* WrapperCoordinator.swift in Sources */,
				F39A23F923A17FE60024F9AF /* Sources+Coordinator.swift in Sources */,
				F3D787042399327200D7A5CD /* ListView+UIcollectionView.swift in Sources */,
				F3A493FE23A8CAE600809E7F /* SourcesDelegates.swift in Sources */,
				F3D786FC2399318B00D7A5CD /* Associator.swift in Sources */,
				F3A4940423A8CE2000809E7F /* ItemTypedWrapperCoordinator.swift in Sources */,
				F37A122A239FC0720001E9EE /* SrcollListAdapter+UIKit.swift in Sources */,
				F3EB15D823A2CF0000C9AC5E /* CollectionList+Source.swift in Sources */,
				F3D785C62398F58000D7A5CD /* DataSource+Coordinator.swift in Sources */,
				F33FBC45234F3AB00054BA38 /* Updater.swift in Sources */,
				F310D2502351E1DF00ED691C /* BaseCoordinator.swift in Sources */,
				F3D785CA2398FCA200D7A5CD /* NSDataSource.swift in Sources */,
				F304A6E5239E962300133D14 /* NSListView.swift in Sources */,
			);
			runOnlyForDeploymentPostprocessing = 0;
		};
		OBJ_24 /* Sources */ = {
			isa = PBXSourcesBuildPhase;
			buildActionMask = 0;
			files = (
				OBJ_25 /* Package.swift in Sources */,
			);
			runOnlyForDeploymentPostprocessing = 0;
		};
/* End PBXSourcesBuildPhase section */

/* Begin XCBuildConfiguration section */
		OBJ_15 /* Debug */ = {
			isa = XCBuildConfiguration;
			buildSettings = {
				ENABLE_TESTABILITY = YES;
				FRAMEWORK_SEARCH_PATHS = (
					"$(inherited)",
					"$(PLATFORM_DIR)/Developer/Library/Frameworks",
				);
				HEADER_SEARCH_PATHS = "$(inherited)";
				INFOPLIST_FILE = ListKit.xcodeproj/ListKit_Info.plist;
				IPHONEOS_DEPLOYMENT_TARGET = 9.0;
				LD_RUNPATH_SEARCH_PATHS = "$(inherited) $(TOOLCHAIN_DIR)/usr/lib/swift/macosx";
				MACOSX_DEPLOYMENT_TARGET = 10.15;
				OTHER_CFLAGS = "$(inherited)";
				OTHER_LDFLAGS = "$(inherited)";
				OTHER_SWIFT_FLAGS = "$(inherited)";
				PRODUCT_BUNDLE_IDENTIFIER = ListKit;
				PRODUCT_MODULE_NAME = "$(TARGET_NAME:c99extidentifier)";
				PRODUCT_NAME = "$(TARGET_NAME:c99extidentifier)";
				SKIP_INSTALL = YES;
				SWIFT_ACTIVE_COMPILATION_CONDITIONS = "$(inherited)";
				SWIFT_VERSION = 5.0;
				TARGET_NAME = ListKit;
			};
			name = Debug;
		};
		OBJ_16 /* Release */ = {
			isa = XCBuildConfiguration;
			buildSettings = {
				ENABLE_TESTABILITY = YES;
				FRAMEWORK_SEARCH_PATHS = (
					"$(inherited)",
					"$(PLATFORM_DIR)/Developer/Library/Frameworks",
				);
				HEADER_SEARCH_PATHS = "$(inherited)";
				INFOPLIST_FILE = ListKit.xcodeproj/ListKit_Info.plist;
				IPHONEOS_DEPLOYMENT_TARGET = 9.0;
				LD_RUNPATH_SEARCH_PATHS = "$(inherited) $(TOOLCHAIN_DIR)/usr/lib/swift/macosx";
				MACOSX_DEPLOYMENT_TARGET = 10.15;
				OTHER_CFLAGS = "$(inherited)";
				OTHER_LDFLAGS = "$(inherited)";
				OTHER_SWIFT_FLAGS = "$(inherited)";
				PRODUCT_BUNDLE_IDENTIFIER = ListKit;
				PRODUCT_MODULE_NAME = "$(TARGET_NAME:c99extidentifier)";
				PRODUCT_NAME = "$(TARGET_NAME:c99extidentifier)";
				SKIP_INSTALL = YES;
				SWIFT_ACTIVE_COMPILATION_CONDITIONS = "$(inherited)";
				SWIFT_VERSION = 5.0;
				TARGET_NAME = ListKit;
			};
			name = Release;
		};
		OBJ_22 /* Debug */ = {
			isa = XCBuildConfiguration;
			buildSettings = {
				LD = /usr/bin/true;
				OTHER_SWIFT_FLAGS = "-swift-version 5 -I $(TOOLCHAIN_DIR)/usr/lib/swift/pm/4_2 -target x86_64-apple-macosx10.10 -sdk /Applications/Xcode.app/Contents/Developer/Platforms/MacOSX.platform/Developer/SDKs/MacOSX10.15.sdk -package-description-version 5.1";
				SWIFT_VERSION = 5.0;
			};
			name = Debug;
		};
		OBJ_23 /* Release */ = {
			isa = XCBuildConfiguration;
			buildSettings = {
				LD = /usr/bin/true;
				OTHER_SWIFT_FLAGS = "-swift-version 5 -I $(TOOLCHAIN_DIR)/usr/lib/swift/pm/4_2 -target x86_64-apple-macosx10.10 -sdk /Applications/Xcode.app/Contents/Developer/Platforms/MacOSX.platform/Developer/SDKs/MacOSX10.15.sdk -package-description-version 5.1";
				SWIFT_VERSION = 5.0;
			};
			name = Release;
		};
		OBJ_3 /* Debug */ = {
			isa = XCBuildConfiguration;
			buildSettings = {
				CLANG_ENABLE_OBJC_ARC = YES;
				COMBINE_HIDPI_IMAGES = YES;
				COPY_PHASE_STRIP = NO;
				DEBUG_INFORMATION_FORMAT = dwarf;
				DYLIB_INSTALL_NAME_BASE = "@rpath";
				ENABLE_NS_ASSERTIONS = YES;
				GCC_OPTIMIZATION_LEVEL = 0;
				GCC_PREPROCESSOR_DEFINITIONS = (
					"$(inherited)",
					"SWIFT_PACKAGE=1",
					"DEBUG=1",
				);
				MACOSX_DEPLOYMENT_TARGET = 10.10;
				ONLY_ACTIVE_ARCH = YES;
				OTHER_SWIFT_FLAGS = "$(inherited) -DXcode";
				PRODUCT_NAME = "$(TARGET_NAME)";
				SDKROOT = macosx;
				SUPPORTED_PLATFORMS = "macosx iphoneos iphonesimulator";
				SWIFT_ACTIVE_COMPILATION_CONDITIONS = "$(inherited) SWIFT_PACKAGE DEBUG";
				SWIFT_OPTIMIZATION_LEVEL = "-Onone";
				USE_HEADERMAP = NO;
			};
			name = Debug;
		};
		OBJ_4 /* Release */ = {
			isa = XCBuildConfiguration;
			buildSettings = {
				CLANG_ENABLE_OBJC_ARC = YES;
				COMBINE_HIDPI_IMAGES = YES;
				COPY_PHASE_STRIP = YES;
				DEBUG_INFORMATION_FORMAT = "dwarf-with-dsym";
				DYLIB_INSTALL_NAME_BASE = "@rpath";
				GCC_OPTIMIZATION_LEVEL = s;
				GCC_PREPROCESSOR_DEFINITIONS = (
					"$(inherited)",
					"SWIFT_PACKAGE=1",
				);
				MACOSX_DEPLOYMENT_TARGET = 10.10;
				OTHER_SWIFT_FLAGS = "$(inherited) -DXcode";
				PRODUCT_NAME = "$(TARGET_NAME)";
				SDKROOT = macosx;
				SUPPORTED_PLATFORMS = "macosx iphoneos iphonesimulator";
				SWIFT_ACTIVE_COMPILATION_CONDITIONS = "$(inherited) SWIFT_PACKAGE";
				SWIFT_OPTIMIZATION_LEVEL = "-Owholemodule";
				USE_HEADERMAP = NO;
			};
			name = Release;
		};
/* End XCBuildConfiguration section */

/* Begin XCConfigurationList section */
		OBJ_14 /* Build configuration list for PBXNativeTarget "ListKit" */ = {
			isa = XCConfigurationList;
			buildConfigurations = (
				OBJ_15 /* Debug */,
				OBJ_16 /* Release */,
			);
			defaultConfigurationIsVisible = 0;
			defaultConfigurationName = Release;
		};
		OBJ_2 /* Build configuration list for PBXProject "ListKit" */ = {
			isa = XCConfigurationList;
			buildConfigurations = (
				OBJ_3 /* Debug */,
				OBJ_4 /* Release */,
			);
			defaultConfigurationIsVisible = 0;
			defaultConfigurationName = Release;
		};
		OBJ_21 /* Build configuration list for PBXNativeTarget "ListKitPackageDescription" */ = {
			isa = XCConfigurationList;
			buildConfigurations = (
				OBJ_22 /* Debug */,
				OBJ_23 /* Release */,
			);
			defaultConfigurationIsVisible = 0;
			defaultConfigurationName = Release;
		};
/* End XCConfigurationList section */
	};
	rootObject = OBJ_1 /* Project object */;
}
