// !$*UTF8*$!
{
	archiveVersion = 1;
	classes = {
	};
	objectVersion = 46;
	objects = {

/* Begin PBXBuildFile section */
		F302B14A2479E079000C7304 /* DataSourceOptions.swift in Sources */ = {isa = PBXBuildFile; fileRef = F302B1492479E079000C7304 /* DataSourceOptions.swift */; };
		F30352F62473E48E004042AA /* SectionsCoordinatorDifference.swift in Sources */ = {isa = PBXBuildFile; fileRef = F30352F52473E48E004042AA /* SectionsCoordinatorDifference.swift */; };
		F3040D27238904860055E6E7 /* CollectionListAdapter.swift in Sources */ = {isa = PBXBuildFile; fileRef = F3040D26238904860055E6E7 /* CollectionListAdapter.swift */; };
		F3040D81238B21560055E6E7 /* ListCoordinator.swift in Sources */ = {isa = PBXBuildFile; fileRef = F3040D80238B21560055E6E7 /* ListCoordinator.swift */; };
		F304A6DF239E94CC00133D14 /* Context+UIKit.swift in Sources */ = {isa = PBXBuildFile; fileRef = F304A6DE239E94CC00133D14 /* Context+UIKit.swift */; };
		F304A6E1239E95DC00133D14 /* ListView+NSCollectionView.swift in Sources */ = {isa = PBXBuildFile; fileRef = F304A6E0239E95DB00133D14 /* ListView+NSCollectionView.swift */; };
		F304A6E3239E95ED00133D14 /* ListView+NSTableView.swift in Sources */ = {isa = PBXBuildFile; fileRef = F304A6E2239E95ED00133D14 /* ListView+NSTableView.swift */; };
		F304A6E5239E962300133D14 /* NSListView.swift in Sources */ = {isa = PBXBuildFile; fileRef = F304A6E4239E962300133D14 /* NSListView.swift */; };
		F310D2502351E1DF00ED691C /* Coordinator.swift in Sources */ = {isa = PBXBuildFile; fileRef = F310D24F2351E1DF00ED691C /* Coordinator.swift */; };
		F31250E9239C545200E77969 /* ListView.swift in Sources */ = {isa = PBXBuildFile; fileRef = F31250E8239C545200E77969 /* ListView.swift */; };
		F31250EE239C5EB200E77969 /* ListDelegates+UICollectionView.swift in Sources */ = {isa = PBXBuildFile; fileRef = F31250ED239C5EB200E77969 /* ListDelegates+UICollectionView.swift */; };
		F31250F0239C636100E77969 /* ListDelegate+UIScrollView.swift in Sources */ = {isa = PBXBuildFile; fileRef = F31250EF239C636100E77969 /* ListDelegate+UIScrollView.swift */; };
		F31250F4239DB57100E77969 /* Delegate.swift in Sources */ = {isa = PBXBuildFile; fileRef = F31250F3239DB57100E77969 /* Delegate.swift */; };
		F312515C239E352100E77969 /* ListDelegate+UITableView.swift in Sources */ = {isa = PBXBuildFile; fileRef = F312515B239E352100E77969 /* ListDelegate+UITableView.swift */; };
		F314E8EB23A62200003C203B /* SelestorSets.swift in Sources */ = {isa = PBXBuildFile; fileRef = F314E8EA23A62200003C203B /* SelestorSets.swift */; };
		F314FAE223BC71EA0060985E /* ListDelegate.swift in Sources */ = {isa = PBXBuildFile; fileRef = F314FAE123BC71EA0060985E /* ListDelegate.swift */; };
		F314FAE623BDC66A0060985E /* AnyTableSourcesBuilder.swift in Sources */ = {isa = PBXBuildFile; fileRef = F39A23F123A16B660024F9AF /* AnyTableSourcesBuilder.swift */; };
		F314FAE723BDC66C0060985E /* AnyCollectionSourcesBuilder.swift in Sources */ = {isa = PBXBuildFile; fileRef = F32959E523A11CF5001D6063 /* AnyCollectionSourcesBuilder.swift */; };
		F31E7226246A7F5C00493C4D /* DoubleListViewController.swift in Sources */ = {isa = PBXBuildFile; fileRef = F31E7225246A7F5C00493C4D /* DoubleListViewController.swift */; };
		F31E7228246A7F7200493C4D /* SectionListViewControlle.swift in Sources */ = {isa = PBXBuildFile; fileRef = F31E7227246A7F7200493C4D /* SectionListViewControlle.swift */; };
		F32282A023AA0733001AEBFD /* ItemReplatedCache.swift in Sources */ = {isa = PBXBuildFile; fileRef = F322829F23AA0733001AEBFD /* ItemReplatedCache.swift */; };
		F3282FA1246EBB0700A84E44 /* SourcesCoordinatorDifference.swift in Sources */ = {isa = PBXBuildFile; fileRef = F3282FA0246EBB0700A84E44 /* SourcesCoordinatorDifference.swift */; };
		F329598323A10B7D001D6063 /* ListViewStorage+UIKit.swift in Sources */ = {isa = PBXBuildFile; fileRef = F329598223A10B7D001D6063 /* ListViewStorage+UIKit.swift */; };
		F3346823246D2627002BC8F5 /* CoordinatorDifference.swift in Sources */ = {isa = PBXBuildFile; fileRef = F3346822246D2627002BC8F5 /* CoordinatorDifference.swift */; };
		F33FBC3D234F33A70054BA38 /* DataSource.swift in Sources */ = {isa = PBXBuildFile; fileRef = F33FBC3C234F33A70054BA38 /* DataSource.swift */; };
		F33FBC43234F3A600054BA38 /* Sources.swift in Sources */ = {isa = PBXBuildFile; fileRef = F33FBC42234F3A600054BA38 /* Sources.swift */; };
		F35180BC23CC539400CB2F7A /* ListUpdate.swift in Sources */ = {isa = PBXBuildFile; fileRef = F35180BB23CC539400CB2F7A /* ListUpdate.swift */; };
		F35A7A3E246581F200A0A6A1 /* BatchUpdate.swift in Sources */ = {isa = PBXBuildFile; fileRef = F35A7A3D246581F200A0A6A1 /* BatchUpdate.swift */; };
		F35BBA03239FD05C0024EA7D /* TableContext.swift in Sources */ = {isa = PBXBuildFile; fileRef = F35BBA02239FD05C0024EA7D /* TableContext.swift */; };
		F35BBA05239FD0EA0024EA7D /* TableListAdapter.swift in Sources */ = {isa = PBXBuildFile; fileRef = F35BBA04239FD0EA0024EA7D /* TableListAdapter.swift */; };
		F35BBA07239FD1600024EA7D /* TableListAdapter+UIKit.swift in Sources */ = {isa = PBXBuildFile; fileRef = F35BBA06239FD1600024EA7D /* TableListAdapter+UIKit.swift */; };
		F365501A2451B4060038172F /* AppDelegate.swift in Sources */ = {isa = PBXBuildFile; fileRef = F36550192451B4060038172F /* AppDelegate.swift */; };
		F36550232451B4070038172F /* Assets.xcassets in Resources */ = {isa = PBXBuildFile; fileRef = F36550222451B4070038172F /* Assets.xcassets */; };
		F36550262451B4070038172F /* LaunchScreen.storyboard in Resources */ = {isa = PBXBuildFile; fileRef = F36550242451B4070038172F /* LaunchScreen.storyboard */; };
		F365502E2451B6710038172F /* Cell.swift in Sources */ = {isa = PBXBuildFile; fileRef = F365502D2451B6710038172F /* Cell.swift */; };
		F36550312451B6840038172F /* TestListViewController.swift in Sources */ = {isa = PBXBuildFile; fileRef = F365502F2451B6840038172F /* TestListViewController.swift */; };
		F36550322451B6840038172F /* NestedListViewController.swift in Sources */ = {isa = PBXBuildFile; fileRef = F36550302451B6840038172F /* NestedListViewController.swift */; };
		F36550342451B6910038172F /* ListKit.framework in Frameworks */ = {isa = PBXBuildFile; fileRef = "ListKit::ListKit::Product" /* ListKit.framework */; };
		F36550352451B6910038172F /* ListKit.framework in Embed Frameworks */ = {isa = PBXBuildFile; fileRef = "ListKit::ListKit::Product" /* ListKit.framework */; settings = {ATTRIBUTES = (CodeSignOnCopy, RemoveHeadersOnCopy, ); }; };
		F365503A2451B6B20038172F /* ExampleViewController.swift in Sources */ = {isa = PBXBuildFile; fileRef = F36550392451B6B20038172F /* ExampleViewController.swift */; };
		F365503E2451B78B0038172F /* Default-568h@2x.png in Resources */ = {isa = PBXBuildFile; fileRef = F365503D2451B78B0038172F /* Default-568h@2x.png */; };
		F36550402451BA2D0038172F /* ContentsViewController.swift in Sources */ = {isa = PBXBuildFile; fileRef = F365503F2451BA2D0038172F /* ContentsViewController.swift */; };
		F368F05C247E2DE900CE2B8B /* IdentifiableSectionListViewController.swift in Sources */ = {isa = PBXBuildFile; fileRef = F368F05B247E2DE900CE2B8B /* IdentifiableSectionListViewController.swift */; };
		F374B1422470379F0009420D /* ItemsCoordinatorDifference.swift in Sources */ = {isa = PBXBuildFile; fileRef = F374B1412470379F0009420D /* ItemsCoordinatorDifference.swift */; };
		F374B1442471A0FA0009420D /* Typealias.swift in Sources */ = {isa = PBXBuildFile; fileRef = F374B1432471A0FA0009420D /* Typealias.swift */; };
		F37A122A239FC0720001E9EE /* SrcollListAdapter+UIKit.swift in Sources */ = {isa = PBXBuildFile; fileRef = F37A1229239FC0720001E9EE /* SrcollListAdapter+UIKit.swift */; };
		F37A122E239FC0CB0001E9EE /* CollectionListAdapter+UIKit.swift in Sources */ = {isa = PBXBuildFile; fileRef = F37A122D239FC0CB0001E9EE /* CollectionListAdapter+UIKit.swift */; };
		F37BF3CA239686470095C419 /* ItemCoordinator.swift in Sources */ = {isa = PBXBuildFile; fileRef = F37BF3C9239686470095C419 /* ItemCoordinator.swift */; };
		F37BF3CC23968B7E0095C419 /* SectionsCoordinator.swift in Sources */ = {isa = PBXBuildFile; fileRef = F37BF3CB23968B7E0095C419 /* SectionsCoordinator.swift */; };
		F37BF3CE23969DFD0095C419 /* NSCoordinator.swift in Sources */ = {isa = PBXBuildFile; fileRef = F37BF3CD23969DFD0095C419 /* NSCoordinator.swift */; };
		F37DD4E323A190AE00689CAD /* TableListAdapter+Source.swift in Sources */ = {isa = PBXBuildFile; fileRef = F37DD4E223A190AE00689CAD /* TableListAdapter+Source.swift */; };
		F383064323506BAC00AE8B97 /* CollectionDifference.swift in Sources */ = {isa = PBXBuildFile; fileRef = F383064023506BAC00AE8B97 /* CollectionDifference.swift */; };
		F383064423506BAC00AE8B97 /* Differing.swift in Sources */ = {isa = PBXBuildFile; fileRef = F383064123506BAC00AE8B97 /* Differing.swift */; };
		F3841D5D2355E0DA006386E3 /* Collection+Extension.swift in Sources */ = {isa = PBXBuildFile; fileRef = F3841D5C2355E0DA006386E3 /* Collection+Extension.swift */; };
		F398E1BF24008714000A5637 /* DiffInitializable.swift in Sources */ = {isa = PBXBuildFile; fileRef = F398E1BE24008714000A5637 /* DiffInitializable.swift */; };
		F398E1C224008DA1000A5637 /* DataSource+DiffInitializable.swift in Sources */ = {isa = PBXBuildFile; fileRef = F398E1C124008DA1000A5637 /* DataSource+DiffInitializable.swift */; };
		F39A23F623A16D1F0024F9AF /* CoreData+Extension.swift in Sources */ = {isa = PBXBuildFile; fileRef = F39A23F523A16D1F0024F9AF /* CoreData+Extension.swift */; };
		F3A4933823A6A95700809E7F /* ListAdapter.swift in Sources */ = {isa = PBXBuildFile; fileRef = F3A4933723A6A95700809E7F /* ListAdapter.swift */; };
		F3A4933A23A6D3B400809E7F /* ScollContext.swift in Sources */ = {isa = PBXBuildFile; fileRef = F3A4933923A6D3B400809E7F /* ScollContext.swift */; };
		F3A4940223A8CDEA00809E7F /* WrapperCoordinator.swift in Sources */ = {isa = PBXBuildFile; fileRef = F3A4940123A8CDEA00809E7F /* WrapperCoordinator.swift */; };
		F3A4940823A8E5FC00809E7F /* DataSource+ItemCoordinator.swift in Sources */ = {isa = PBXBuildFile; fileRef = F3A4940723A8E5FC00809E7F /* DataSource+ItemCoordinator.swift */; };
		F3A4940A23A8E63300809E7F /* DataSource+ItemsCoordinator.swift in Sources */ = {isa = PBXBuildFile; fileRef = F3A4940923A8E63300809E7F /* DataSource+ItemsCoordinator.swift */; };
		F3A4940C23A8E65100809E7F /* DataSource+SectionsCoordinator.swift in Sources */ = {isa = PBXBuildFile; fileRef = F3A4940B23A8E65100809E7F /* DataSource+SectionsCoordinator.swift */; };
		F3A4940E23A8E67200809E7F /* DataSource+SourceCoordinator.swift in Sources */ = {isa = PBXBuildFile; fileRef = F3A4940D23A8E67200809E7F /* DataSource+SourceCoordinator.swift */; };
		F3A4941023A8E68900809E7F /* DataSource+SourcesCoordinator.swift in Sources */ = {isa = PBXBuildFile; fileRef = F3A4940F23A8E68900809E7F /* DataSource+SourcesCoordinator.swift */; };
		F3A4941223A8E69900809E7F /* DataSource+NSCoordinator.swift in Sources */ = {isa = PBXBuildFile; fileRef = F3A4941123A8E69900809E7F /* DataSource+NSCoordinator.swift */; };
		F3A4941423A906A900809E7F /* NestedAdapter.swift in Sources */ = {isa = PBXBuildFile; fileRef = F3A4941323A906A900809E7F /* NestedAdapter.swift */; };
		F3A4A2EC2463AD22007FAB3B /* IndexPath+extension.swift in Sources */ = {isa = PBXBuildFile; fileRef = F3A4A2EB2463AD22007FAB3B /* IndexPath+extension.swift */; };
		F3AC673823D057450070B991 /* Sources+Item.swift in Sources */ = {isa = PBXBuildFile; fileRef = F3AC673723D057450070B991 /* Sources+Item.swift */; };
		F3AC673A23D0574E0070B991 /* Sources+Items.swift in Sources */ = {isa = PBXBuildFile; fileRef = F3AC673923D0574E0070B991 /* Sources+Items.swift */; };
		F3AC673C23D057580070B991 /* Sources+Sections.swift in Sources */ = {isa = PBXBuildFile; fileRef = F3AC673B23D057580070B991 /* Sources+Sections.swift */; };
		F3AC673E23D057990070B991 /* Sources+Sources.swift in Sources */ = {isa = PBXBuildFile; fileRef = F3AC673D23D057990070B991 /* Sources+Sources.swift */; };
		F3AC674023D0591C0070B991 /* HashCombiner.swift in Sources */ = {isa = PBXBuildFile; fileRef = F3AC673F23D0591C0070B991 /* HashCombiner.swift */; };
		F3AC674223D066AC0070B991 /* Sources+Source.swift in Sources */ = {isa = PBXBuildFile; fileRef = F3AC674123D066AC0070B991 /* Sources+Source.swift */; };
		F3AD00DD238BC2AF000AF1B3 /* Differ.swift in Sources */ = {isa = PBXBuildFile; fileRef = F3AD00DC238BC2AF000AF1B3 /* Differ.swift */; };
		F3AD013A238BE6FE000AF1B3 /* ItemsCoordinator.swift in Sources */ = {isa = PBXBuildFile; fileRef = F3AD0139238BE6FE000AF1B3 /* ItemsCoordinator.swift */; };
		F3AD0680238FF3DA000AF1B3 /* SourcesCoordinator.swift in Sources */ = {isa = PBXBuildFile; fileRef = F3AD067F238FF3DA000AF1B3 /* SourcesCoordinator.swift */; };
		F3C9537E23A0F1440015049A /* AnySourcesBuilder.swift in Sources */ = {isa = PBXBuildFile; fileRef = F3C9537D23A0F1440015049A /* AnySourcesBuilder.swift */; };
		F3C9538023A0F7A10015049A /* AnySources.swift in Sources */ = {isa = PBXBuildFile; fileRef = F3C9537F23A0F7A10015049A /* AnySources.swift */; };
		F3D785C82398FC5B00D7A5CD /* UpdatableDataSource.swift in Sources */ = {isa = PBXBuildFile; fileRef = F3D785C72398FC5B00D7A5CD /* UpdatableDataSource.swift */; };
		F3D785CA2398FCA200D7A5CD /* NSDataSource.swift in Sources */ = {isa = PBXBuildFile; fileRef = F3D785C92398FCA200D7A5CD /* NSDataSource.swift */; };
		F3D7862E23991E5100D7A5CD /* ScrollListAdapter.swift in Sources */ = {isa = PBXBuildFile; fileRef = F3D7862D23991E5100D7A5CD /* ScrollListAdapter.swift */; };
		F3D786972399263B00D7A5CD /* CollectionContext.swift in Sources */ = {isa = PBXBuildFile; fileRef = F3D786962399263B00D7A5CD /* CollectionContext.swift */; };
		F3D786FC2399318B00D7A5CD /* Associator.swift in Sources */ = {isa = PBXBuildFile; fileRef = F3D786FB2399318B00D7A5CD /* Associator.swift */; };
		F3D786FE239931CE00D7A5CD /* UIListView.swift in Sources */ = {isa = PBXBuildFile; fileRef = F3D786FD239931CE00D7A5CD /* UIListView.swift */; };
		F3D787022399327200D7A5CD /* ListView+UITableView.swift in Sources */ = {isa = PBXBuildFile; fileRef = F3D786FF2399327200D7A5CD /* ListView+UITableView.swift */; };
		F3D787032399327200D7A5CD /* ListViewStorage.swift in Sources */ = {isa = PBXBuildFile; fileRef = F3D787002399327200D7A5CD /* ListViewStorage.swift */; };
		F3D787042399327200D7A5CD /* ListView+UIcollectionView.swift in Sources */ = {isa = PBXBuildFile; fileRef = F3D787012399327200D7A5CD /* ListView+UIcollectionView.swift */; };
		F3D7870623993C2200D7A5CD /* Context.swift in Sources */ = {isa = PBXBuildFile; fileRef = F3D7870523993C2200D7A5CD /* Context.swift */; };
		F3EB15D823A2CF0000C9AC5E /* CollectionList+Source.swift in Sources */ = {isa = PBXBuildFile; fileRef = F3EB15D723A2CF0000C9AC5E /* CollectionList+Source.swift */; };
		F3EB15DA23A2CF8D00C9AC5E /* Optional+Extension.swift in Sources */ = {isa = PBXBuildFile; fileRef = F3EB15D923A2CF8D00C9AC5E /* Optional+Extension.swift */; };
		F3EB15DC23A2ED1900C9AC5E /* ListAdapters+ListAdapters.swift in Sources */ = {isa = PBXBuildFile; fileRef = F3EB15DB23A2ED1900C9AC5E /* ListAdapters+ListAdapters.swift */; };
		F3EC388C24582C5A00DFE1B0 /* EmptyCoordinator.swift in Sources */ = {isa = PBXBuildFile; fileRef = F3EC388B24582C5A00DFE1B0 /* EmptyCoordinator.swift */; };
		OBJ_18 /* ListKit.swift in Sources */ = {isa = PBXBuildFile; fileRef = OBJ_8 /* ListKit.swift */; };
		OBJ_25 /* Package.swift in Sources */ = {isa = PBXBuildFile; fileRef = OBJ_6 /* Package.swift */; };
/* End PBXBuildFile section */

/* Begin PBXContainerItemProxy section */
		F36550362451B6910038172F /* PBXContainerItemProxy */ = {
			isa = PBXContainerItemProxy;
			containerPortal = OBJ_1 /* Project object */;
			proxyType = 1;
			remoteGlobalIDString = "ListKit::ListKit";
			remoteInfo = ListKit;
		};
/* End PBXContainerItemProxy section */

/* Begin PBXCopyFilesBuildPhase section */
		F36550382451B6910038172F /* Embed Frameworks */ = {
			isa = PBXCopyFilesBuildPhase;
			buildActionMask = 2147483647;
			dstPath = "";
			dstSubfolderSpec = 10;
			files = (
				F36550352451B6910038172F /* ListKit.framework in Embed Frameworks */,
			);
			name = "Embed Frameworks";
			runOnlyForDeploymentPostprocessing = 0;
		};
/* End PBXCopyFilesBuildPhase section */

/* Begin PBXFileReference section */
		F302B1492479E079000C7304 /* DataSourceOptions.swift */ = {isa = PBXFileReference; lastKnownFileType = sourcecode.swift; path = DataSourceOptions.swift; sourceTree = "<group>"; };
		F30352F52473E48E004042AA /* SectionsCoordinatorDifference.swift */ = {isa = PBXFileReference; lastKnownFileType = sourcecode.swift; path = SectionsCoordinatorDifference.swift; sourceTree = "<group>"; };
		F3040D26238904860055E6E7 /* CollectionListAdapter.swift */ = {isa = PBXFileReference; lastKnownFileType = sourcecode.swift; path = CollectionListAdapter.swift; sourceTree = "<group>"; };
		F3040D80238B21560055E6E7 /* ListCoordinator.swift */ = {isa = PBXFileReference; lastKnownFileType = sourcecode.swift; path = ListCoordinator.swift; sourceTree = "<group>"; };
		F304A6DE239E94CC00133D14 /* Context+UIKit.swift */ = {isa = PBXFileReference; lastKnownFileType = sourcecode.swift; path = "Context+UIKit.swift"; sourceTree = "<group>"; };
		F304A6E0239E95DB00133D14 /* ListView+NSCollectionView.swift */ = {isa = PBXFileReference; lastKnownFileType = sourcecode.swift; path = "ListView+NSCollectionView.swift"; sourceTree = "<group>"; };
		F304A6E2239E95ED00133D14 /* ListView+NSTableView.swift */ = {isa = PBXFileReference; lastKnownFileType = sourcecode.swift; path = "ListView+NSTableView.swift"; sourceTree = "<group>"; };
		F304A6E4239E962300133D14 /* NSListView.swift */ = {isa = PBXFileReference; lastKnownFileType = sourcecode.swift; path = NSListView.swift; sourceTree = "<group>"; };
		F310D24F2351E1DF00ED691C /* Coordinator.swift */ = {isa = PBXFileReference; lastKnownFileType = sourcecode.swift; path = Coordinator.swift; sourceTree = "<group>"; };
		F31250E8239C545200E77969 /* ListView.swift */ = {isa = PBXFileReference; lastKnownFileType = sourcecode.swift; path = ListView.swift; sourceTree = "<group>"; };
		F31250ED239C5EB200E77969 /* ListDelegates+UICollectionView.swift */ = {isa = PBXFileReference; lastKnownFileType = sourcecode.swift; path = "ListDelegates+UICollectionView.swift"; sourceTree = "<group>"; };
		F31250EF239C636100E77969 /* ListDelegate+UIScrollView.swift */ = {isa = PBXFileReference; lastKnownFileType = sourcecode.swift; path = "ListDelegate+UIScrollView.swift"; sourceTree = "<group>"; };
		F31250F3239DB57100E77969 /* Delegate.swift */ = {isa = PBXFileReference; lastKnownFileType = sourcecode.swift; path = Delegate.swift; sourceTree = "<group>"; };
		F312515B239E352100E77969 /* ListDelegate+UITableView.swift */ = {isa = PBXFileReference; lastKnownFileType = sourcecode.swift; path = "ListDelegate+UITableView.swift"; sourceTree = "<group>"; };
		F314E8EA23A62200003C203B /* SelestorSets.swift */ = {isa = PBXFileReference; lastKnownFileType = sourcecode.swift; path = SelestorSets.swift; sourceTree = "<group>"; };
		F314FAE123BC71EA0060985E /* ListDelegate.swift */ = {isa = PBXFileReference; lastKnownFileType = sourcecode.swift; path = ListDelegate.swift; sourceTree = "<group>"; };
		F31E7225246A7F5C00493C4D /* DoubleListViewController.swift */ = {isa = PBXFileReference; lastKnownFileType = sourcecode.swift; path = DoubleListViewController.swift; sourceTree = "<group>"; };
		F31E7227246A7F7200493C4D /* SectionListViewControlle.swift */ = {isa = PBXFileReference; lastKnownFileType = sourcecode.swift; path = SectionListViewControlle.swift; sourceTree = "<group>"; };
		F322829F23AA0733001AEBFD /* ItemReplatedCache.swift */ = {isa = PBXFileReference; lastKnownFileType = sourcecode.swift; path = ItemReplatedCache.swift; sourceTree = "<group>"; };
		F3282FA0246EBB0700A84E44 /* SourcesCoordinatorDifference.swift */ = {isa = PBXFileReference; lastKnownFileType = sourcecode.swift; path = SourcesCoordinatorDifference.swift; sourceTree = "<group>"; };
		F329598223A10B7D001D6063 /* ListViewStorage+UIKit.swift */ = {isa = PBXFileReference; lastKnownFileType = sourcecode.swift; path = "ListViewStorage+UIKit.swift"; sourceTree = "<group>"; };
		F32959E523A11CF5001D6063 /* AnyCollectionSourcesBuilder.swift */ = {isa = PBXFileReference; lastKnownFileType = sourcecode.swift; path = AnyCollectionSourcesBuilder.swift; sourceTree = "<group>"; };
		F3346822246D2627002BC8F5 /* CoordinatorDifference.swift */ = {isa = PBXFileReference; lastKnownFileType = sourcecode.swift; path = CoordinatorDifference.swift; sourceTree = "<group>"; };
		F33FBC3A234F26B60054BA38 /* ListKitTests.swift */ = {isa = PBXFileReference; lastKnownFileType = sourcecode.swift; path = ListKitTests.swift; sourceTree = "<group>"; };
		F33FBC3C234F33A70054BA38 /* DataSource.swift */ = {isa = PBXFileReference; lastKnownFileType = sourcecode.swift; path = DataSource.swift; sourceTree = "<group>"; };
		F33FBC42234F3A600054BA38 /* Sources.swift */ = {isa = PBXFileReference; lastKnownFileType = sourcecode.swift; path = Sources.swift; sourceTree = "<group>"; };
		F35180BB23CC539400CB2F7A /* ListUpdate.swift */ = {isa = PBXFileReference; lastKnownFileType = sourcecode.swift; path = ListUpdate.swift; sourceTree = "<group>"; };
		F35A7A3D246581F200A0A6A1 /* BatchUpdate.swift */ = {isa = PBXFileReference; lastKnownFileType = sourcecode.swift; path = BatchUpdate.swift; sourceTree = "<group>"; };
		F35BBA02239FD05C0024EA7D /* TableContext.swift */ = {isa = PBXFileReference; lastKnownFileType = sourcecode.swift; path = TableContext.swift; sourceTree = "<group>"; };
		F35BBA04239FD0EA0024EA7D /* TableListAdapter.swift */ = {isa = PBXFileReference; lastKnownFileType = sourcecode.swift; path = TableListAdapter.swift; sourceTree = "<group>"; };
		F35BBA06239FD1600024EA7D /* TableListAdapter+UIKit.swift */ = {isa = PBXFileReference; lastKnownFileType = sourcecode.swift; path = "TableListAdapter+UIKit.swift"; sourceTree = "<group>"; };
		F36550172451B4060038172F /* ListKitExample.app */ = {isa = PBXFileReference; explicitFileType = wrapper.application; includeInIndex = 0; path = ListKitExample.app; sourceTree = BUILT_PRODUCTS_DIR; };
		F36550192451B4060038172F /* AppDelegate.swift */ = {isa = PBXFileReference; lastKnownFileType = sourcecode.swift; path = AppDelegate.swift; sourceTree = "<group>"; };
		F36550222451B4070038172F /* Assets.xcassets */ = {isa = PBXFileReference; lastKnownFileType = folder.assetcatalog; path = Assets.xcassets; sourceTree = "<group>"; };
		F36550252451B4070038172F /* Base */ = {isa = PBXFileReference; lastKnownFileType = file.storyboard; name = Base; path = Base.lproj/LaunchScreen.storyboard; sourceTree = "<group>"; };
		F36550272451B4070038172F /* Info.plist */ = {isa = PBXFileReference; lastKnownFileType = text.plist.xml; path = Info.plist; sourceTree = "<group>"; };
		F365502D2451B6710038172F /* Cell.swift */ = {isa = PBXFileReference; fileEncoding = 4; lastKnownFileType = sourcecode.swift; path = Cell.swift; sourceTree = "<group>"; };
		F365502F2451B6840038172F /* TestListViewController.swift */ = {isa = PBXFileReference; fileEncoding = 4; lastKnownFileType = sourcecode.swift; path = TestListViewController.swift; sourceTree = "<group>"; };
		F36550302451B6840038172F /* NestedListViewController.swift */ = {isa = PBXFileReference; fileEncoding = 4; lastKnownFileType = sourcecode.swift; path = NestedListViewController.swift; sourceTree = "<group>"; };
		F36550392451B6B20038172F /* ExampleViewController.swift */ = {isa = PBXFileReference; fileEncoding = 4; lastKnownFileType = sourcecode.swift; path = ExampleViewController.swift; sourceTree = "<group>"; };
		F365503D2451B78B0038172F /* Default-568h@2x.png */ = {isa = PBXFileReference; lastKnownFileType = image.png; path = "Default-568h@2x.png"; sourceTree = "<group>"; };
		F365503F2451BA2D0038172F /* ContentsViewController.swift */ = {isa = PBXFileReference; fileEncoding = 4; lastKnownFileType = sourcecode.swift; name = ContentsViewController.swift; path = ListKitExample/ContentsViewController.swift; sourceTree = SOURCE_ROOT; };
		F368F05B247E2DE900CE2B8B /* IdentifiableSectionListViewController.swift */ = {isa = PBXFileReference; lastKnownFileType = sourcecode.swift; path = IdentifiableSectionListViewController.swift; sourceTree = "<group>"; };
		F374B1412470379F0009420D /* ItemsCoordinatorDifference.swift */ = {isa = PBXFileReference; lastKnownFileType = sourcecode.swift; path = ItemsCoordinatorDifference.swift; sourceTree = "<group>"; };
		F374B1432471A0FA0009420D /* Typealias.swift */ = {isa = PBXFileReference; lastKnownFileType = sourcecode.swift; path = Typealias.swift; sourceTree = "<group>"; };
		F37A1229239FC0720001E9EE /* SrcollListAdapter+UIKit.swift */ = {isa = PBXFileReference; lastKnownFileType = sourcecode.swift; path = "SrcollListAdapter+UIKit.swift"; sourceTree = "<group>"; };
		F37A122D239FC0CB0001E9EE /* CollectionListAdapter+UIKit.swift */ = {isa = PBXFileReference; lastKnownFileType = sourcecode.swift; path = "CollectionListAdapter+UIKit.swift"; sourceTree = "<group>"; };
		F37BF3C9239686470095C419 /* ItemCoordinator.swift */ = {isa = PBXFileReference; lastKnownFileType = sourcecode.swift; path = ItemCoordinator.swift; sourceTree = "<group>"; };
		F37BF3CB23968B7E0095C419 /* SectionsCoordinator.swift */ = {isa = PBXFileReference; lastKnownFileType = sourcecode.swift; path = SectionsCoordinator.swift; sourceTree = "<group>"; };
		F37BF3CD23969DFD0095C419 /* NSCoordinator.swift */ = {isa = PBXFileReference; lastKnownFileType = sourcecode.swift; path = NSCoordinator.swift; sourceTree = "<group>"; };
		F37DD4E223A190AE00689CAD /* TableListAdapter+Source.swift */ = {isa = PBXFileReference; lastKnownFileType = sourcecode.swift; path = "TableListAdapter+Source.swift"; sourceTree = "<group>"; };
		F383064023506BAC00AE8B97 /* CollectionDifference.swift */ = {isa = PBXFileReference; fileEncoding = 4; lastKnownFileType = sourcecode.swift; path = CollectionDifference.swift; sourceTree = "<group>"; };
		F383064123506BAC00AE8B97 /* Differing.swift */ = {isa = PBXFileReference; fileEncoding = 4; lastKnownFileType = sourcecode.swift; path = Differing.swift; sourceTree = "<group>"; };
		F3841D5C2355E0DA006386E3 /* Collection+Extension.swift */ = {isa = PBXFileReference; lastKnownFileType = sourcecode.swift; path = "Collection+Extension.swift"; sourceTree = "<group>"; };
		F398E1BE24008714000A5637 /* DiffInitializable.swift */ = {isa = PBXFileReference; lastKnownFileType = sourcecode.swift; path = DiffInitializable.swift; sourceTree = "<group>"; };
		F398E1C124008DA1000A5637 /* DataSource+DiffInitializable.swift */ = {isa = PBXFileReference; lastKnownFileType = sourcecode.swift; path = "DataSource+DiffInitializable.swift"; sourceTree = "<group>"; };
		F39A23F123A16B660024F9AF /* AnyTableSourcesBuilder.swift */ = {isa = PBXFileReference; fileEncoding = 4; lastKnownFileType = sourcecode.swift; path = AnyTableSourcesBuilder.swift; sourceTree = "<group>"; };
		F39A23F523A16D1F0024F9AF /* CoreData+Extension.swift */ = {isa = PBXFileReference; lastKnownFileType = sourcecode.swift; path = "CoreData+Extension.swift"; sourceTree = "<group>"; };
		F3A4933723A6A95700809E7F /* ListAdapter.swift */ = {isa = PBXFileReference; lastKnownFileType = sourcecode.swift; path = ListAdapter.swift; sourceTree = "<group>"; };
		F3A4933923A6D3B400809E7F /* ScollContext.swift */ = {isa = PBXFileReference; lastKnownFileType = sourcecode.swift; path = ScollContext.swift; sourceTree = "<group>"; };
		F3A4940123A8CDEA00809E7F /* WrapperCoordinator.swift */ = {isa = PBXFileReference; lastKnownFileType = sourcecode.swift; path = WrapperCoordinator.swift; sourceTree = "<group>"; };
		F3A4940723A8E5FC00809E7F /* DataSource+ItemCoordinator.swift */ = {isa = PBXFileReference; lastKnownFileType = sourcecode.swift; path = "DataSource+ItemCoordinator.swift"; sourceTree = "<group>"; };
		F3A4940923A8E63300809E7F /* DataSource+ItemsCoordinator.swift */ = {isa = PBXFileReference; lastKnownFileType = sourcecode.swift; path = "DataSource+ItemsCoordinator.swift"; sourceTree = "<group>"; };
		F3A4940B23A8E65100809E7F /* DataSource+SectionsCoordinator.swift */ = {isa = PBXFileReference; lastKnownFileType = sourcecode.swift; path = "DataSource+SectionsCoordinator.swift"; sourceTree = "<group>"; };
		F3A4940D23A8E67200809E7F /* DataSource+SourceCoordinator.swift */ = {isa = PBXFileReference; lastKnownFileType = sourcecode.swift; path = "DataSource+SourceCoordinator.swift"; sourceTree = "<group>"; };
		F3A4940F23A8E68900809E7F /* DataSource+SourcesCoordinator.swift */ = {isa = PBXFileReference; lastKnownFileType = sourcecode.swift; path = "DataSource+SourcesCoordinator.swift"; sourceTree = "<group>"; };
		F3A4941123A8E69900809E7F /* DataSource+NSCoordinator.swift */ = {isa = PBXFileReference; lastKnownFileType = sourcecode.swift; path = "DataSource+NSCoordinator.swift"; sourceTree = "<group>"; };
		F3A4941323A906A900809E7F /* NestedAdapter.swift */ = {isa = PBXFileReference; lastKnownFileType = sourcecode.swift; path = NestedAdapter.swift; sourceTree = "<group>"; };
		F3A4A2EB2463AD22007FAB3B /* IndexPath+extension.swift */ = {isa = PBXFileReference; lastKnownFileType = sourcecode.swift; path = "IndexPath+extension.swift"; sourceTree = "<group>"; };
		F3AC673723D057450070B991 /* Sources+Item.swift */ = {isa = PBXFileReference; lastKnownFileType = sourcecode.swift; path = "Sources+Item.swift"; sourceTree = "<group>"; };
		F3AC673923D0574E0070B991 /* Sources+Items.swift */ = {isa = PBXFileReference; lastKnownFileType = sourcecode.swift; path = "Sources+Items.swift"; sourceTree = "<group>"; };
		F3AC673B23D057580070B991 /* Sources+Sections.swift */ = {isa = PBXFileReference; lastKnownFileType = sourcecode.swift; path = "Sources+Sections.swift"; sourceTree = "<group>"; };
		F3AC673D23D057990070B991 /* Sources+Sources.swift */ = {isa = PBXFileReference; lastKnownFileType = sourcecode.swift; path = "Sources+Sources.swift"; sourceTree = "<group>"; };
		F3AC673F23D0591C0070B991 /* HashCombiner.swift */ = {isa = PBXFileReference; lastKnownFileType = sourcecode.swift; path = HashCombiner.swift; sourceTree = "<group>"; };
		F3AC674123D066AC0070B991 /* Sources+Source.swift */ = {isa = PBXFileReference; lastKnownFileType = sourcecode.swift; path = "Sources+Source.swift"; sourceTree = "<group>"; };
		F3AD00DC238BC2AF000AF1B3 /* Differ.swift */ = {isa = PBXFileReference; lastKnownFileType = sourcecode.swift; path = Differ.swift; sourceTree = "<group>"; };
		F3AD0139238BE6FE000AF1B3 /* ItemsCoordinator.swift */ = {isa = PBXFileReference; lastKnownFileType = sourcecode.swift; path = ItemsCoordinator.swift; sourceTree = "<group>"; };
		F3AD067F238FF3DA000AF1B3 /* SourcesCoordinator.swift */ = {isa = PBXFileReference; lastKnownFileType = sourcecode.swift; path = SourcesCoordinator.swift; sourceTree = "<group>"; };
		F3C9537D23A0F1440015049A /* AnySourcesBuilder.swift */ = {isa = PBXFileReference; lastKnownFileType = sourcecode.swift; path = AnySourcesBuilder.swift; sourceTree = "<group>"; };
		F3C9537F23A0F7A10015049A /* AnySources.swift */ = {isa = PBXFileReference; lastKnownFileType = sourcecode.swift; path = AnySources.swift; sourceTree = "<group>"; };
		F3D785C72398FC5B00D7A5CD /* UpdatableDataSource.swift */ = {isa = PBXFileReference; lastKnownFileType = sourcecode.swift; path = UpdatableDataSource.swift; sourceTree = "<group>"; };
		F3D785C92398FCA200D7A5CD /* NSDataSource.swift */ = {isa = PBXFileReference; lastKnownFileType = sourcecode.swift; path = NSDataSource.swift; sourceTree = "<group>"; };
		F3D7862D23991E5100D7A5CD /* ScrollListAdapter.swift */ = {isa = PBXFileReference; lastKnownFileType = sourcecode.swift; path = ScrollListAdapter.swift; sourceTree = "<group>"; };
		F3D786962399263B00D7A5CD /* CollectionContext.swift */ = {isa = PBXFileReference; lastKnownFileType = sourcecode.swift; path = CollectionContext.swift; sourceTree = "<group>"; };
		F3D786FB2399318B00D7A5CD /* Associator.swift */ = {isa = PBXFileReference; fileEncoding = 4; lastKnownFileType = sourcecode.swift; path = Associator.swift; sourceTree = "<group>"; };
		F3D786FD239931CE00D7A5CD /* UIListView.swift */ = {isa = PBXFileReference; lastKnownFileType = sourcecode.swift; path = UIListView.swift; sourceTree = "<group>"; };
		F3D786FF2399327200D7A5CD /* ListView+UITableView.swift */ = {isa = PBXFileReference; fileEncoding = 4; lastKnownFileType = sourcecode.swift; path = "ListView+UITableView.swift"; sourceTree = "<group>"; };
		F3D787002399327200D7A5CD /* ListViewStorage.swift */ = {isa = PBXFileReference; fileEncoding = 4; lastKnownFileType = sourcecode.swift; path = ListViewStorage.swift; sourceTree = "<group>"; };
		F3D787012399327200D7A5CD /* ListView+UIcollectionView.swift */ = {isa = PBXFileReference; fileEncoding = 4; lastKnownFileType = sourcecode.swift; path = "ListView+UIcollectionView.swift"; sourceTree = "<group>"; };
		F3D7870523993C2200D7A5CD /* Context.swift */ = {isa = PBXFileReference; lastKnownFileType = sourcecode.swift; path = Context.swift; sourceTree = "<group>"; };
		F3EB15D723A2CF0000C9AC5E /* CollectionList+Source.swift */ = {isa = PBXFileReference; lastKnownFileType = sourcecode.swift; path = "CollectionList+Source.swift"; sourceTree = "<group>"; };
		F3EB15D923A2CF8D00C9AC5E /* Optional+Extension.swift */ = {isa = PBXFileReference; lastKnownFileType = sourcecode.swift; path = "Optional+Extension.swift"; sourceTree = "<group>"; };
		F3EB15DB23A2ED1900C9AC5E /* ListAdapters+ListAdapters.swift */ = {isa = PBXFileReference; lastKnownFileType = sourcecode.swift; path = "ListAdapters+ListAdapters.swift"; sourceTree = "<group>"; };
		F3EC388B24582C5A00DFE1B0 /* EmptyCoordinator.swift */ = {isa = PBXFileReference; lastKnownFileType = sourcecode.swift; path = EmptyCoordinator.swift; sourceTree = "<group>"; };
		"ListKit::ListKit::Product" /* ListKit.framework */ = {isa = PBXFileReference; lastKnownFileType = wrapper.framework; path = ListKit.framework; sourceTree = BUILT_PRODUCTS_DIR; };
		OBJ_12 /* README.md */ = {isa = PBXFileReference; lastKnownFileType = net.daringfireball.markdown; path = README.md; sourceTree = "<group>"; };
		OBJ_6 /* Package.swift */ = {isa = PBXFileReference; explicitFileType = sourcecode.swift; path = Package.swift; sourceTree = "<group>"; };
		OBJ_8 /* ListKit.swift */ = {isa = PBXFileReference; lastKnownFileType = sourcecode.swift; path = ListKit.swift; sourceTree = "<group>"; };
/* End PBXFileReference section */

/* Begin PBXFrameworksBuildPhase section */
		F36550142451B4050038172F /* Frameworks */ = {
			isa = PBXFrameworksBuildPhase;
			buildActionMask = 2147483647;
			files = (
				F36550342451B6910038172F /* ListKit.framework in Frameworks */,
			);
			runOnlyForDeploymentPostprocessing = 0;
		};
		OBJ_19 /* Frameworks */ = {
			isa = PBXFrameworksBuildPhase;
			buildActionMask = 0;
			files = (
			);
			runOnlyForDeploymentPostprocessing = 0;
		};
/* End PBXFrameworksBuildPhase section */

/* Begin PBXGroup section */
		F3040D242389046D0055E6E7 /* ListAdapter */ = {
			isa = PBXGroup;
			children = (
				F37DD4E123A1908F00689CAD /* ListAdapter+Source */,
				F32959E223A11ACF001D6063 /* ListAdapter+FunctionBuilder */,
				F37A1228239FC0590001E9EE /* ListAdapter+UIKit */,
				F3D7862D23991E5100D7A5CD /* ScrollListAdapter.swift */,
				F3040D26238904860055E6E7 /* CollectionListAdapter.swift */,
				F35BBA04239FD0EA0024EA7D /* TableListAdapter.swift */,
				F3A4933723A6A95700809E7F /* ListAdapter.swift */,
			);
			path = ListAdapter;
			sourceTree = "<group>";
		};
		F310D24E2351E1CC00ED691C /* Coordinator */ = {
			isa = PBXGroup;
			children = (
				F3346821246D25F4002BC8F5 /* CoordinatorDIfference */,
				F310D24F2351E1DF00ED691C /* Coordinator.swift */,
				F3040D80238B21560055E6E7 /* ListCoordinator.swift */,
				F3A4940123A8CDEA00809E7F /* WrapperCoordinator.swift */,
				F37BF3C9239686470095C419 /* ItemCoordinator.swift */,
				F3AD0139238BE6FE000AF1B3 /* ItemsCoordinator.swift */,
				F37BF3CB23968B7E0095C419 /* SectionsCoordinator.swift */,
				F3AD067F238FF3DA000AF1B3 /* SourcesCoordinator.swift */,
				F37BF3CD23969DFD0095C419 /* NSCoordinator.swift */,
				F3EC388B24582C5A00DFE1B0 /* EmptyCoordinator.swift */,
			);
			path = Coordinator;
			sourceTree = "<group>";
		};
		F314FAE023BC71D50060985E /* ListDelegate */ = {
			isa = PBXGroup;
			children = (
				F314FAE323BC74D70060985E /* ListDelegate+UIKit */,
				F314FAE123BC71EA0060985E /* ListDelegate.swift */,
				F314E8EA23A62200003C203B /* SelestorSets.swift */,
				F31250F3239DB57100E77969 /* Delegate.swift */,
			);
			path = ListDelegate;
			sourceTree = "<group>";
		};
		F314FAE323BC74D70060985E /* ListDelegate+UIKit */ = {
			isa = PBXGroup;
			children = (
				F31250EF239C636100E77969 /* ListDelegate+UIScrollView.swift */,
				F31250ED239C5EB200E77969 /* ListDelegates+UICollectionView.swift */,
				F312515B239E352100E77969 /* ListDelegate+UITableView.swift */,
			);
			path = "ListDelegate+UIKit";
			sourceTree = "<group>";
		};
		F32959E223A11ACF001D6063 /* ListAdapter+FunctionBuilder */ = {
			isa = PBXGroup;
			children = (
				F32959E523A11CF5001D6063 /* AnyCollectionSourcesBuilder.swift */,
				F39A23F123A16B660024F9AF /* AnyTableSourcesBuilder.swift */,
			);
			path = "ListAdapter+FunctionBuilder";
			sourceTree = "<group>";
		};
		F3346821246D25F4002BC8F5 /* CoordinatorDIfference */ = {
			isa = PBXGroup;
			children = (
				F35A7A3D246581F200A0A6A1 /* BatchUpdate.swift */,
				F3346822246D2627002BC8F5 /* CoordinatorDifference.swift */,
				F374B1412470379F0009420D /* ItemsCoordinatorDifference.swift */,
				F30352F52473E48E004042AA /* SectionsCoordinatorDifference.swift */,
				F3282FA0246EBB0700A84E44 /* SourcesCoordinatorDifference.swift */,
			);
			path = CoordinatorDIfference;
			sourceTree = "<group>";
		};
		F33FBC38234F26B60054BA38 /* Tests */ = {
			isa = PBXGroup;
			children = (
				F33FBC39234F26B60054BA38 /* ListKitTests */,
			);
			path = Tests;
			sourceTree = "<group>";
		};
		F33FBC39234F26B60054BA38 /* ListKitTests */ = {
			isa = PBXGroup;
			children = (
				F33FBC3A234F26B60054BA38 /* ListKitTests.swift */,
			);
			path = ListKitTests;
			sourceTree = "<group>";
		};
		F33FBC3B234F29E30054BA38 /* DataSource */ = {
			isa = PBXGroup;
			children = (
				F36D2A1723A105B900091464 /* DataSource+Coordinator */,
				F33FBC3C234F33A70054BA38 /* DataSource.swift */,
				F3D785C72398FC5B00D7A5CD /* UpdatableDataSource.swift */,
				F3D785C92398FCA200D7A5CD /* NSDataSource.swift */,
				F398E1C124008DA1000A5637 /* DataSource+DiffInitializable.swift */,
			);
			path = DataSource;
			sourceTree = "<group>";
		};
		F33FBC3F234F36D90054BA38 /* Source */ = {
			isa = PBXGroup;
			children = (
				F39A23F723A17FC40024F9AF /* Sources+Extensions */,
				F33FBC42234F3A600054BA38 /* Sources.swift */,
				F3C9537F23A0F7A10015049A /* AnySources.swift */,
				F3C9537D23A0F1440015049A /* AnySourcesBuilder.swift */,
			);
			path = Source;
			sourceTree = "<group>";
		};
		F36550182451B4060038172F /* ListKitExample */ = {
			isa = PBXGroup;
			children = (
				F365502B2451B51D0038172F /* SupportFiles */,
				F365502C2451B6710038172F /* View */,
				F365503F2451BA2D0038172F /* ContentsViewController.swift */,
				F31E7225246A7F5C00493C4D /* DoubleListViewController.swift */,
				F31E7227246A7F7200493C4D /* SectionListViewControlle.swift */,
				F36550302451B6840038172F /* NestedListViewController.swift */,
				F365502F2451B6840038172F /* TestListViewController.swift */,
				F368F05B247E2DE900CE2B8B /* IdentifiableSectionListViewController.swift */,
			);
			path = ListKitExample;
			sourceTree = "<group>";
		};
		F365502B2451B51D0038172F /* SupportFiles */ = {
			isa = PBXGroup;
			children = (
				F36550222451B4070038172F /* Assets.xcassets */,
				F365503D2451B78B0038172F /* Default-568h@2x.png */,
				F36550242451B4070038172F /* LaunchScreen.storyboard */,
				F36550192451B4060038172F /* AppDelegate.swift */,
				F36550272451B4070038172F /* Info.plist */,
			);
			path = SupportFiles;
			sourceTree = "<group>";
		};
		F365502C2451B6710038172F /* View */ = {
			isa = PBXGroup;
			children = (
				F36550392451B6B20038172F /* ExampleViewController.swift */,
				F365502D2451B6710038172F /* Cell.swift */,
			);
			path = View;
			sourceTree = "<group>";
		};
		F36550332451B6910038172F /* Frameworks */ = {
			isa = PBXGroup;
			children = (
			);
			name = Frameworks;
			sourceTree = "<group>";
		};
		F36D2A1723A105B900091464 /* DataSource+Coordinator */ = {
			isa = PBXGroup;
			children = (
				F3A4940723A8E5FC00809E7F /* DataSource+ItemCoordinator.swift */,
				F3A4940923A8E63300809E7F /* DataSource+ItemsCoordinator.swift */,
				F3A4940B23A8E65100809E7F /* DataSource+SectionsCoordinator.swift */,
				F3A4940D23A8E67200809E7F /* DataSource+SourceCoordinator.swift */,
				F3A4940F23A8E68900809E7F /* DataSource+SourcesCoordinator.swift */,
				F3A4941123A8E69900809E7F /* DataSource+NSCoordinator.swift */,
			);
			path = "DataSource+Coordinator";
			sourceTree = "<group>";
		};
		F37A1228239FC0590001E9EE /* ListAdapter+UIKit */ = {
			isa = PBXGroup;
			children = (
				F37A1229239FC0720001E9EE /* SrcollListAdapter+UIKit.swift */,
				F37A122D239FC0CB0001E9EE /* CollectionListAdapter+UIKit.swift */,
				F35BBA06239FD1600024EA7D /* TableListAdapter+UIKit.swift */,
			);
			path = "ListAdapter+UIKit";
			sourceTree = "<group>";
		};
		F37A122F239FC3030001E9EE /* ListView+UIKit */ = {
			isa = PBXGroup;
			children = (
				F3D786FD239931CE00D7A5CD /* UIListView.swift */,
				F3D787012399327200D7A5CD /* ListView+UIcollectionView.swift */,
				F3D786FF2399327200D7A5CD /* ListView+UITableView.swift */,
				F329598223A10B7D001D6063 /* ListViewStorage+UIKit.swift */,
			);
			path = "ListView+UIKit";
			sourceTree = "<group>";
		};
		F37A1230239FC30D0001E9EE /* ListView+AppKit */ = {
			isa = PBXGroup;
			children = (
				F304A6E4239E962300133D14 /* NSListView.swift */,
				F304A6E0239E95DB00133D14 /* ListView+NSCollectionView.swift */,
				F304A6E2239E95ED00133D14 /* ListView+NSTableView.swift */,
			);
			path = "ListView+AppKit";
			sourceTree = "<group>";
		};
		F37DD4E123A1908F00689CAD /* ListAdapter+Source */ = {
			isa = PBXGroup;
			children = (
				F3EB15D723A2CF0000C9AC5E /* CollectionList+Source.swift */,
				F37DD4E223A190AE00689CAD /* TableListAdapter+Source.swift */,
				F3EB15DB23A2ED1900C9AC5E /* ListAdapters+ListAdapters.swift */,
				F3A4941323A906A900809E7F /* NestedAdapter.swift */,
				F322829F23AA0733001AEBFD /* ItemReplatedCache.swift */,
			);
			path = "ListAdapter+Source";
			sourceTree = "<group>";
		};
		F383063F23506BAC00AE8B97 /* Utility */ = {
			isa = PBXGroup;
			children = (
				F398E1C024008725000A5637 /* DiffInitializable */,
				F3D785C42398F54C00D7A5CD /* Diff */,
				F3AC673F23D0591C0070B991 /* HashCombiner.swift */,
				F3D786FB2399318B00D7A5CD /* Associator.swift */,
				F374B1432471A0FA0009420D /* Typealias.swift */,
				F302B1492479E079000C7304 /* DataSourceOptions.swift */,
			);
			path = Utility;
			sourceTree = "<group>";
		};
		F3841D5B2355E0C4006386E3 /* Extensions */ = {
			isa = PBXGroup;
			children = (
				F3A4A2EB2463AD22007FAB3B /* IndexPath+extension.swift */,
				F3841D5C2355E0DA006386E3 /* Collection+Extension.swift */,
				F39A23F523A16D1F0024F9AF /* CoreData+Extension.swift */,
				F3EB15D923A2CF8D00C9AC5E /* Optional+Extension.swift */,
			);
			path = Extensions;
			sourceTree = "<group>";
		};
		F398E1C024008725000A5637 /* DiffInitializable */ = {
			isa = PBXGroup;
			children = (
				F398E1BE24008714000A5637 /* DiffInitializable.swift */,
				F3AD00DC238BC2AF000AF1B3 /* Differ.swift */,
				F35180BB23CC539400CB2F7A /* ListUpdate.swift */,
			);
			path = DiffInitializable;
			sourceTree = "<group>";
		};
		F39A23F723A17FC40024F9AF /* Sources+Extensions */ = {
			isa = PBXGroup;
			children = (
				F3AC673723D057450070B991 /* Sources+Item.swift */,
				F3AC673923D0574E0070B991 /* Sources+Items.swift */,
				F3AC673B23D057580070B991 /* Sources+Sections.swift */,
				F3AC674123D066AC0070B991 /* Sources+Source.swift */,
				F3AC673D23D057990070B991 /* Sources+Sources.swift */,
			);
			path = "Sources+Extensions";
			sourceTree = "<group>";
		};
		F3D785C42398F54C00D7A5CD /* Diff */ = {
			isa = PBXGroup;
			children = (
				F383064023506BAC00AE8B97 /* CollectionDifference.swift */,
				F383064123506BAC00AE8B97 /* Differing.swift */,
			);
			path = Diff;
			sourceTree = "<group>";
		};
		F3D786952399262A00D7A5CD /* Context */ = {
			isa = PBXGroup;
			children = (
				F3D7870523993C2200D7A5CD /* Context.swift */,
				F3D786962399263B00D7A5CD /* CollectionContext.swift */,
				F35BBA02239FD05C0024EA7D /* TableContext.swift */,
				F3A4933923A6D3B400809E7F /* ScollContext.swift */,
				F304A6DE239E94CC00133D14 /* Context+UIKit.swift */,
			);
			path = Context;
			sourceTree = "<group>";
		};
		F3D786FA2399313300D7A5CD /* ListView */ = {
			isa = PBXGroup;
			children = (
				F37A1230239FC30D0001E9EE /* ListView+AppKit */,
				F37A122F239FC3030001E9EE /* ListView+UIKit */,
				F31250E8239C545200E77969 /* ListView.swift */,
				F3D787002399327200D7A5CD /* ListViewStorage.swift */,
			);
			path = ListView;
			sourceTree = "<group>";
		};
		OBJ_10 /* Products */ = {
			isa = PBXGroup;
			children = (
				"ListKit::ListKit::Product" /* ListKit.framework */,
				F36550172451B4060038172F /* ListKitExample.app */,
			);
			name = Products;
			sourceTree = BUILT_PRODUCTS_DIR;
		};
		OBJ_5 = {
			isa = PBXGroup;
			children = (
				OBJ_12 /* README.md */,
				OBJ_6 /* Package.swift */,
				OBJ_7 /* Sources */,
				F36550182451B4060038172F /* ListKitExample */,
				F33FBC38234F26B60054BA38 /* Tests */,
				OBJ_10 /* Products */,
				F36550332451B6910038172F /* Frameworks */,
			);
			sourceTree = "<group>";
		};
		OBJ_7 /* Sources */ = {
			isa = PBXGroup;
			children = (
				F33FBC3B234F29E30054BA38 /* DataSource */,
				F310D24E2351E1CC00ED691C /* Coordinator */,
				F3D786952399262A00D7A5CD /* Context */,
				F33FBC3F234F36D90054BA38 /* Source */,
				F314FAE023BC71D50060985E /* ListDelegate */,
				F3040D242389046D0055E6E7 /* ListAdapter */,
				F3D786FA2399313300D7A5CD /* ListView */,
				F383063F23506BAC00AE8B97 /* Utility */,
				F3841D5B2355E0C4006386E3 /* Extensions */,
				OBJ_8 /* ListKit.swift */,
			);
			path = Sources;
			sourceTree = SOURCE_ROOT;
		};
/* End PBXGroup section */

/* Begin PBXNativeTarget section */
		F36550162451B4050038172F /* ListKitExample */ = {
			isa = PBXNativeTarget;
			buildConfigurationList = F365502A2451B4070038172F /* Build configuration list for PBXNativeTarget "ListKitExample" */;
			buildPhases = (
				F36550132451B4050038172F /* Sources */,
				F36550142451B4050038172F /* Frameworks */,
				F36550152451B4050038172F /* Resources */,
				F36550382451B6910038172F /* Embed Frameworks */,
			);
			buildRules = (
			);
			dependencies = (
				F36550372451B6910038172F /* PBXTargetDependency */,
			);
			name = ListKitExample;
			productName = ListKitExample;
			productReference = F36550172451B4060038172F /* ListKitExample.app */;
			productType = "com.apple.product-type.application";
		};
		"ListKit::ListKit" /* ListKit */ = {
			isa = PBXNativeTarget;
			buildConfigurationList = OBJ_14 /* Build configuration list for PBXNativeTarget "ListKit" */;
			buildPhases = (
				OBJ_17 /* Sources */,
				OBJ_19 /* Frameworks */,
			);
			buildRules = (
			);
			dependencies = (
			);
			name = ListKit;
			productName = ListKit;
			productReference = "ListKit::ListKit::Product" /* ListKit.framework */;
			productType = "com.apple.product-type.framework";
		};
		"ListKit::SwiftPMPackageDescription" /* ListKitPackageDescription */ = {
			isa = PBXNativeTarget;
			buildConfigurationList = OBJ_21 /* Build configuration list for PBXNativeTarget "ListKitPackageDescription" */;
			buildPhases = (
				OBJ_24 /* Sources */,
			);
			buildRules = (
			);
			dependencies = (
			);
			name = ListKitPackageDescription;
			productName = ListKitPackageDescription;
			productType = "com.apple.product-type.framework";
		};
/* End PBXNativeTarget section */

/* Begin PBXProject section */
		OBJ_1 /* Project object */ = {
			isa = PBXProject;
			attributes = {
				LastSwiftMigration = 9999;
				LastSwiftUpdateCheck = 1130;
				LastUpgradeCheck = 1150;
				TargetAttributes = {
					F36550162451B4050038172F = {
						CreatedOnToolsVersion = 11.3.1;
						ProvisioningStyle = Automatic;
					};
				};
			};
			buildConfigurationList = OBJ_2 /* Build configuration list for PBXProject "ListKit" */;
			compatibilityVersion = "Xcode 3.2";
			developmentRegion = en;
			hasScannedForEncodings = 0;
			knownRegions = (
				en,
				Base,
			);
			mainGroup = OBJ_5;
			productRefGroup = OBJ_10 /* Products */;
			projectDirPath = "";
			projectRoot = "";
			targets = (
				"ListKit::ListKit" /* ListKit */,
				"ListKit::SwiftPMPackageDescription" /* ListKitPackageDescription */,
				F36550162451B4050038172F /* ListKitExample */,
			);
		};
/* End PBXProject section */

/* Begin PBXResourcesBuildPhase section */
		F36550152451B4050038172F /* Resources */ = {
			isa = PBXResourcesBuildPhase;
			buildActionMask = 2147483647;
			files = (
				F36550262451B4070038172F /* LaunchScreen.storyboard in Resources */,
				F36550232451B4070038172F /* Assets.xcassets in Resources */,
				F365503E2451B78B0038172F /* Default-568h@2x.png in Resources */,
			);
			runOnlyForDeploymentPostprocessing = 0;
		};
/* End PBXResourcesBuildPhase section */

/* Begin PBXSourcesBuildPhase section */
		F36550132451B4050038172F /* Sources */ = {
			isa = PBXSourcesBuildPhase;
			buildActionMask = 2147483647;
			files = (
				F365501A2451B4060038172F /* AppDelegate.swift in Sources */,
				F36550402451BA2D0038172F /* ContentsViewController.swift in Sources */,
				F31E7226246A7F5C00493C4D /* DoubleListViewController.swift in Sources */,
				F36550322451B6840038172F /* NestedListViewController.swift in Sources */,
				F31E7228246A7F7200493C4D /* SectionListViewControlle.swift in Sources */,
				F365503A2451B6B20038172F /* ExampleViewController.swift in Sources */,
				F36550312451B6840038172F /* TestListViewController.swift in Sources */,
				F368F05C247E2DE900CE2B8B /* IdentifiableSectionListViewController.swift in Sources */,
				F365502E2451B6710038172F /* Cell.swift in Sources */,
			);
			runOnlyForDeploymentPostprocessing = 0;
		};
		OBJ_17 /* Sources */ = {
			isa = PBXSourcesBuildPhase;
			buildActionMask = 0;
			files = (
				F31250F0239C636100E77969 /* ListDelegate+UIScrollView.swift in Sources */,
				F304A6E1239E95DC00133D14 /* ListView+NSCollectionView.swift in Sources */,
				F3C9538023A0F7A10015049A /* AnySources.swift in Sources */,
				F3841D5D2355E0DA006386E3 /* Collection+Extension.swift in Sources */,
				F3AC674023D0591C0070B991 /* HashCombiner.swift in Sources */,
				F3282FA1246EBB0700A84E44 /* SourcesCoordinatorDifference.swift in Sources */,
				F3D785C82398FC5B00D7A5CD /* UpdatableDataSource.swift in Sources */,
				F31250F4239DB57100E77969 /* Delegate.swift in Sources */,
				F35BBA05239FD0EA0024EA7D /* TableListAdapter.swift in Sources */,
				F3AD013A238BE6FE000AF1B3 /* ItemsCoordinator.swift in Sources */,
				F3A4933823A6A95700809E7F /* ListAdapter.swift in Sources */,
				F3A4941023A8E68900809E7F /* DataSource+SourcesCoordinator.swift in Sources */,
				F3AC673C23D057580070B991 /* Sources+Sections.swift in Sources */,
				F398E1BF24008714000A5637 /* DiffInitializable.swift in Sources */,
				F37DD4E323A190AE00689CAD /* TableListAdapter+Source.swift in Sources */,
				F3EB15DC23A2ED1900C9AC5E /* ListAdapters+ListAdapters.swift in Sources */,
				F35BBA03239FD05C0024EA7D /* TableContext.swift in Sources */,
				F3A4940C23A8E65100809E7F /* DataSource+SectionsCoordinator.swift in Sources */,
				F3EB15DA23A2CF8D00C9AC5E /* Optional+Extension.swift in Sources */,
				F304A6E3239E95ED00133D14 /* ListView+NSTableView.swift in Sources */,
				F314FAE723BDC66C0060985E /* AnyCollectionSourcesBuilder.swift in Sources */,
				F302B14A2479E079000C7304 /* DataSourceOptions.swift in Sources */,
				F3D786972399263B00D7A5CD /* CollectionContext.swift in Sources */,
				F3AC674223D066AC0070B991 /* Sources+Source.swift in Sources */,
				F314FAE223BC71EA0060985E /* ListDelegate.swift in Sources */,
				F3D787022399327200D7A5CD /* ListView+UITableView.swift in Sources */,
				F374B1422470379F0009420D /* ItemsCoordinatorDifference.swift in Sources */,
				F39A23F623A16D1F0024F9AF /* CoreData+Extension.swift in Sources */,
				F35180BC23CC539400CB2F7A /* ListUpdate.swift in Sources */,
				F3AC673823D057450070B991 /* Sources+Item.swift in Sources */,
				F329598323A10B7D001D6063 /* ListViewStorage+UIKit.swift in Sources */,
				F374B1442471A0FA0009420D /* Typealias.swift in Sources */,
				F383064323506BAC00AE8B97 /* CollectionDifference.swift in Sources */,
				F30352F62473E48E004042AA /* SectionsCoordinatorDifference.swift in Sources */,
				F3A4940E23A8E67200809E7F /* DataSource+SourceCoordinator.swift in Sources */,
				F3D7870623993C2200D7A5CD /* Context.swift in Sources */,
				F3EC388C24582C5A00DFE1B0 /* EmptyCoordinator.swift in Sources */,
				F31250E9239C545200E77969 /* ListView.swift in Sources */,
				F398E1C224008DA1000A5637 /* DataSource+DiffInitializable.swift in Sources */,
				F3040D27238904860055E6E7 /* CollectionListAdapter.swift in Sources */,
				F3A4941423A906A900809E7F /* NestedAdapter.swift in Sources */,
				F31250EE239C5EB200E77969 /* ListDelegates+UICollectionView.swift in Sources */,
				F3A4940823A8E5FC00809E7F /* DataSource+ItemCoordinator.swift in Sources */,
				F312515C239E352100E77969 /* ListDelegate+UITableView.swift in Sources */,
				F3AD00DD238BC2AF000AF1B3 /* Differ.swift in Sources */,
				F33FBC43234F3A600054BA38 /* Sources.swift in Sources */,
				F33FBC3D234F33A70054BA38 /* DataSource.swift in Sources */,
				F304A6DF239E94CC00133D14 /* Context+UIKit.swift in Sources */,
				F37BF3CE23969DFD0095C419 /* NSCoordinator.swift in Sources */,
				F3A4940A23A8E63300809E7F /* DataSource+ItemsCoordinator.swift in Sources */,
				F3A4941223A8E69900809E7F /* DataSource+NSCoordinator.swift in Sources */,
				F3A4933A23A6D3B400809E7F /* ScollContext.swift in Sources */,
				F37BF3CC23968B7E0095C419 /* SectionsCoordinator.swift in Sources */,
				F32282A023AA0733001AEBFD /* ItemReplatedCache.swift in Sources */,
				F3AC673E23D057990070B991 /* Sources+Sources.swift in Sources */,
				F383064423506BAC00AE8B97 /* Differing.swift in Sources */,
				F3AC673A23D0574E0070B991 /* Sources+Items.swift in Sources */,
				F3AD0680238FF3DA000AF1B3 /* SourcesCoordinator.swift in Sources */,
				F37BF3CA239686470095C419 /* ItemCoordinator.swift in Sources */,
				F3D787032399327200D7A5CD /* ListViewStorage.swift in Sources */,
				F314E8EB23A62200003C203B /* SelestorSets.swift in Sources */,
				F3A4A2EC2463AD22007FAB3B /* IndexPath+extension.swift in Sources */,
				F3D786FE239931CE00D7A5CD /* UIListView.swift in Sources */,
				F37A122E239FC0CB0001E9EE /* CollectionListAdapter+UIKit.swift in Sources */,
				F35BBA07239FD1600024EA7D /* TableListAdapter+UIKit.swift in Sources */,
				F35A7A3E246581F200A0A6A1 /* BatchUpdate.swift in Sources */,
				F3C9537E23A0F1440015049A /* AnySourcesBuilder.swift in Sources */,
				OBJ_18 /* ListKit.swift in Sources */,
				F314FAE623BDC66A0060985E /* AnyTableSourcesBuilder.swift in Sources */,
				F3D7862E23991E5100D7A5CD /* ScrollListAdapter.swift in Sources */,
				F3040D81238B21560055E6E7 /* ListCoordinator.swift in Sources */,
				F3A4940223A8CDEA00809E7F /* WrapperCoordinator.swift in Sources */,
				F3D787042399327200D7A5CD /* ListView+UIcollectionView.swift in Sources */,
				F3D786FC2399318B00D7A5CD /* Associator.swift in Sources */,
				F37A122A239FC0720001E9EE /* SrcollListAdapter+UIKit.swift in Sources */,
				F3EB15D823A2CF0000C9AC5E /* CollectionList+Source.swift in Sources */,
				F310D2502351E1DF00ED691C /* Coordinator.swift in Sources */,
				F3346823246D2627002BC8F5 /* CoordinatorDifference.swift in Sources */,
				F3D785CA2398FCA200D7A5CD /* NSDataSource.swift in Sources */,
				F304A6E5239E962300133D14 /* NSListView.swift in Sources */,
			);
			runOnlyForDeploymentPostprocessing = 0;
		};
		OBJ_24 /* Sources */ = {
			isa = PBXSourcesBuildPhase;
			buildActionMask = 0;
			files = (
				OBJ_25 /* Package.swift in Sources */,
			);
			runOnlyForDeploymentPostprocessing = 0;
		};
/* End PBXSourcesBuildPhase section */

/* Begin PBXTargetDependency section */
		F36550372451B6910038172F /* PBXTargetDependency */ = {
			isa = PBXTargetDependency;
			target = "ListKit::ListKit" /* ListKit */;
			targetProxy = F36550362451B6910038172F /* PBXContainerItemProxy */;
		};
/* End PBXTargetDependency section */

/* Begin PBXVariantGroup section */
		F36550242451B4070038172F /* LaunchScreen.storyboard */ = {
			isa = PBXVariantGroup;
			children = (
				F36550252451B4070038172F /* Base */,
			);
			name = LaunchScreen.storyboard;
			sourceTree = "<group>";
		};
/* End PBXVariantGroup section */

/* Begin XCBuildConfiguration section */
		F36550282451B4070038172F /* Debug */ = {
			isa = XCBuildConfiguration;
			buildSettings = {
				ALWAYS_SEARCH_USER_PATHS = NO;
				ASSETCATALOG_COMPILER_APPICON_NAME = AppIcon;
				CLANG_ANALYZER_NONNULL = YES;
				CLANG_ANALYZER_NUMBER_OBJECT_CONVERSION = YES_AGGRESSIVE;
				CLANG_CXX_LANGUAGE_STANDARD = "gnu++14";
				CLANG_CXX_LIBRARY = "libc++";
				CLANG_ENABLE_MODULES = YES;
				CLANG_ENABLE_OBJC_WEAK = YES;
				CLANG_WARN_BLOCK_CAPTURE_AUTORELEASING = YES;
				CLANG_WARN_BOOL_CONVERSION = YES;
				CLANG_WARN_COMMA = YES;
				CLANG_WARN_CONSTANT_CONVERSION = YES;
				CLANG_WARN_DEPRECATED_OBJC_IMPLEMENTATIONS = YES;
				CLANG_WARN_DIRECT_OBJC_ISA_USAGE = YES_ERROR;
				CLANG_WARN_DOCUMENTATION_COMMENTS = YES;
				CLANG_WARN_EMPTY_BODY = YES;
				CLANG_WARN_ENUM_CONVERSION = YES;
				CLANG_WARN_INFINITE_RECURSION = YES;
				CLANG_WARN_INT_CONVERSION = YES;
				CLANG_WARN_NON_LITERAL_NULL_CONVERSION = YES;
				CLANG_WARN_OBJC_IMPLICIT_RETAIN_SELF = YES;
				CLANG_WARN_OBJC_LITERAL_CONVERSION = YES;
				CLANG_WARN_OBJC_ROOT_CLASS = YES_ERROR;
				CLANG_WARN_RANGE_LOOP_ANALYSIS = YES;
				CLANG_WARN_STRICT_PROTOTYPES = YES;
				CLANG_WARN_SUSPICIOUS_MOVE = YES;
				CLANG_WARN_UNGUARDED_AVAILABILITY = YES_AGGRESSIVE;
				CLANG_WARN_UNREACHABLE_CODE = YES;
				CLANG_WARN__DUPLICATE_METHOD_MATCH = YES;
				CODE_SIGN_STYLE = Automatic;
				ENABLE_STRICT_OBJC_MSGSEND = YES;
				ENABLE_TESTABILITY = YES;
				GCC_C_LANGUAGE_STANDARD = gnu11;
				GCC_DYNAMIC_NO_PIC = NO;
				GCC_NO_COMMON_BLOCKS = YES;
				GCC_PREPROCESSOR_DEFINITIONS = (
					"DEBUG=1",
					"$(inherited)",
				);
				GCC_WARN_64_TO_32_BIT_CONVERSION = YES;
				GCC_WARN_ABOUT_RETURN_TYPE = YES_ERROR;
				GCC_WARN_UNDECLARED_SELECTOR = YES;
				GCC_WARN_UNINITIALIZED_AUTOS = YES_AGGRESSIVE;
				GCC_WARN_UNUSED_FUNCTION = YES;
				GCC_WARN_UNUSED_VARIABLE = YES;
				INFOPLIST_FILE = ListKitExample/SupportFiles/Info.plist;
				IPHONEOS_DEPLOYMENT_TARGET = 10.0;
				LD_RUNPATH_SEARCH_PATHS = "$(inherited) @executable_path/Frameworks";
				MTL_ENABLE_DEBUG_INFO = INCLUDE_SOURCE;
				MTL_FAST_MATH = YES;
				PRODUCT_BUNDLE_IDENTIFIER = com.frain.ListKitExample;
				PRODUCT_NAME = "$(TARGET_NAME)";
				SDKROOT = iphoneos;
				SWIFT_ACTIVE_COMPILATION_CONDITIONS = DEBUG;
				SWIFT_VERSION = 5.0;
				TARGETED_DEVICE_FAMILY = "1,2";
			};
			name = Debug;
		};
		F36550292451B4070038172F /* Release */ = {
			isa = XCBuildConfiguration;
			buildSettings = {
				ALWAYS_SEARCH_USER_PATHS = NO;
				ASSETCATALOG_COMPILER_APPICON_NAME = AppIcon;
				CLANG_ANALYZER_NONNULL = YES;
				CLANG_ANALYZER_NUMBER_OBJECT_CONVERSION = YES_AGGRESSIVE;
				CLANG_CXX_LANGUAGE_STANDARD = "gnu++14";
				CLANG_CXX_LIBRARY = "libc++";
				CLANG_ENABLE_MODULES = YES;
				CLANG_ENABLE_OBJC_WEAK = YES;
				CLANG_WARN_BLOCK_CAPTURE_AUTORELEASING = YES;
				CLANG_WARN_BOOL_CONVERSION = YES;
				CLANG_WARN_COMMA = YES;
				CLANG_WARN_CONSTANT_CONVERSION = YES;
				CLANG_WARN_DEPRECATED_OBJC_IMPLEMENTATIONS = YES;
				CLANG_WARN_DIRECT_OBJC_ISA_USAGE = YES_ERROR;
				CLANG_WARN_DOCUMENTATION_COMMENTS = YES;
				CLANG_WARN_EMPTY_BODY = YES;
				CLANG_WARN_ENUM_CONVERSION = YES;
				CLANG_WARN_INFINITE_RECURSION = YES;
				CLANG_WARN_INT_CONVERSION = YES;
				CLANG_WARN_NON_LITERAL_NULL_CONVERSION = YES;
				CLANG_WARN_OBJC_IMPLICIT_RETAIN_SELF = YES;
				CLANG_WARN_OBJC_LITERAL_CONVERSION = YES;
				CLANG_WARN_OBJC_ROOT_CLASS = YES_ERROR;
				CLANG_WARN_RANGE_LOOP_ANALYSIS = YES;
				CLANG_WARN_STRICT_PROTOTYPES = YES;
				CLANG_WARN_SUSPICIOUS_MOVE = YES;
				CLANG_WARN_UNGUARDED_AVAILABILITY = YES_AGGRESSIVE;
				CLANG_WARN_UNREACHABLE_CODE = YES;
				CLANG_WARN__DUPLICATE_METHOD_MATCH = YES;
				CODE_SIGN_STYLE = Automatic;
				COPY_PHASE_STRIP = NO;
				ENABLE_NS_ASSERTIONS = NO;
				ENABLE_STRICT_OBJC_MSGSEND = YES;
				GCC_C_LANGUAGE_STANDARD = gnu11;
				GCC_NO_COMMON_BLOCKS = YES;
				GCC_WARN_64_TO_32_BIT_CONVERSION = YES;
				GCC_WARN_ABOUT_RETURN_TYPE = YES_ERROR;
				GCC_WARN_UNDECLARED_SELECTOR = YES;
				GCC_WARN_UNINITIALIZED_AUTOS = YES_AGGRESSIVE;
				GCC_WARN_UNUSED_FUNCTION = YES;
				GCC_WARN_UNUSED_VARIABLE = YES;
				INFOPLIST_FILE = ListKitExample/SupportFiles/Info.plist;
				IPHONEOS_DEPLOYMENT_TARGET = 10.0;
				LD_RUNPATH_SEARCH_PATHS = "$(inherited) @executable_path/Frameworks";
				MTL_ENABLE_DEBUG_INFO = NO;
				MTL_FAST_MATH = YES;
				PRODUCT_BUNDLE_IDENTIFIER = com.frain.ListKitExample;
				PRODUCT_NAME = "$(TARGET_NAME)";
				SDKROOT = iphoneos;
				SWIFT_VERSION = 5.0;
				TARGETED_DEVICE_FAMILY = "1,2";
				VALIDATE_PRODUCT = YES;
			};
			name = Release;
		};
		OBJ_15 /* Debug */ = {
			isa = XCBuildConfiguration;
			buildSettings = {
				ENABLE_TESTABILITY = YES;
				FRAMEWORK_SEARCH_PATHS = (
					"$(inherited)",
					"$(PLATFORM_DIR)/Developer/Library/Frameworks",
				);
				HEADER_SEARCH_PATHS = "$(inherited)";
				INFOPLIST_FILE = ListKit.xcodeproj/ListKit_Info.plist;
				IPHONEOS_DEPLOYMENT_TARGET = 9.0;
				LD_RUNPATH_SEARCH_PATHS = "$(inherited) $(TOOLCHAIN_DIR)/usr/lib/swift/macosx";
				MACOSX_DEPLOYMENT_TARGET = 10.15;
				OTHER_CFLAGS = "$(inherited)";
				OTHER_LDFLAGS = "$(inherited)";
				OTHER_SWIFT_FLAGS = "$(inherited)";
				PRODUCT_BUNDLE_IDENTIFIER = ListKit;
				PRODUCT_MODULE_NAME = "$(TARGET_NAME:c99extidentifier)";
				PRODUCT_NAME = "$(TARGET_NAME:c99extidentifier)";
				SKIP_INSTALL = YES;
				SWIFT_ACTIVE_COMPILATION_CONDITIONS = "$(inherited)";
				SWIFT_VERSION = 5.0;
				TARGET_NAME = ListKit;
			};
			name = Debug;
		};
		OBJ_16 /* Release */ = {
			isa = XCBuildConfiguration;
			buildSettings = {
				ENABLE_TESTABILITY = YES;
				FRAMEWORK_SEARCH_PATHS = (
					"$(inherited)",
					"$(PLATFORM_DIR)/Developer/Library/Frameworks",
				);
				HEADER_SEARCH_PATHS = "$(inherited)";
				INFOPLIST_FILE = ListKit.xcodeproj/ListKit_Info.plist;
				IPHONEOS_DEPLOYMENT_TARGET = 9.0;
				LD_RUNPATH_SEARCH_PATHS = "$(inherited) $(TOOLCHAIN_DIR)/usr/lib/swift/macosx";
				MACOSX_DEPLOYMENT_TARGET = 10.15;
				OTHER_CFLAGS = "$(inherited)";
				OTHER_LDFLAGS = "$(inherited)";
				OTHER_SWIFT_FLAGS = "$(inherited)";
				PRODUCT_BUNDLE_IDENTIFIER = ListKit;
				PRODUCT_MODULE_NAME = "$(TARGET_NAME:c99extidentifier)";
				PRODUCT_NAME = "$(TARGET_NAME:c99extidentifier)";
				SKIP_INSTALL = YES;
				SWIFT_ACTIVE_COMPILATION_CONDITIONS = "$(inherited)";
				SWIFT_VERSION = 5.0;
				TARGET_NAME = ListKit;
			};
			name = Release;
		};
		OBJ_22 /* Debug */ = {
			isa = XCBuildConfiguration;
			buildSettings = {
				LD = /usr/bin/true;
				OTHER_SWIFT_FLAGS = "-swift-version 5 -I $(TOOLCHAIN_DIR)/usr/lib/swift/pm/4_2 -target x86_64-apple-macosx10.10 -sdk /Applications/Xcode.app/Contents/Developer/Platforms/MacOSX.platform/Developer/SDKs/MacOSX10.15.sdk -package-description-version 5.1";
				SWIFT_VERSION = 5.0;
			};
			name = Debug;
		};
		OBJ_23 /* Release */ = {
			isa = XCBuildConfiguration;
			buildSettings = {
				LD = /usr/bin/true;
				OTHER_SWIFT_FLAGS = "-swift-version 5 -I $(TOOLCHAIN_DIR)/usr/lib/swift/pm/4_2 -target x86_64-apple-macosx10.10 -sdk /Applications/Xcode.app/Contents/Developer/Platforms/MacOSX.platform/Developer/SDKs/MacOSX10.15.sdk -package-description-version 5.1";
				SWIFT_VERSION = 5.0;
			};
			name = Release;
		};
		OBJ_3 /* Debug */ = {
			isa = XCBuildConfiguration;
			buildSettings = {
				CLANG_ENABLE_OBJC_ARC = YES;
				CLANG_WARN_BLOCK_CAPTURE_AUTORELEASING = YES;
				CLANG_WARN_BOOL_CONVERSION = YES;
				CLANG_WARN_COMMA = YES;
				CLANG_WARN_CONSTANT_CONVERSION = YES;
				CLANG_WARN_DEPRECATED_OBJC_IMPLEMENTATIONS = YES;
				CLANG_WARN_EMPTY_BODY = YES;
				CLANG_WARN_ENUM_CONVERSION = YES;
				CLANG_WARN_INFINITE_RECURSION = YES;
				CLANG_WARN_INT_CONVERSION = YES;
				CLANG_WARN_NON_LITERAL_NULL_CONVERSION = YES;
				CLANG_WARN_OBJC_IMPLICIT_RETAIN_SELF = YES;
				CLANG_WARN_OBJC_LITERAL_CONVERSION = YES;
				CLANG_WARN_RANGE_LOOP_ANALYSIS = YES;
				CLANG_WARN_STRICT_PROTOTYPES = YES;
				CLANG_WARN_SUSPICIOUS_MOVE = YES;
				CLANG_WARN_UNREACHABLE_CODE = YES;
				CLANG_WARN__DUPLICATE_METHOD_MATCH = YES;
				COMBINE_HIDPI_IMAGES = YES;
				COPY_PHASE_STRIP = NO;
				DEBUG_INFORMATION_FORMAT = dwarf;
				DYLIB_INSTALL_NAME_BASE = "@rpath";
				ENABLE_NS_ASSERTIONS = YES;
				ENABLE_STRICT_OBJC_MSGSEND = YES;
				ENABLE_TESTABILITY = YES;
				GCC_NO_COMMON_BLOCKS = YES;
				GCC_OPTIMIZATION_LEVEL = 0;
				GCC_PREPROCESSOR_DEFINITIONS = (
					"$(inherited)",
					"SWIFT_PACKAGE=1",
					"DEBUG=1",
				);
				GCC_WARN_64_TO_32_BIT_CONVERSION = YES;
				GCC_WARN_ABOUT_RETURN_TYPE = YES;
				GCC_WARN_UNDECLARED_SELECTOR = YES;
				GCC_WARN_UNINITIALIZED_AUTOS = YES;
				GCC_WARN_UNUSED_FUNCTION = YES;
				GCC_WARN_UNUSED_VARIABLE = YES;
				MACOSX_DEPLOYMENT_TARGET = 10.10;
				ONLY_ACTIVE_ARCH = YES;
				OTHER_SWIFT_FLAGS = "$(inherited) -DXcode";
				PRODUCT_NAME = "$(TARGET_NAME)";
				SDKROOT = macosx;
				SUPPORTED_PLATFORMS = "macosx iphoneos iphonesimulator";
				SWIFT_ACTIVE_COMPILATION_CONDITIONS = "$(inherited) SWIFT_PACKAGE DEBUG";
				SWIFT_OPTIMIZATION_LEVEL = "-Onone";
				USE_HEADERMAP = NO;
			};
			name = Debug;
		};
		OBJ_4 /* Release */ = {
			isa = XCBuildConfiguration;
			buildSettings = {
				CLANG_ENABLE_OBJC_ARC = YES;
				CLANG_WARN_BLOCK_CAPTURE_AUTORELEASING = YES;
				CLANG_WARN_BOOL_CONVERSION = YES;
				CLANG_WARN_COMMA = YES;
				CLANG_WARN_CONSTANT_CONVERSION = YES;
				CLANG_WARN_DEPRECATED_OBJC_IMPLEMENTATIONS = YES;
				CLANG_WARN_EMPTY_BODY = YES;
				CLANG_WARN_ENUM_CONVERSION = YES;
				CLANG_WARN_INFINITE_RECURSION = YES;
				CLANG_WARN_INT_CONVERSION = YES;
				CLANG_WARN_NON_LITERAL_NULL_CONVERSION = YES;
				CLANG_WARN_OBJC_IMPLICIT_RETAIN_SELF = YES;
				CLANG_WARN_OBJC_LITERAL_CONVERSION = YES;
				CLANG_WARN_RANGE_LOOP_ANALYSIS = YES;
				CLANG_WARN_STRICT_PROTOTYPES = YES;
				CLANG_WARN_SUSPICIOUS_MOVE = YES;
				CLANG_WARN_UNREACHABLE_CODE = YES;
				CLANG_WARN__DUPLICATE_METHOD_MATCH = YES;
				COMBINE_HIDPI_IMAGES = YES;
				COPY_PHASE_STRIP = YES;
				DEBUG_INFORMATION_FORMAT = "dwarf-with-dsym";
				DYLIB_INSTALL_NAME_BASE = "@rpath";
				ENABLE_STRICT_OBJC_MSGSEND = YES;
				GCC_NO_COMMON_BLOCKS = YES;
				GCC_OPTIMIZATION_LEVEL = s;
				GCC_PREPROCESSOR_DEFINITIONS = (
					"$(inherited)",
					"SWIFT_PACKAGE=1",
				);
				GCC_WARN_64_TO_32_BIT_CONVERSION = YES;
				GCC_WARN_ABOUT_RETURN_TYPE = YES;
				GCC_WARN_UNDECLARED_SELECTOR = YES;
				GCC_WARN_UNINITIALIZED_AUTOS = YES;
				GCC_WARN_UNUSED_FUNCTION = YES;
				GCC_WARN_UNUSED_VARIABLE = YES;
				MACOSX_DEPLOYMENT_TARGET = 10.10;
				OTHER_SWIFT_FLAGS = "$(inherited) -DXcode";
				PRODUCT_NAME = "$(TARGET_NAME)";
				SDKROOT = macosx;
				SUPPORTED_PLATFORMS = "macosx iphoneos iphonesimulator";
				SWIFT_ACTIVE_COMPILATION_CONDITIONS = "$(inherited) SWIFT_PACKAGE";
				SWIFT_OPTIMIZATION_LEVEL = "-Owholemodule";
				USE_HEADERMAP = NO;
			};
			name = Release;
		};
/* End XCBuildConfiguration section */

/* Begin XCConfigurationList section */
		F365502A2451B4070038172F /* Build configuration list for PBXNativeTarget "ListKitExample" */ = {
			isa = XCConfigurationList;
			buildConfigurations = (
				F36550282451B4070038172F /* Debug */,
				F36550292451B4070038172F /* Release */,
			);
			defaultConfigurationIsVisible = 0;
			defaultConfigurationName = Release;
		};
		OBJ_14 /* Build configuration list for PBXNativeTarget "ListKit" */ = {
			isa = XCConfigurationList;
			buildConfigurations = (
				OBJ_15 /* Debug */,
				OBJ_16 /* Release */,
			);
			defaultConfigurationIsVisible = 0;
			defaultConfigurationName = Release;
		};
		OBJ_2 /* Build configuration list for PBXProject "ListKit" */ = {
			isa = XCConfigurationList;
			buildConfigurations = (
				OBJ_3 /* Debug */,
				OBJ_4 /* Release */,
			);
			defaultConfigurationIsVisible = 0;
			defaultConfigurationName = Release;
		};
		OBJ_21 /* Build configuration list for PBXNativeTarget "ListKitPackageDescription" */ = {
			isa = XCConfigurationList;
			buildConfigurations = (
				OBJ_22 /* Debug */,
				OBJ_23 /* Release */,
			);
			defaultConfigurationIsVisible = 0;
			defaultConfigurationName = Release;
		};
/* End XCConfigurationList section */
	};
	rootObject = OBJ_1 /* Project object */;
}
