// !$*UTF8*$!
{
	archiveVersion = 1;
	classes = {
	};
	objectVersion = 54;
	objects = {

/* Begin PBXBuildFile section */
		33EA9D112A7956D900C29C6C /* Differing.swift in Sources */ = {isa = PBXBuildFile; fileRef = 33EA9D102A7956D900C29C6C /* Differing.swift */; };
		3C092F442A40404A00C9F72D /* TypedListAdapter.swift in Sources */ = {isa = PBXBuildFile; fileRef = 3C092F432A40404A00C9F72D /* TypedListAdapter.swift */; };
		3C092F462A40410F00C9F72D /* ListBuilder.swift in Sources */ = {isa = PBXBuildFile; fileRef = 3C092F452A40410F00C9F72D /* ListBuilder.swift */; };
		3C275A5D28A6562600975E07 /* ListAdapter.swift in Sources */ = {isa = PBXBuildFile; fileRef = 3C275A5C28A6562600975E07 /* ListAdapter.swift */; };
		3C3C5D982A790B1400FDD815 /* ListAdapter+NSCollectionView.swift in Sources */ = {isa = PBXBuildFile; fileRef = 3C3C5D972A790B1300FDD815 /* ListAdapter+NSCollectionView.swift */; };
		3C3C5D9B2A790FF500FDD815 /* ListDelegates+NSCollectionView.swift in Sources */ = {isa = PBXBuildFile; fileRef = 3C3C5D9A2A790FF500FDD815 /* ListDelegates+NSCollectionView.swift */; };
		3CABA14F2B52C32300ABD815 /* Context+APPKit.swift in Sources */ = {isa = PBXBuildFile; fileRef = 3CABA14E2B52C32300ABD815 /* Context+APPKit.swift */; };
		3CABA1512B52C4D200ABD815 /* ListViewStorage+AppKit.swift in Sources */ = {isa = PBXBuildFile; fileRef = 3CABA1502B52C4D200ABD815 /* ListViewStorage+AppKit.swift */; };
		3CABA1592B52D68200ABD815 /* ExampleApp.swift in Sources */ = {isa = PBXBuildFile; fileRef = 3CABA1582B52D68200ABD815 /* ExampleApp.swift */; };
		3CABA15D2B52D68400ABD815 /* Assets.xcassets in Resources */ = {isa = PBXBuildFile; fileRef = 3CABA15C2B52D68400ABD815 /* Assets.xcassets */; };
		3CABA1612B52D68400ABD815 /* Preview Assets.xcassets in Resources */ = {isa = PBXBuildFile; fileRef = 3CABA1602B52D68400ABD815 /* Preview Assets.xcassets */; };
		3CABA16C2B52D6E300ABD815 /* ContentsViewController.swift in Sources */ = {isa = PBXBuildFile; fileRef = 3CABA1662B52D6E300ABD815 /* ContentsViewController.swift */; };
		3CABA16D2B52D6E300ABD815 /* TestListViewController.swift in Sources */ = {isa = PBXBuildFile; fileRef = 3CABA1672B52D6E300ABD815 /* TestListViewController.swift */; };
		3CABA16E2B52D6E300ABD815 /* IdentifiableSectionListViewController.swift in Sources */ = {isa = PBXBuildFile; fileRef = 3CABA1682B52D6E300ABD815 /* IdentifiableSectionListViewController.swift */; };
		3CABA16F2B52D6E300ABD815 /* NestedListViewController.swift in Sources */ = {isa = PBXBuildFile; fileRef = 3CABA1692B52D6E300ABD815 /* NestedListViewController.swift */; };
		3CABA1702B52D6E300ABD815 /* SectionListViewControlle.swift in Sources */ = {isa = PBXBuildFile; fileRef = 3CABA16A2B52D6E300ABD815 /* SectionListViewControlle.swift */; };
		3CABA1712B52D6E300ABD815 /* SimpleListViewController.swift in Sources */ = {isa = PBXBuildFile; fileRef = 3CABA16B2B52D6E300ABD815 /* SimpleListViewController.swift */; };
		3CB1153029B75FAF00312263 /* TupleListAdapters.swift in Sources */ = {isa = PBXBuildFile; fileRef = 3CB1152F29B75FAF00312263 /* TupleListAdapters.swift */; };
		3CB1153229B76CB500312263 /* TableListAdapter.swift in Sources */ = {isa = PBXBuildFile; fileRef = 3CB1153129B76CB500312263 /* TableListAdapter.swift */; };
		3CB1153629B7770F00312263 /* CollectionListAdapter.swift in Sources */ = {isa = PBXBuildFile; fileRef = 3CB1153529B7770F00312263 /* CollectionListAdapter.swift */; };
		3CD3EEC529CD4749003DE3CB /* ListKit.framework in Frameworks */ = {isa = PBXBuildFile; fileRef = "ListKit::ListKit::Product" /* ListKit.framework */; };
		3CD3EECB29CD4762003DE3CB /* ListCoordinatorContextTests.swift in Sources */ = {isa = PBXBuildFile; fileRef = 3CD3EEBC29CD46E0003DE3CB /* ListCoordinatorContextTests.swift */; };
		3CD3EECD29CD4775003DE3CB /* ListCoordinatorTests.swift in Sources */ = {isa = PBXBuildFile; fileRef = 3CD3EECC29CD4775003DE3CB /* ListCoordinatorTests.swift */; };
		3CD3EED129CDB15E003DE3CB /* DataSourcesCoordinator.swift in Sources */ = {isa = PBXBuildFile; fileRef = 3CD3EED029CDB15E003DE3CB /* DataSourcesCoordinator.swift */; };
		3CE7FE632B530673003AC341 /* ListKit in Frameworks */ = {isa = PBXBuildFile; productRef = 3CE7FE622B530673003AC341 /* ListKit */; };
		3CF219622A25F60C00C309E4 /* Modifier.swift in Sources */ = {isa = PBXBuildFile; fileRef = 3CF219612A25F60C00C309E4 /* Modifier.swift */; };
		F3040D81238B21560055E6E7 /* ListCoordinator.swift in Sources */ = {isa = PBXBuildFile; fileRef = F3040D80238B21560055E6E7 /* ListCoordinator.swift */; };
		F304A6DF239E94CC00133D14 /* Context+UIKit.swift in Sources */ = {isa = PBXBuildFile; fileRef = F304A6DE239E94CC00133D14 /* Context+UIKit.swift */; };
		F304A6E1239E95DC00133D14 /* ListView+NSCollectionView.swift in Sources */ = {isa = PBXBuildFile; fileRef = F304A6E0239E95DB00133D14 /* ListView+NSCollectionView.swift */; };
		F304A6E3239E95ED00133D14 /* ListView+NSTableView.swift in Sources */ = {isa = PBXBuildFile; fileRef = F304A6E2239E95ED00133D14 /* ListView+NSTableView.swift */; };
		F304A6E5239E962300133D14 /* NSListView.swift in Sources */ = {isa = PBXBuildFile; fileRef = F304A6E4239E962300133D14 /* NSListView.swift */; };
		F30CF60924E7D23F0078720C /* ListAdapters.swift in Sources */ = {isa = PBXBuildFile; fileRef = F3AD067F238FF3DA000AF1B3 /* ListAdapters.swift */; };
		F30CF60A24E7D2440078720C /* CollectionElements.swift in Sources */ = {isa = PBXBuildFile; fileRef = F3AD0139238BE6FE000AF1B3 /* CollectionElements.swift */; };
		F31250E9239C545200E77969 /* ListView.swift in Sources */ = {isa = PBXBuildFile; fileRef = F31250E8239C545200E77969 /* ListView.swift */; };
		F31250EE239C5EB200E77969 /* ListDelegates+UICollectionView.swift in Sources */ = {isa = PBXBuildFile; fileRef = F31250ED239C5EB200E77969 /* ListDelegates+UICollectionView.swift */; };
		F31250F0239C636100E77969 /* ListDelegates+UIScrollView.swift in Sources */ = {isa = PBXBuildFile; fileRef = F31250EF239C636100E77969 /* ListDelegates+UIScrollView.swift */; };
		F312515C239E352100E77969 /* ListDelegates+UITableView.swift in Sources */ = {isa = PBXBuildFile; fileRef = F312515B239E352100E77969 /* ListDelegates+UITableView.swift */; };
		F314FAE223BC71EA0060985E /* Delegate.swift in Sources */ = {isa = PBXBuildFile; fileRef = F314FAE123BC71EA0060985E /* Delegate.swift */; };
		F329598323A10B7D001D6063 /* ListViewStorage+UIKit.swift in Sources */ = {isa = PBXBuildFile; fileRef = F329598223A10B7D001D6063 /* ListViewStorage+UIKit.swift */; };
		F32F922B25B6FAAC00C55F7A /* ListDelegate+IndexFunction+CallAsFunction.swift in Sources */ = {isa = PBXBuildFile; fileRef = F32F922A25B6FAAC00C55F7A /* ListDelegate+IndexFunction+CallAsFunction.swift */; };
		F33FBC3D234F33A70054BA38 /* DataSource.swift in Sources */ = {isa = PBXBuildFile; fileRef = F33FBC3C234F33A70054BA38 /* DataSource.swift */; };
		F34E7F3C24D6D3B600DE3844 /* ListContext.swift in Sources */ = {isa = PBXBuildFile; fileRef = F34E7F3B24D6D3B600DE3844 /* ListContext.swift */; };
		F354B6F624C38A0C00E9D19B /* BatchUpdate.swift in Sources */ = {isa = PBXBuildFile; fileRef = F354B6F524C38A0C00E9D19B /* BatchUpdate.swift */; };
		F35BBA07239FD1600024EA7D /* ListAdapter+UITableView.swift in Sources */ = {isa = PBXBuildFile; fileRef = F35BBA06239FD1600024EA7D /* ListAdapter+UITableView.swift */; };
		F3698AFD258B5DB800285F56 /* ListDelegate.swift in Sources */ = {isa = PBXBuildFile; fileRef = F3698AFC258B5DB800285F56 /* ListDelegate.swift */; };
		F36E6016250AC69700F2D441 /* ConditionalListAdapters.swift in Sources */ = {isa = PBXBuildFile; fileRef = F36E6015250AC69700F2D441 /* ConditionalListAdapters.swift */; };
		F372F6E6248E52E9001B42D5 /* ListCoordinatorContext.swift in Sources */ = {isa = PBXBuildFile; fileRef = F372F6E5248E52E9001B42D5 /* ListCoordinatorContext.swift */; };
		F374B1442471A0FA0009420D /* Mapping.swift in Sources */ = {isa = PBXBuildFile; fileRef = F374B1432471A0FA0009420D /* Mapping.swift */; };
		F37A122A239FC0720001E9EE /* ListAdapter+UIScrollView.swift in Sources */ = {isa = PBXBuildFile; fileRef = F37A1229239FC0720001E9EE /* ListAdapter+UIScrollView.swift */; };
		F37A122E239FC0CB0001E9EE /* ListAdapter+UICollectionView.swift in Sources */ = {isa = PBXBuildFile; fileRef = F37A122D239FC0CB0001E9EE /* ListAdapter+UICollectionView.swift */; };
		F37BF3CA239686470095C419 /* SingleElement.swift in Sources */ = {isa = PBXBuildFile; fileRef = F37BF3C9239686470095C419 /* SingleElement.swift */; };
		F37BF3CC23968B7E0095C419 /* SectionedElements.swift in Sources */ = {isa = PBXBuildFile; fileRef = F37BF3CB23968B7E0095C419 /* SectionedElements.swift */; };
		F3831F8624EE95E1002B5D73 /* AllSelectors.swift in Sources */ = {isa = PBXBuildFile; fileRef = F3831F8524EE95E1002B5D73 /* AllSelectors.swift */; };
		F3841D5D2355E0DA006386E3 /* Collection+Extension.swift in Sources */ = {isa = PBXBuildFile; fileRef = F3841D5C2355E0DA006386E3 /* Collection+Extension.swift */; };
		F39A23F623A16D1F0024F9AF /* CoreData+Extension.swift in Sources */ = {isa = PBXBuildFile; fileRef = F39A23F523A16D1F0024F9AF /* CoreData+Extension.swift */; };
		F3A4A2EC2463AD22007FAB3B /* ListIndex.swift in Sources */ = {isa = PBXBuildFile; fileRef = F3A4A2EB2463AD22007FAB3B /* ListIndex.swift */; };
		F3D122C4254783530000BC3F /* IndexSet+Extension.swift in Sources */ = {isa = PBXBuildFile; fileRef = F3D122C3254783530000BC3F /* IndexSet+Extension.swift */; };
		F3D786FC2399318B00D7A5CD /* Associator.swift in Sources */ = {isa = PBXBuildFile; fileRef = F3D786FB2399318B00D7A5CD /* Associator.swift */; };
		F3D786FE239931CE00D7A5CD /* UIListView.swift in Sources */ = {isa = PBXBuildFile; fileRef = F3D786FD239931CE00D7A5CD /* UIListView.swift */; };
		F3D787022399327200D7A5CD /* ListView+UITableView.swift in Sources */ = {isa = PBXBuildFile; fileRef = F3D786FF2399327200D7A5CD /* ListView+UITableView.swift */; };
		F3D787032399327200D7A5CD /* ListViewStorage.swift in Sources */ = {isa = PBXBuildFile; fileRef = F3D787002399327200D7A5CD /* ListViewStorage.swift */; };
		F3D787042399327200D7A5CD /* ListView+UIcollectionView.swift in Sources */ = {isa = PBXBuildFile; fileRef = F3D787012399327200D7A5CD /* ListView+UIcollectionView.swift */; };
		F3EB15DA23A2CF8D00C9AC5E /* Optional+Extension.swift in Sources */ = {isa = PBXBuildFile; fileRef = F3EB15D923A2CF8D00C9AC5E /* Optional+Extension.swift */; };
		F3FAECCB24FFE0C3001CBA34 /* IndexPathSet.swift in Sources */ = {isa = PBXBuildFile; fileRef = F3FAECCA24FFE0C3001CBA34 /* IndexPathSet.swift */; };
		F3FAECCD24FFE16A001CBA34 /* ChangeSet.swift in Sources */ = {isa = PBXBuildFile; fileRef = F3FAECCC24FFE16A001CBA34 /* ChangeSet.swift */; };
		OBJ_18 /* ListKit.swift in Sources */ = {isa = PBXBuildFile; fileRef = OBJ_8 /* ListKit.swift */; };
/* End PBXBuildFile section */

/* Begin PBXContainerItemProxy section */
		3CD3EEC629CD4749003DE3CB /* PBXContainerItemProxy */ = {
			isa = PBXContainerItemProxy;
			containerPortal = OBJ_1 /* Project object */;
			proxyType = 1;
			remoteGlobalIDString = "ListKit::ListKit";
			remoteInfo = ListKit;
		};
/* End PBXContainerItemProxy section */

/* Begin PBXFileReference section */
		33EA9D102A7956D900C29C6C /* Differing.swift */ = {isa = PBXFileReference; fileEncoding = 4; lastKnownFileType = sourcecode.swift; path = Differing.swift; sourceTree = "<group>"; };
		3C092F432A40404A00C9F72D /* TypedListAdapter.swift */ = {isa = PBXFileReference; lastKnownFileType = sourcecode.swift; path = TypedListAdapter.swift; sourceTree = "<group>"; };
		3C092F452A40410F00C9F72D /* ListBuilder.swift */ = {isa = PBXFileReference; lastKnownFileType = sourcecode.swift; path = ListBuilder.swift; sourceTree = "<group>"; };
		3C275A5C28A6562600975E07 /* ListAdapter.swift */ = {isa = PBXFileReference; lastKnownFileType = sourcecode.swift; path = ListAdapter.swift; sourceTree = "<group>"; };
		3C3C5D972A790B1300FDD815 /* ListAdapter+NSCollectionView.swift */ = {isa = PBXFileReference; lastKnownFileType = sourcecode.swift; path = "ListAdapter+NSCollectionView.swift"; sourceTree = "<group>"; };
		3C3C5D9A2A790FF500FDD815 /* ListDelegates+NSCollectionView.swift */ = {isa = PBXFileReference; lastKnownFileType = sourcecode.swift; path = "ListDelegates+NSCollectionView.swift"; sourceTree = "<group>"; };
		3CABA14E2B52C32300ABD815 /* Context+APPKit.swift */ = {isa = PBXFileReference; lastKnownFileType = sourcecode.swift; path = "Context+APPKit.swift"; sourceTree = "<group>"; };
		3CABA1502B52C4D200ABD815 /* ListViewStorage+AppKit.swift */ = {isa = PBXFileReference; lastKnownFileType = sourcecode.swift; path = "ListViewStorage+AppKit.swift"; sourceTree = "<group>"; };
		3CABA1562B52D68200ABD815 /* Example.app */ = {isa = PBXFileReference; explicitFileType = wrapper.application; includeInIndex = 0; path = Example.app; sourceTree = BUILT_PRODUCTS_DIR; };
		3CABA1582B52D68200ABD815 /* ExampleApp.swift */ = {isa = PBXFileReference; lastKnownFileType = sourcecode.swift; path = ExampleApp.swift; sourceTree = "<group>"; };
		3CABA15C2B52D68400ABD815 /* Assets.xcassets */ = {isa = PBXFileReference; lastKnownFileType = folder.assetcatalog; path = Assets.xcassets; sourceTree = "<group>"; };
		3CABA15E2B52D68400ABD815 /* Example.entitlements */ = {isa = PBXFileReference; lastKnownFileType = text.plist.entitlements; path = Example.entitlements; sourceTree = "<group>"; };
		3CABA1602B52D68400ABD815 /* Preview Assets.xcassets */ = {isa = PBXFileReference; lastKnownFileType = folder.assetcatalog; path = "Preview Assets.xcassets"; sourceTree = "<group>"; };
		3CABA1652B52D6A100ABD815 /* ListKit.playground */ = {isa = PBXFileReference; lastKnownFileType = file.playground; path = ListKit.playground; sourceTree = "<group>"; };
		3CABA1662B52D6E300ABD815 /* ContentsViewController.swift */ = {isa = PBXFileReference; fileEncoding = 4; lastKnownFileType = sourcecode.swift; name = ContentsViewController.swift; path = ListKit.playground/Sources/ContentsViewController.swift; sourceTree = SOURCE_ROOT; };
		3CABA1672B52D6E300ABD815 /* TestListViewController.swift */ = {isa = PBXFileReference; fileEncoding = 4; lastKnownFileType = sourcecode.swift; name = TestListViewController.swift; path = ListKit.playground/Sources/TestListViewController.swift; sourceTree = SOURCE_ROOT; };
		3CABA1682B52D6E300ABD815 /* IdentifiableSectionListViewController.swift */ = {isa = PBXFileReference; fileEncoding = 4; lastKnownFileType = sourcecode.swift; name = IdentifiableSectionListViewController.swift; path = ListKit.playground/Sources/IdentifiableSectionListViewController.swift; sourceTree = SOURCE_ROOT; };
		3CABA1692B52D6E300ABD815 /* NestedListViewController.swift */ = {isa = PBXFileReference; fileEncoding = 4; lastKnownFileType = sourcecode.swift; name = NestedListViewController.swift; path = ListKit.playground/Sources/NestedListViewController.swift; sourceTree = SOURCE_ROOT; };
		3CABA16A2B52D6E300ABD815 /* SectionListViewControlle.swift */ = {isa = PBXFileReference; fileEncoding = 4; lastKnownFileType = sourcecode.swift; name = SectionListViewControlle.swift; path = ListKit.playground/Sources/SectionListViewControlle.swift; sourceTree = SOURCE_ROOT; };
		3CABA16B2B52D6E300ABD815 /* SimpleListViewController.swift */ = {isa = PBXFileReference; fileEncoding = 4; lastKnownFileType = sourcecode.swift; name = SimpleListViewController.swift; path = ListKit.playground/Sources/SimpleListViewController.swift; sourceTree = SOURCE_ROOT; };
		3CB1152F29B75FAF00312263 /* TupleListAdapters.swift */ = {isa = PBXFileReference; lastKnownFileType = sourcecode.swift; path = TupleListAdapters.swift; sourceTree = "<group>"; };
		3CB1153129B76CB500312263 /* TableListAdapter.swift */ = {isa = PBXFileReference; lastKnownFileType = sourcecode.swift; path = TableListAdapter.swift; sourceTree = "<group>"; };
		3CB1153529B7770F00312263 /* CollectionListAdapter.swift */ = {isa = PBXFileReference; lastKnownFileType = sourcecode.swift; path = CollectionListAdapter.swift; sourceTree = "<group>"; };
		3CD3EEBC29CD46E0003DE3CB /* ListCoordinatorContextTests.swift */ = {isa = PBXFileReference; lastKnownFileType = sourcecode.swift; path = ListCoordinatorContextTests.swift; sourceTree = "<group>"; };
		3CD3EEC129CD4749003DE3CB /* ListKitTests.xctest */ = {isa = PBXFileReference; explicitFileType = wrapper.cfbundle; includeInIndex = 0; path = ListKitTests.xctest; sourceTree = BUILT_PRODUCTS_DIR; };
		3CD3EECC29CD4775003DE3CB /* ListCoordinatorTests.swift */ = {isa = PBXFileReference; fileEncoding = 4; lastKnownFileType = sourcecode.swift; path = ListCoordinatorTests.swift; sourceTree = "<group>"; };
		3CD3EED029CDB15E003DE3CB /* DataSourcesCoordinator.swift */ = {isa = PBXFileReference; lastKnownFileType = sourcecode.swift; path = DataSourcesCoordinator.swift; sourceTree = "<group>"; };
		3CE7FE612B530666003AC341 /* ListKit */ = {isa = PBXFileReference; lastKnownFileType = text; name = ListKit; sourceTree = SOURCE_ROOT; };
		3CF219612A25F60C00C309E4 /* Modifier.swift */ = {isa = PBXFileReference; lastKnownFileType = sourcecode.swift; path = Modifier.swift; sourceTree = "<group>"; };
		F3040D80238B21560055E6E7 /* ListCoordinator.swift */ = {isa = PBXFileReference; lastKnownFileType = sourcecode.swift; path = ListCoordinator.swift; sourceTree = "<group>"; };
		F304A6DE239E94CC00133D14 /* Context+UIKit.swift */ = {isa = PBXFileReference; lastKnownFileType = sourcecode.swift; path = "Context+UIKit.swift"; sourceTree = "<group>"; };
		F304A6E0239E95DB00133D14 /* ListView+NSCollectionView.swift */ = {isa = PBXFileReference; lastKnownFileType = sourcecode.swift; path = "ListView+NSCollectionView.swift"; sourceTree = "<group>"; };
		F304A6E2239E95ED00133D14 /* ListView+NSTableView.swift */ = {isa = PBXFileReference; lastKnownFileType = sourcecode.swift; path = "ListView+NSTableView.swift"; sourceTree = "<group>"; };
		F304A6E4239E962300133D14 /* NSListView.swift */ = {isa = PBXFileReference; lastKnownFileType = sourcecode.swift; path = NSListView.swift; sourceTree = "<group>"; };
		F31250E8239C545200E77969 /* ListView.swift */ = {isa = PBXFileReference; lastKnownFileType = sourcecode.swift; path = ListView.swift; sourceTree = "<group>"; };
		F31250ED239C5EB200E77969 /* ListDelegates+UICollectionView.swift */ = {isa = PBXFileReference; lastKnownFileType = sourcecode.swift; path = "ListDelegates+UICollectionView.swift"; sourceTree = "<group>"; };
		F31250EF239C636100E77969 /* ListDelegates+UIScrollView.swift */ = {isa = PBXFileReference; lastKnownFileType = sourcecode.swift; path = "ListDelegates+UIScrollView.swift"; sourceTree = "<group>"; };
		F312515B239E352100E77969 /* ListDelegates+UITableView.swift */ = {isa = PBXFileReference; lastKnownFileType = sourcecode.swift; path = "ListDelegates+UITableView.swift"; sourceTree = "<group>"; };
		F314FAE123BC71EA0060985E /* Delegate.swift */ = {isa = PBXFileReference; lastKnownFileType = sourcecode.swift; path = Delegate.swift; sourceTree = "<group>"; };
		F329598223A10B7D001D6063 /* ListViewStorage+UIKit.swift */ = {isa = PBXFileReference; lastKnownFileType = sourcecode.swift; path = "ListViewStorage+UIKit.swift"; sourceTree = "<group>"; };
		F32F922A25B6FAAC00C55F7A /* ListDelegate+IndexFunction+CallAsFunction.swift */ = {isa = PBXFileReference; lastKnownFileType = sourcecode.swift; path = "ListDelegate+IndexFunction+CallAsFunction.swift"; sourceTree = "<group>"; };
		F33FBC3C234F33A70054BA38 /* DataSource.swift */ = {isa = PBXFileReference; lastKnownFileType = sourcecode.swift; path = DataSource.swift; sourceTree = "<group>"; };
		F34E7F3B24D6D3B600DE3844 /* ListContext.swift */ = {isa = PBXFileReference; lastKnownFileType = sourcecode.swift; path = ListContext.swift; sourceTree = "<group>"; };
		F354B6F524C38A0C00E9D19B /* BatchUpdate.swift */ = {isa = PBXFileReference; lastKnownFileType = sourcecode.swift; path = BatchUpdate.swift; sourceTree = "<group>"; };
		F35BBA06239FD1600024EA7D /* ListAdapter+UITableView.swift */ = {isa = PBXFileReference; lastKnownFileType = sourcecode.swift; path = "ListAdapter+UITableView.swift"; sourceTree = "<group>"; };
		F3698AFC258B5DB800285F56 /* ListDelegate.swift */ = {isa = PBXFileReference; lastKnownFileType = sourcecode.swift; path = ListDelegate.swift; sourceTree = "<group>"; };
		F36E6015250AC69700F2D441 /* ConditionalListAdapters.swift */ = {isa = PBXFileReference; lastKnownFileType = sourcecode.swift; path = ConditionalListAdapters.swift; sourceTree = "<group>"; };
		F372F6E5248E52E9001B42D5 /* ListCoordinatorContext.swift */ = {isa = PBXFileReference; lastKnownFileType = sourcecode.swift; path = ListCoordinatorContext.swift; sourceTree = "<group>"; };
		F374B1432471A0FA0009420D /* Mapping.swift */ = {isa = PBXFileReference; lastKnownFileType = sourcecode.swift; path = Mapping.swift; sourceTree = "<group>"; };
		F37A1229239FC0720001E9EE /* ListAdapter+UIScrollView.swift */ = {isa = PBXFileReference; lastKnownFileType = sourcecode.swift; path = "ListAdapter+UIScrollView.swift"; sourceTree = "<group>"; };
		F37A122D239FC0CB0001E9EE /* ListAdapter+UICollectionView.swift */ = {isa = PBXFileReference; lastKnownFileType = sourcecode.swift; path = "ListAdapter+UICollectionView.swift"; sourceTree = "<group>"; };
		F37BF3C9239686470095C419 /* SingleElement.swift */ = {isa = PBXFileReference; lastKnownFileType = sourcecode.swift; path = SingleElement.swift; sourceTree = "<group>"; };
		F37BF3CB23968B7E0095C419 /* SectionedElements.swift */ = {isa = PBXFileReference; lastKnownFileType = sourcecode.swift; path = SectionedElements.swift; sourceTree = "<group>"; };
		F3831F8524EE95E1002B5D73 /* AllSelectors.swift */ = {isa = PBXFileReference; fileEncoding = 4; lastKnownFileType = sourcecode.swift; path = AllSelectors.swift; sourceTree = "<group>"; };
		F3841D5C2355E0DA006386E3 /* Collection+Extension.swift */ = {isa = PBXFileReference; lastKnownFileType = sourcecode.swift; path = "Collection+Extension.swift"; sourceTree = "<group>"; };
		F39A23F523A16D1F0024F9AF /* CoreData+Extension.swift */ = {isa = PBXFileReference; lastKnownFileType = sourcecode.swift; path = "CoreData+Extension.swift"; sourceTree = "<group>"; };
		F3A4A2EB2463AD22007FAB3B /* ListIndex.swift */ = {isa = PBXFileReference; lastKnownFileType = sourcecode.swift; path = ListIndex.swift; sourceTree = "<group>"; };
		F3AD0139238BE6FE000AF1B3 /* CollectionElements.swift */ = {isa = PBXFileReference; lastKnownFileType = sourcecode.swift; path = CollectionElements.swift; sourceTree = "<group>"; };
		F3AD067F238FF3DA000AF1B3 /* ListAdapters.swift */ = {isa = PBXFileReference; lastKnownFileType = sourcecode.swift; path = ListAdapters.swift; sourceTree = "<group>"; };
		F3D122C3254783530000BC3F /* IndexSet+Extension.swift */ = {isa = PBXFileReference; lastKnownFileType = sourcecode.swift; path = "IndexSet+Extension.swift"; sourceTree = "<group>"; };
		F3D786FB2399318B00D7A5CD /* Associator.swift */ = {isa = PBXFileReference; fileEncoding = 4; lastKnownFileType = sourcecode.swift; path = Associator.swift; sourceTree = "<group>"; };
		F3D786FD239931CE00D7A5CD /* UIListView.swift */ = {isa = PBXFileReference; lastKnownFileType = sourcecode.swift; path = UIListView.swift; sourceTree = "<group>"; };
		F3D786FF2399327200D7A5CD /* ListView+UITableView.swift */ = {isa = PBXFileReference; fileEncoding = 4; lastKnownFileType = sourcecode.swift; path = "ListView+UITableView.swift"; sourceTree = "<group>"; };
		F3D787002399327200D7A5CD /* ListViewStorage.swift */ = {isa = PBXFileReference; fileEncoding = 4; lastKnownFileType = sourcecode.swift; path = ListViewStorage.swift; sourceTree = "<group>"; };
		F3D787012399327200D7A5CD /* ListView+UIcollectionView.swift */ = {isa = PBXFileReference; fileEncoding = 4; lastKnownFileType = sourcecode.swift; path = "ListView+UIcollectionView.swift"; sourceTree = "<group>"; };
		F3EB15D923A2CF8D00C9AC5E /* Optional+Extension.swift */ = {isa = PBXFileReference; lastKnownFileType = sourcecode.swift; path = "Optional+Extension.swift"; sourceTree = "<group>"; };
		F3FAECCA24FFE0C3001CBA34 /* IndexPathSet.swift */ = {isa = PBXFileReference; lastKnownFileType = sourcecode.swift; path = IndexPathSet.swift; sourceTree = "<group>"; };
		F3FAECCC24FFE16A001CBA34 /* ChangeSet.swift */ = {isa = PBXFileReference; lastKnownFileType = sourcecode.swift; path = ChangeSet.swift; sourceTree = "<group>"; };
		"ListKit::ListKit::Product" /* ListKit.framework */ = {isa = PBXFileReference; explicitFileType = wrapper.framework; path = ListKit.framework; sourceTree = BUILT_PRODUCTS_DIR; };
		OBJ_12 /* README.md */ = {isa = PBXFileReference; lastKnownFileType = net.daringfireball.markdown; path = README.md; sourceTree = "<group>"; };
		OBJ_6 /* Package.swift */ = {isa = PBXFileReference; explicitFileType = sourcecode.swift; path = Package.swift; sourceTree = "<group>"; };
		OBJ_8 /* ListKit.swift */ = {isa = PBXFileReference; lastKnownFileType = sourcecode.swift; path = ListKit.swift; sourceTree = "<group>"; };
/* End PBXFileReference section */

/* Begin PBXFrameworksBuildPhase section */
		3CABA1532B52D68200ABD815 /* Frameworks */ = {
			isa = PBXFrameworksBuildPhase;
			buildActionMask = 2147483647;
			files = (
				3CE7FE632B530673003AC341 /* ListKit in Frameworks */,
			);
			runOnlyForDeploymentPostprocessing = 0;
		};
		3CD3EEBE29CD4749003DE3CB /* Frameworks */ = {
			isa = PBXFrameworksBuildPhase;
			buildActionMask = 2147483647;
			files = (
				3CD3EEC529CD4749003DE3CB /* ListKit.framework in Frameworks */,
			);
			runOnlyForDeploymentPostprocessing = 0;
		};
		OBJ_19 /* Frameworks */ = {
			isa = PBXFrameworksBuildPhase;
			buildActionMask = 0;
			files = (
			);
			runOnlyForDeploymentPostprocessing = 0;
		};
/* End PBXFrameworksBuildPhase section */

/* Begin PBXGroup section */
		3C3C5D962A7909BC00FDD815 /* ListAdapter+AppKit */ = {
			isa = PBXGroup;
			children = (
				3C3C5D972A790B1300FDD815 /* ListAdapter+NSCollectionView.swift */,
			);
			path = "ListAdapter+AppKit";
			sourceTree = "<group>";
		};
		3C3C5D992A790FD300FDD815 /* ListDelegates+AppKit */ = {
			isa = PBXGroup;
			children = (
				3C3C5D9A2A790FF500FDD815 /* ListDelegates+NSCollectionView.swift */,
			);
			path = "ListDelegates+AppKit";
			sourceTree = "<group>";
		};
		3CABA1572B52D68200ABD815 /* Example */ = {
			isa = PBXGroup;
			children = (
				3CE7FE612B530666003AC341 /* ListKit */,
				3CABA1662B52D6E300ABD815 /* ContentsViewController.swift */,
				3CABA1682B52D6E300ABD815 /* IdentifiableSectionListViewController.swift */,
				3CABA1692B52D6E300ABD815 /* NestedListViewController.swift */,
				3CABA16A2B52D6E300ABD815 /* SectionListViewControlle.swift */,
				3CABA16B2B52D6E300ABD815 /* SimpleListViewController.swift */,
				3CABA1672B52D6E300ABD815 /* TestListViewController.swift */,
				3CABA1582B52D68200ABD815 /* ExampleApp.swift */,
				3CABA15C2B52D68400ABD815 /* Assets.xcassets */,
				3CABA15E2B52D68400ABD815 /* Example.entitlements */,
				3CABA15F2B52D68400ABD815 /* Preview Content */,
			);
			path = Example;
			sourceTree = "<group>";
		};
		3CABA15F2B52D68400ABD815 /* Preview Content */ = {
			isa = PBXGroup;
			children = (
				3CABA1602B52D68400ABD815 /* Preview Assets.xcassets */,
			);
			path = "Preview Content";
			sourceTree = "<group>";
		};
		3CF219602A25F5F900C309E4 /* Modifier */ = {
			isa = PBXGroup;
			children = (
				3CF219612A25F60C00C309E4 /* Modifier.swift */,
			);
			path = Modifier;
			sourceTree = "<group>";
		};
		F3040D242389046D0055E6E7 /* ListAdapter */ = {
			isa = PBXGroup;
			children = (
				3C3C5D962A7909BC00FDD815 /* ListAdapter+AppKit */,
				F37A1228239FC0590001E9EE /* ListAdapter+UIKit */,
				3C275A5C28A6562600975E07 /* ListAdapter.swift */,
				3C092F452A40410F00C9F72D /* ListBuilder.swift */,
				3C092F432A40404A00C9F72D /* TypedListAdapter.swift */,
				3CB1153129B76CB500312263 /* TableListAdapter.swift */,
				3CB1153529B7770F00312263 /* CollectionListAdapter.swift */,
			);
			path = ListAdapter;
			sourceTree = "<group>";
		};
		F310D24E2351E1CC00ED691C /* Coordinator */ = {
			isa = PBXGroup;
			children = (
				F372F6E5248E52E9001B42D5 /* ListCoordinatorContext.swift */,
				F3040D80238B21560055E6E7 /* ListCoordinator.swift */,
				3CD3EED029CDB15E003DE3CB /* DataSourcesCoordinator.swift */,
			);
			path = Coordinator;
			sourceTree = "<group>";
		};
		F314FAE023BC71D50060985E /* Delegate */ = {
			isa = PBXGroup;
			children = (
				3C3C5D992A790FD300FDD815 /* ListDelegates+AppKit */,
				F314FAE323BC74D70060985E /* ListDelegates+UIKit */,
				F314FAE123BC71EA0060985E /* Delegate.swift */,
				F3831F8524EE95E1002B5D73 /* AllSelectors.swift */,
				F3698AFC258B5DB800285F56 /* ListDelegate.swift */,
			);
			path = Delegate;
			sourceTree = "<group>";
		};
		F314FAE323BC74D70060985E /* ListDelegates+UIKit */ = {
			isa = PBXGroup;
			children = (
				F32F922A25B6FAAC00C55F7A /* ListDelegate+IndexFunction+CallAsFunction.swift */,
				F31250EF239C636100E77969 /* ListDelegates+UIScrollView.swift */,
				F31250ED239C5EB200E77969 /* ListDelegates+UICollectionView.swift */,
				F312515B239E352100E77969 /* ListDelegates+UITableView.swift */,
			);
			path = "ListDelegates+UIKit";
			sourceTree = "<group>";
		};
		F33FBC38234F26B60054BA38 /* Tests */ = {
			isa = PBXGroup;
			children = (
				F33FBC39234F26B60054BA38 /* ListKitTests */,
			);
			path = Tests;
			sourceTree = "<group>";
		};
		F33FBC39234F26B60054BA38 /* ListKitTests */ = {
			isa = PBXGroup;
			children = (
				3CD3EECC29CD4775003DE3CB /* ListCoordinatorTests.swift */,
				3CD3EEBC29CD46E0003DE3CB /* ListCoordinatorContextTests.swift */,
			);
			path = ListKitTests;
			sourceTree = "<group>";
		};
		F33FBC3B234F29E30054BA38 /* DataSource */ = {
			isa = PBXGroup;
			children = (
				F33FBC3C234F33A70054BA38 /* DataSource.swift */,
				F37BF3C9239686470095C419 /* SingleElement.swift */,
				F3AD0139238BE6FE000AF1B3 /* CollectionElements.swift */,
				F37BF3CB23968B7E0095C419 /* SectionedElements.swift */,
				F3AD067F238FF3DA000AF1B3 /* ListAdapters.swift */,
				F36E6015250AC69700F2D441 /* ConditionalListAdapters.swift */,
				3CB1152F29B75FAF00312263 /* TupleListAdapters.swift */,
			);
			path = DataSource;
			sourceTree = "<group>";
		};
		F36550332451B6910038172F /* Frameworks */ = {
			isa = PBXGroup;
			children = (
			);
			name = Frameworks;
			sourceTree = "<group>";
		};
		F37A1228239FC0590001E9EE /* ListAdapter+UIKit */ = {
			isa = PBXGroup;
			children = (
				F37A1229239FC0720001E9EE /* ListAdapter+UIScrollView.swift */,
				F37A122D239FC0CB0001E9EE /* ListAdapter+UICollectionView.swift */,
				F35BBA06239FD1600024EA7D /* ListAdapter+UITableView.swift */,
			);
			path = "ListAdapter+UIKit";
			sourceTree = "<group>";
		};
		F37A122F239FC3030001E9EE /* ListView+UIKit */ = {
			isa = PBXGroup;
			children = (
				F3D786FD239931CE00D7A5CD /* UIListView.swift */,
				F3D787012399327200D7A5CD /* ListView+UIcollectionView.swift */,
				F3D786FF2399327200D7A5CD /* ListView+UITableView.swift */,
				F329598223A10B7D001D6063 /* ListViewStorage+UIKit.swift */,
			);
			path = "ListView+UIKit";
			sourceTree = "<group>";
		};
		F37A1230239FC30D0001E9EE /* ListView+AppKit */ = {
			isa = PBXGroup;
			children = (
				F304A6E4239E962300133D14 /* NSListView.swift */,
				F304A6E0239E95DB00133D14 /* ListView+NSCollectionView.swift */,
				F304A6E2239E95ED00133D14 /* ListView+NSTableView.swift */,
				3CABA1502B52C4D200ABD815 /* ListViewStorage+AppKit.swift */,
			);
			path = "ListView+AppKit";
			sourceTree = "<group>";
		};
		F383063F23506BAC00AE8B97 /* Utility */ = {
			isa = PBXGroup;
			children = (
				33EA9D102A7956D900C29C6C /* Differing.swift */,
				F3D786FB2399318B00D7A5CD /* Associator.swift */,
				F374B1432471A0FA0009420D /* Mapping.swift */,
				F354B6F524C38A0C00E9D19B /* BatchUpdate.swift */,
				F3A4A2EB2463AD22007FAB3B /* ListIndex.swift */,
				F3FAECCA24FFE0C3001CBA34 /* IndexPathSet.swift */,
				F3FAECCC24FFE16A001CBA34 /* ChangeSet.swift */,
			);
			path = Utility;
			sourceTree = "<group>";
		};
		F3841D5B2355E0C4006386E3 /* Extensions */ = {
			isa = PBXGroup;
			children = (
				F3841D5C2355E0DA006386E3 /* Collection+Extension.swift */,
				F39A23F523A16D1F0024F9AF /* CoreData+Extension.swift */,
				F3EB15D923A2CF8D00C9AC5E /* Optional+Extension.swift */,
				F3D122C3254783530000BC3F /* IndexSet+Extension.swift */,
			);
			path = Extensions;
			sourceTree = "<group>";
		};
		F3D786952399262A00D7A5CD /* Context */ = {
			isa = PBXGroup;
			children = (
				F34E7F3B24D6D3B600DE3844 /* ListContext.swift */,
				F304A6DE239E94CC00133D14 /* Context+UIKit.swift */,
				3CABA14E2B52C32300ABD815 /* Context+APPKit.swift */,
			);
			path = Context;
			sourceTree = "<group>";
		};
		F3D786FA2399313300D7A5CD /* ListView */ = {
			isa = PBXGroup;
			children = (
				F37A1230239FC30D0001E9EE /* ListView+AppKit */,
				F37A122F239FC3030001E9EE /* ListView+UIKit */,
				F31250E8239C545200E77969 /* ListView.swift */,
				F3D787002399327200D7A5CD /* ListViewStorage.swift */,
			);
			path = ListView;
			sourceTree = "<group>";
		};
		OBJ_10 /* Products */ = {
			isa = PBXGroup;
			children = (
				"ListKit::ListKit::Product" /* ListKit.framework */,
				3CD3EEC129CD4749003DE3CB /* ListKitTests.xctest */,
				3CABA1562B52D68200ABD815 /* Example.app */,
			);
			name = Products;
			sourceTree = BUILT_PRODUCTS_DIR;
		};
		OBJ_5 = {
			isa = PBXGroup;
			children = (
				OBJ_12 /* README.md */,
				OBJ_6 /* Package.swift */,
				3CABA1652B52D6A100ABD815 /* ListKit.playground */,
				OBJ_7 /* Sources */,
				F33FBC38234F26B60054BA38 /* Tests */,
				3CABA1572B52D68200ABD815 /* Example */,
				OBJ_10 /* Products */,
				F36550332451B6910038172F /* Frameworks */,
			);
			sourceTree = "<group>";
		};
		OBJ_7 /* Sources */ = {
			isa = PBXGroup;
			children = (
				F33FBC3B234F29E30054BA38 /* DataSource */,
				F3040D242389046D0055E6E7 /* ListAdapter */,
				3CF219602A25F5F900C309E4 /* Modifier */,
				F310D24E2351E1CC00ED691C /* Coordinator */,
				F3D786952399262A00D7A5CD /* Context */,
				F314FAE023BC71D50060985E /* Delegate */,
				F3D786FA2399313300D7A5CD /* ListView */,
				F383063F23506BAC00AE8B97 /* Utility */,
				F3841D5B2355E0C4006386E3 /* Extensions */,
				OBJ_8 /* ListKit.swift */,
			);
			path = Sources;
			sourceTree = SOURCE_ROOT;
		};
/* End PBXGroup section */

/* Begin PBXNativeTarget section */
		3CABA1552B52D68200ABD815 /* Example */ = {
			isa = PBXNativeTarget;
			buildConfigurationList = 3CABA1622B52D68400ABD815 /* Build configuration list for PBXNativeTarget "Example" */;
			buildPhases = (
				3CABA1522B52D68200ABD815 /* Sources */,
				3CABA1532B52D68200ABD815 /* Frameworks */,
				3CABA1542B52D68200ABD815 /* Resources */,
			);
			buildRules = (
			);
			dependencies = (
			);
			name = Example;
			packageProductDependencies = (
				3CE7FE622B530673003AC341 /* ListKit */,
			);
			productName = Example;
			productReference = 3CABA1562B52D68200ABD815 /* Example.app */;
			productType = "com.apple.product-type.application";
		};
		3CD3EEC029CD4749003DE3CB /* ListKitTests */ = {
			isa = PBXNativeTarget;
			buildConfigurationList = 3CD3EEC829CD4749003DE3CB /* Build configuration list for PBXNativeTarget "ListKitTests" */;
			buildPhases = (
				3CD3EEBD29CD4749003DE3CB /* Sources */,
				3CD3EEBE29CD4749003DE3CB /* Frameworks */,
				3CD3EEBF29CD4749003DE3CB /* Resources */,
			);
			buildRules = (
			);
			dependencies = (
				3CD3EEC729CD4749003DE3CB /* PBXTargetDependency */,
			);
			name = ListKitTests;
			productName = ListKitTests;
			productReference = 3CD3EEC129CD4749003DE3CB /* ListKitTests.xctest */;
			productType = "com.apple.product-type.bundle.unit-test";
		};
		"ListKit::ListKit" /* ListKit */ = {
			isa = PBXNativeTarget;
			buildConfigurationList = OBJ_14 /* Build configuration list for PBXNativeTarget "ListKit" */;
			buildPhases = (
				OBJ_17 /* Sources */,
				OBJ_19 /* Frameworks */,
			);
			buildRules = (
			);
			dependencies = (
			);
			name = ListKit;
			productName = ListKit;
			productReference = "ListKit::ListKit::Product" /* ListKit.framework */;
			productType = "com.apple.product-type.framework";
		};
/* End PBXNativeTarget section */

/* Begin PBXProject section */
		OBJ_1 /* Project object */ = {
			isa = PBXProject;
			attributes = {
				LastSwiftMigration = 9999;
				LastSwiftUpdateCheck = 1520;
				LastUpgradeCheck = 1400;
				TargetAttributes = {
					3CABA1552B52D68200ABD815 = {
						CreatedOnToolsVersion = 15.2;
					};
					3CD3EEC029CD4749003DE3CB = {
						CreatedOnToolsVersion = 14.2;
						ProvisioningStyle = Automatic;
					};
				};
			};
			buildConfigurationList = OBJ_2 /* Build configuration list for PBXProject "ListKit" */;
			compatibilityVersion = "Xcode 3.2";
			developmentRegion = en;
			hasScannedForEncodings = 0;
			knownRegions = (
				en,
				Base,
			);
			mainGroup = OBJ_5;
			productRefGroup = OBJ_10 /* Products */;
			projectDirPath = "";
			projectRoot = "";
			targets = (
				"ListKit::ListKit" /* ListKit */,
				3CD3EEC029CD4749003DE3CB /* ListKitTests */,
				3CABA1552B52D68200ABD815 /* Example */,
			);
		};
/* End PBXProject section */

/* Begin PBXResourcesBuildPhase section */
		3CABA1542B52D68200ABD815 /* Resources */ = {
			isa = PBXResourcesBuildPhase;
			buildActionMask = 2147483647;
			files = (
				3CABA1612B52D68400ABD815 /* Preview Assets.xcassets in Resources */,
				3CABA15D2B52D68400ABD815 /* Assets.xcassets in Resources */,
			);
			runOnlyForDeploymentPostprocessing = 0;
		};
		3CD3EEBF29CD4749003DE3CB /* Resources */ = {
			isa = PBXResourcesBuildPhase;
			buildActionMask = 2147483647;
			files = (
			);
			runOnlyForDeploymentPostprocessing = 0;
		};
/* End PBXResourcesBuildPhase section */

/* Begin PBXSourcesBuildPhase section */
		3CABA1522B52D68200ABD815 /* Sources */ = {
			isa = PBXSourcesBuildPhase;
			buildActionMask = 2147483647;
			files = (
				3CABA1702B52D6E300ABD815 /* SectionListViewControlle.swift in Sources */,
				3CABA1592B52D68200ABD815 /* ExampleApp.swift in Sources */,
				3CABA16D2B52D6E300ABD815 /* TestListViewController.swift in Sources */,
				3CABA16C2B52D6E300ABD815 /* ContentsViewController.swift in Sources */,
				3CABA16E2B52D6E300ABD815 /* IdentifiableSectionListViewController.swift in Sources */,
				3CABA1712B52D6E300ABD815 /* SimpleListViewController.swift in Sources */,
				3CABA16F2B52D6E300ABD815 /* NestedListViewController.swift in Sources */,
			);
			runOnlyForDeploymentPostprocessing = 0;
		};
		3CD3EEBD29CD4749003DE3CB /* Sources */ = {
			isa = PBXSourcesBuildPhase;
			buildActionMask = 2147483647;
			files = (
				3CD3EECD29CD4775003DE3CB /* ListCoordinatorTests.swift in Sources */,
				3CD3EECB29CD4762003DE3CB /* ListCoordinatorContextTests.swift in Sources */,
			);
			runOnlyForDeploymentPostprocessing = 0;
		};
		OBJ_17 /* Sources */ = {
			isa = PBXSourcesBuildPhase;
			buildActionMask = 0;
			files = (
				3CABA14F2B52C32300ABD815 /* Context+APPKit.swift in Sources */,
				F31250F0239C636100E77969 /* ListDelegates+UIScrollView.swift in Sources */,
				F304A6E1239E95DC00133D14 /* ListView+NSCollectionView.swift in Sources */,
				F3841D5D2355E0DA006386E3 /* Collection+Extension.swift in Sources */,
				F34E7F3C24D6D3B600DE3844 /* ListContext.swift in Sources */,
				F354B6F624C38A0C00E9D19B /* BatchUpdate.swift in Sources */,
				3CB1153629B7770F00312263 /* CollectionListAdapter.swift in Sources */,
				33EA9D112A7956D900C29C6C /* Differing.swift in Sources */,
				F36E6016250AC69700F2D441 /* ConditionalListAdapters.swift in Sources */,
				F32F922B25B6FAAC00C55F7A /* ListDelegate+IndexFunction+CallAsFunction.swift in Sources */,
				F3EB15DA23A2CF8D00C9AC5E /* Optional+Extension.swift in Sources */,
				3C092F442A40404A00C9F72D /* TypedListAdapter.swift in Sources */,
				F304A6E3239E95ED00133D14 /* ListView+NSTableView.swift in Sources */,
				F314FAE223BC71EA0060985E /* Delegate.swift in Sources */,
				3C3C5D9B2A790FF500FDD815 /* ListDelegates+NSCollectionView.swift in Sources */,
				F3D787022399327200D7A5CD /* ListView+UITableView.swift in Sources */,
				F39A23F623A16D1F0024F9AF /* CoreData+Extension.swift in Sources */,
				F3FAECCD24FFE16A001CBA34 /* ChangeSet.swift in Sources */,
				F329598323A10B7D001D6063 /* ListViewStorage+UIKit.swift in Sources */,
				3CB1153229B76CB500312263 /* TableListAdapter.swift in Sources */,
				F374B1442471A0FA0009420D /* Mapping.swift in Sources */,
				3C092F462A40410F00C9F72D /* ListBuilder.swift in Sources */,
				F30CF60A24E7D2440078720C /* CollectionElements.swift in Sources */,
				F31250E9239C545200E77969 /* ListView.swift in Sources */,
				F31250EE239C5EB200E77969 /* ListDelegates+UICollectionView.swift in Sources */,
				F312515C239E352100E77969 /* ListDelegates+UITableView.swift in Sources */,
				3CF219622A25F60C00C309E4 /* Modifier.swift in Sources */,
				F33FBC3D234F33A70054BA38 /* DataSource.swift in Sources */,
				3C275A5D28A6562600975E07 /* ListAdapter.swift in Sources */,
				3CD3EED129CDB15E003DE3CB /* DataSourcesCoordinator.swift in Sources */,
				3CABA1512B52C4D200ABD815 /* ListViewStorage+AppKit.swift in Sources */,
				F304A6DF239E94CC00133D14 /* Context+UIKit.swift in Sources */,
				F37BF3CC23968B7E0095C419 /* SectionedElements.swift in Sources */,
				3C3C5D982A790B1400FDD815 /* ListAdapter+NSCollectionView.swift in Sources */,
				F372F6E6248E52E9001B42D5 /* ListCoordinatorContext.swift in Sources */,
				F3698AFD258B5DB800285F56 /* ListDelegate.swift in Sources */,
				F37BF3CA239686470095C419 /* SingleElement.swift in Sources */,
				3CB1153029B75FAF00312263 /* TupleListAdapters.swift in Sources */,
				F3D787032399327200D7A5CD /* ListViewStorage.swift in Sources */,
				F3A4A2EC2463AD22007FAB3B /* ListIndex.swift in Sources */,
				F3FAECCB24FFE0C3001CBA34 /* IndexPathSet.swift in Sources */,
				F3D786FE239931CE00D7A5CD /* UIListView.swift in Sources */,
				F37A122E239FC0CB0001E9EE /* ListAdapter+UICollectionView.swift in Sources */,
				F30CF60924E7D23F0078720C /* ListAdapters.swift in Sources */,
				F35BBA07239FD1600024EA7D /* ListAdapter+UITableView.swift in Sources */,
				F3831F8624EE95E1002B5D73 /* AllSelectors.swift in Sources */,
				OBJ_18 /* ListKit.swift in Sources */,
				F3040D81238B21560055E6E7 /* ListCoordinator.swift in Sources */,
				F3D122C4254783530000BC3F /* IndexSet+Extension.swift in Sources */,
				F3D787042399327200D7A5CD /* ListView+UIcollectionView.swift in Sources */,
				F3D786FC2399318B00D7A5CD /* Associator.swift in Sources */,
				F37A122A239FC0720001E9EE /* ListAdapter+UIScrollView.swift in Sources */,
				F304A6E5239E962300133D14 /* NSListView.swift in Sources */,
			);
			runOnlyForDeploymentPostprocessing = 0;
		};
/* End PBXSourcesBuildPhase section */

/* Begin PBXTargetDependency section */
		3CD3EEC729CD4749003DE3CB /* PBXTargetDependency */ = {
			isa = PBXTargetDependency;
			target = "ListKit::ListKit" /* ListKit */;
			targetProxy = 3CD3EEC629CD4749003DE3CB /* PBXContainerItemProxy */;
		};
/* End PBXTargetDependency section */

/* Begin XCBuildConfiguration section */
		3CABA1632B52D68400ABD815 /* Debug */ = {
			isa = XCBuildConfiguration;
			buildSettings = {
				ALWAYS_SEARCH_USER_PATHS = NO;
				ASSETCATALOG_COMPILER_APPICON_NAME = AppIcon;
				ASSETCATALOG_COMPILER_GENERATE_SWIFT_ASSET_SYMBOL_EXTENSIONS = YES;
				ASSETCATALOG_COMPILER_GLOBAL_ACCENT_COLOR_NAME = AccentColor;
				CLANG_ANALYZER_NONNULL = YES;
				CLANG_ANALYZER_NUMBER_OBJECT_CONVERSION = YES_AGGRESSIVE;
				CLANG_CXX_LANGUAGE_STANDARD = "gnu++20";
				CLANG_ENABLE_MODULES = YES;
				CLANG_ENABLE_OBJC_WEAK = YES;
				CLANG_WARN_DIRECT_OBJC_ISA_USAGE = YES_ERROR;
				CLANG_WARN_DOCUMENTATION_COMMENTS = YES;
				CLANG_WARN_OBJC_ROOT_CLASS = YES_ERROR;
				CLANG_WARN_UNGUARDED_AVAILABILITY = YES_AGGRESSIVE;
				CODE_SIGN_ENTITLEMENTS = Example/Example.entitlements;
				CODE_SIGN_STYLE = Automatic;
				CURRENT_PROJECT_VERSION = 1;
				DEVELOPMENT_ASSET_PATHS = "\"Example/Preview Content\"";
				DEVELOPMENT_TEAM = NYY93G8LZ7;
				ENABLE_HARDENED_RUNTIME = YES;
				ENABLE_PREVIEWS = YES;
				ENABLE_USER_SCRIPT_SANDBOXING = YES;
				GCC_C_LANGUAGE_STANDARD = gnu17;
				GCC_DYNAMIC_NO_PIC = NO;
				GCC_PREPROCESSOR_DEFINITIONS = (
					"DEBUG=1",
					"$(inherited)",
				);
				GCC_WARN_ABOUT_RETURN_TYPE = YES_ERROR;
				GCC_WARN_UNINITIALIZED_AUTOS = YES_AGGRESSIVE;
				GENERATE_INFOPLIST_FILE = YES;
				"INFOPLIST_KEY_UIApplicationSceneManifest_Generation[sdk=iphoneos*]" = YES;
				"INFOPLIST_KEY_UIApplicationSceneManifest_Generation[sdk=iphonesimulator*]" = YES;
				"INFOPLIST_KEY_UIApplicationSupportsIndirectInputEvents[sdk=iphoneos*]" = YES;
				"INFOPLIST_KEY_UIApplicationSupportsIndirectInputEvents[sdk=iphonesimulator*]" = YES;
				"INFOPLIST_KEY_UILaunchScreen_Generation[sdk=iphoneos*]" = YES;
				"INFOPLIST_KEY_UILaunchScreen_Generation[sdk=iphonesimulator*]" = YES;
				"INFOPLIST_KEY_UIStatusBarStyle[sdk=iphoneos*]" = UIStatusBarStyleDefault;
				"INFOPLIST_KEY_UIStatusBarStyle[sdk=iphonesimulator*]" = UIStatusBarStyleDefault;
				INFOPLIST_KEY_UISupportedInterfaceOrientations_iPad = "UIInterfaceOrientationPortrait UIInterfaceOrientationPortraitUpsideDown UIInterfaceOrientationLandscapeLeft UIInterfaceOrientationLandscapeRight";
				INFOPLIST_KEY_UISupportedInterfaceOrientations_iPhone = "UIInterfaceOrientationPortrait UIInterfaceOrientationLandscapeLeft UIInterfaceOrientationLandscapeRight";
				IPHONEOS_DEPLOYMENT_TARGET = 13.0;
				LD_RUNPATH_SEARCH_PATHS = "@executable_path/Frameworks";
				"LD_RUNPATH_SEARCH_PATHS[sdk=macosx*]" = "@executable_path/../Frameworks";
				LOCALIZATION_PREFERS_STRING_CATALOGS = YES;
				MACOSX_DEPLOYMENT_TARGET = 11.0;
				MARKETING_VERSION = 1.0;
				MTL_ENABLE_DEBUG_INFO = INCLUDE_SOURCE;
				MTL_FAST_MATH = YES;
				OTHER_SWIFT_FLAGS = "$(inherited) -DXcode -DEXAMPLE";
				PRODUCT_BUNDLE_IDENTIFIER = com.Alpensegler.listKit.Example;
				PRODUCT_NAME = "$(TARGET_NAME)";
				SDKROOT = auto;
				SUPPORTED_PLATFORMS = "iphoneos iphonesimulator macosx";
				SUPPORTS_MACCATALYST = NO;
				SWIFT_ACTIVE_COMPILATION_CONDITIONS = DEBUG;
				SWIFT_EMIT_LOC_STRINGS = YES;
				SWIFT_VERSION = 5.0;
				TARGETED_DEVICE_FAMILY = "1,2";
			};
			name = Debug;
		};
		3CABA1642B52D68400ABD815 /* Release */ = {
			isa = XCBuildConfiguration;
			buildSettings = {
				ALWAYS_SEARCH_USER_PATHS = NO;
				ASSETCATALOG_COMPILER_APPICON_NAME = AppIcon;
				ASSETCATALOG_COMPILER_GENERATE_SWIFT_ASSET_SYMBOL_EXTENSIONS = YES;
				ASSETCATALOG_COMPILER_GLOBAL_ACCENT_COLOR_NAME = AccentColor;
				CLANG_ANALYZER_NONNULL = YES;
				CLANG_ANALYZER_NUMBER_OBJECT_CONVERSION = YES_AGGRESSIVE;
				CLANG_CXX_LANGUAGE_STANDARD = "gnu++20";
				CLANG_ENABLE_MODULES = YES;
				CLANG_ENABLE_OBJC_WEAK = YES;
				CLANG_WARN_DIRECT_OBJC_ISA_USAGE = YES_ERROR;
				CLANG_WARN_DOCUMENTATION_COMMENTS = YES;
				CLANG_WARN_OBJC_ROOT_CLASS = YES_ERROR;
				CLANG_WARN_UNGUARDED_AVAILABILITY = YES_AGGRESSIVE;
				CODE_SIGN_ENTITLEMENTS = Example/Example.entitlements;
				CODE_SIGN_STYLE = Automatic;
				COPY_PHASE_STRIP = NO;
				CURRENT_PROJECT_VERSION = 1;
				DEVELOPMENT_ASSET_PATHS = "\"Example/Preview Content\"";
				DEVELOPMENT_TEAM = NYY93G8LZ7;
				ENABLE_HARDENED_RUNTIME = YES;
				ENABLE_NS_ASSERTIONS = NO;
				ENABLE_PREVIEWS = YES;
				ENABLE_USER_SCRIPT_SANDBOXING = YES;
				GCC_C_LANGUAGE_STANDARD = gnu17;
				GCC_WARN_ABOUT_RETURN_TYPE = YES_ERROR;
				GCC_WARN_UNINITIALIZED_AUTOS = YES_AGGRESSIVE;
				GENERATE_INFOPLIST_FILE = YES;
				"INFOPLIST_KEY_UIApplicationSceneManifest_Generation[sdk=iphoneos*]" = YES;
				"INFOPLIST_KEY_UIApplicationSceneManifest_Generation[sdk=iphonesimulator*]" = YES;
				"INFOPLIST_KEY_UIApplicationSupportsIndirectInputEvents[sdk=iphoneos*]" = YES;
				"INFOPLIST_KEY_UIApplicationSupportsIndirectInputEvents[sdk=iphonesimulator*]" = YES;
				"INFOPLIST_KEY_UILaunchScreen_Generation[sdk=iphoneos*]" = YES;
				"INFOPLIST_KEY_UILaunchScreen_Generation[sdk=iphonesimulator*]" = YES;
				"INFOPLIST_KEY_UIStatusBarStyle[sdk=iphoneos*]" = UIStatusBarStyleDefault;
				"INFOPLIST_KEY_UIStatusBarStyle[sdk=iphonesimulator*]" = UIStatusBarStyleDefault;
				INFOPLIST_KEY_UISupportedInterfaceOrientations_iPad = "UIInterfaceOrientationPortrait UIInterfaceOrientationPortraitUpsideDown UIInterfaceOrientationLandscapeLeft UIInterfaceOrientationLandscapeRight";
				INFOPLIST_KEY_UISupportedInterfaceOrientations_iPhone = "UIInterfaceOrientationPortrait UIInterfaceOrientationLandscapeLeft UIInterfaceOrientationLandscapeRight";
				IPHONEOS_DEPLOYMENT_TARGET = 13.0;
				LD_RUNPATH_SEARCH_PATHS = "@executable_path/Frameworks";
				"LD_RUNPATH_SEARCH_PATHS[sdk=macosx*]" = "@executable_path/../Frameworks";
				LOCALIZATION_PREFERS_STRING_CATALOGS = YES;
				MACOSX_DEPLOYMENT_TARGET = 11.0;
				MARKETING_VERSION = 1.0;
				MTL_ENABLE_DEBUG_INFO = NO;
				MTL_FAST_MATH = YES;
				OTHER_SWIFT_FLAGS = "$(inherited) -DXcode -DEXAMPLE";
				PRODUCT_BUNDLE_IDENTIFIER = com.Alpensegler.listKit.Example;
				PRODUCT_NAME = "$(TARGET_NAME)";
				SDKROOT = auto;
				SUPPORTED_PLATFORMS = "iphoneos iphonesimulator macosx";
				SUPPORTS_MACCATALYST = NO;
				SWIFT_ACTIVE_COMPILATION_CONDITIONS = RELEASE;
				SWIFT_EMIT_LOC_STRINGS = YES;
				SWIFT_VERSION = 5.0;
				TARGETED_DEVICE_FAMILY = "1,2";
			};
			name = Release;
		};
		3CD3EEC929CD4749003DE3CB /* Debug */ = {
			isa = XCBuildConfiguration;
			buildSettings = {
				ALWAYS_SEARCH_USER_PATHS = NO;
				CLANG_ANALYZER_NONNULL = YES;
				CLANG_ANALYZER_NUMBER_OBJECT_CONVERSION = YES_AGGRESSIVE;
				CLANG_CXX_LANGUAGE_STANDARD = "gnu++20";
				CLANG_ENABLE_MODULES = YES;
				CLANG_ENABLE_OBJC_WEAK = YES;
				CLANG_WARN_DIRECT_OBJC_ISA_USAGE = YES_ERROR;
				CLANG_WARN_DOCUMENTATION_COMMENTS = YES;
				CLANG_WARN_OBJC_ROOT_CLASS = YES_ERROR;
				CLANG_WARN_UNGUARDED_AVAILABILITY = YES_AGGRESSIVE;
				CODE_SIGN_STYLE = Automatic;
				CURRENT_PROJECT_VERSION = 1;
				GCC_C_LANGUAGE_STANDARD = gnu11;
				GCC_DYNAMIC_NO_PIC = NO;
				GCC_PREPROCESSOR_DEFINITIONS = (
					"DEBUG=1",
					"$(inherited)",
				);
				GCC_WARN_ABOUT_RETURN_TYPE = YES_ERROR;
				GCC_WARN_UNINITIALIZED_AUTOS = YES_AGGRESSIVE;
				GENERATE_INFOPLIST_FILE = YES;
				IPHONEOS_DEPLOYMENT_TARGET = 16.2;
				MACOSX_DEPLOYMENT_TARGET = 13.1;
				MARKETING_VERSION = 1.0;
				MTL_ENABLE_DEBUG_INFO = INCLUDE_SOURCE;
				MTL_FAST_MATH = YES;
				PRODUCT_BUNDLE_IDENTIFIER = com.Alpensegler.ListKitTests;
				PRODUCT_NAME = "$(TARGET_NAME)";
				SDKROOT = auto;
				SUPPORTED_PLATFORMS = "iphoneos iphonesimulator macosx";
				SWIFT_ACTIVE_COMPILATION_CONDITIONS = DEBUG;
				SWIFT_EMIT_LOC_STRINGS = NO;
				SWIFT_VERSION = 5.0;
				TARGETED_DEVICE_FAMILY = "1,2";
			};
			name = Debug;
		};
		3CD3EECA29CD4749003DE3CB /* Release */ = {
			isa = XCBuildConfiguration;
			buildSettings = {
				ALWAYS_SEARCH_USER_PATHS = NO;
				CLANG_ANALYZER_NONNULL = YES;
				CLANG_ANALYZER_NUMBER_OBJECT_CONVERSION = YES_AGGRESSIVE;
				CLANG_CXX_LANGUAGE_STANDARD = "gnu++20";
				CLANG_ENABLE_MODULES = YES;
				CLANG_ENABLE_OBJC_WEAK = YES;
				CLANG_WARN_DIRECT_OBJC_ISA_USAGE = YES_ERROR;
				CLANG_WARN_DOCUMENTATION_COMMENTS = YES;
				CLANG_WARN_OBJC_ROOT_CLASS = YES_ERROR;
				CLANG_WARN_UNGUARDED_AVAILABILITY = YES_AGGRESSIVE;
				CODE_SIGN_STYLE = Automatic;
				COPY_PHASE_STRIP = NO;
				CURRENT_PROJECT_VERSION = 1;
				ENABLE_NS_ASSERTIONS = NO;
				GCC_C_LANGUAGE_STANDARD = gnu11;
				GCC_WARN_ABOUT_RETURN_TYPE = YES_ERROR;
				GCC_WARN_UNINITIALIZED_AUTOS = YES_AGGRESSIVE;
				GENERATE_INFOPLIST_FILE = YES;
				IPHONEOS_DEPLOYMENT_TARGET = 16.2;
				MACOSX_DEPLOYMENT_TARGET = 13.1;
				MARKETING_VERSION = 1.0;
				MTL_ENABLE_DEBUG_INFO = NO;
				MTL_FAST_MATH = YES;
				PRODUCT_BUNDLE_IDENTIFIER = com.Alpensegler.ListKitTests;
				PRODUCT_NAME = "$(TARGET_NAME)";
				SDKROOT = auto;
				SUPPORTED_PLATFORMS = "iphoneos iphonesimulator macosx";
				SWIFT_EMIT_LOC_STRINGS = NO;
				SWIFT_VERSION = 5.0;
				TARGETED_DEVICE_FAMILY = "1,2";
			};
			name = Release;
		};
		OBJ_15 /* Debug */ = {
			isa = XCBuildConfiguration;
			buildSettings = {
				DEAD_CODE_STRIPPING = YES;
				ENABLE_TESTABILITY = YES;
				FRAMEWORK_SEARCH_PATHS = (
					"$(inherited)",
					"$(PLATFORM_DIR)/Developer/Library/Frameworks",
				);
				HEADER_SEARCH_PATHS = "$(inherited)";
				INFOPLIST_FILE = ListKit.xcodeproj/ListKit_Info.plist;
				IPHONEOS_DEPLOYMENT_TARGET = 11.0;
				LD_RUNPATH_SEARCH_PATHS = (
					"$(inherited)",
					"$(TOOLCHAIN_DIR)/usr/lib/swift/macosx",
				);
				MACOSX_DEPLOYMENT_TARGET = 10.11;
				OTHER_CFLAGS = "$(inherited)";
				OTHER_LDFLAGS = "$(inherited)";
				OTHER_SWIFT_FLAGS = "$(inherited)";
				PRODUCT_BUNDLE_IDENTIFIER = ListKit;
				PRODUCT_MODULE_NAME = "$(TARGET_NAME:c99extidentifier)";
				PRODUCT_NAME = "$(TARGET_NAME:c99extidentifier)";
				SKIP_INSTALL = YES;
				SWIFT_ACTIVE_COMPILATION_CONDITIONS = "$(inherited)";
				SWIFT_VERSION = 5.0;
				TARGET_NAME = ListKit;
			};
			name = Debug;
		};
		OBJ_16 /* Release */ = {
			isa = XCBuildConfiguration;
			buildSettings = {
				DEAD_CODE_STRIPPING = YES;
				ENABLE_TESTABILITY = YES;
				FRAMEWORK_SEARCH_PATHS = (
					"$(inherited)",
					"$(PLATFORM_DIR)/Developer/Library/Frameworks",
				);
				HEADER_SEARCH_PATHS = "$(inherited)";
				INFOPLIST_FILE = ListKit.xcodeproj/ListKit_Info.plist;
				IPHONEOS_DEPLOYMENT_TARGET = 11.0;
				LD_RUNPATH_SEARCH_PATHS = (
					"$(inherited)",
					"$(TOOLCHAIN_DIR)/usr/lib/swift/macosx",
				);
				MACOSX_DEPLOYMENT_TARGET = 10.13;
				OTHER_CFLAGS = "$(inherited)";
				OTHER_LDFLAGS = "$(inherited)";
				OTHER_SWIFT_FLAGS = "$(inherited)";
				PRODUCT_BUNDLE_IDENTIFIER = ListKit;
				PRODUCT_MODULE_NAME = "$(TARGET_NAME:c99extidentifier)";
				PRODUCT_NAME = "$(TARGET_NAME:c99extidentifier)";
				SKIP_INSTALL = YES;
				SWIFT_ACTIVE_COMPILATION_CONDITIONS = "$(inherited)";
				SWIFT_VERSION = 5.0;
				TARGET_NAME = ListKit;
			};
			name = Release;
		};
		OBJ_3 /* Debug */ = {
			isa = XCBuildConfiguration;
			buildSettings = {
				ALLOW_TARGET_PLATFORM_SPECIALIZATION = YES;
				CLANG_ENABLE_OBJC_ARC = YES;
				CLANG_WARN_BLOCK_CAPTURE_AUTORELEASING = YES;
				CLANG_WARN_BOOL_CONVERSION = YES;
				CLANG_WARN_COMMA = YES;
				CLANG_WARN_CONSTANT_CONVERSION = YES;
				CLANG_WARN_DEPRECATED_OBJC_IMPLEMENTATIONS = YES;
				CLANG_WARN_EMPTY_BODY = YES;
				CLANG_WARN_ENUM_CONVERSION = YES;
				CLANG_WARN_INFINITE_RECURSION = YES;
				CLANG_WARN_INT_CONVERSION = YES;
				CLANG_WARN_NON_LITERAL_NULL_CONVERSION = YES;
				CLANG_WARN_OBJC_IMPLICIT_RETAIN_SELF = YES;
				CLANG_WARN_OBJC_LITERAL_CONVERSION = YES;
				CLANG_WARN_QUOTED_INCLUDE_IN_FRAMEWORK_HEADER = YES;
				CLANG_WARN_RANGE_LOOP_ANALYSIS = YES;
				CLANG_WARN_STRICT_PROTOTYPES = YES;
				CLANG_WARN_SUSPICIOUS_MOVE = YES;
				CLANG_WARN_UNREACHABLE_CODE = YES;
				CLANG_WARN__DUPLICATE_METHOD_MATCH = YES;
				COMBINE_HIDPI_IMAGES = YES;
				COPY_PHASE_STRIP = NO;
				DEAD_CODE_STRIPPING = YES;
				DEBUG_INFORMATION_FORMAT = dwarf;
				DYLIB_INSTALL_NAME_BASE = "@rpath";
				ENABLE_NS_ASSERTIONS = YES;
				ENABLE_STRICT_OBJC_MSGSEND = YES;
				ENABLE_TESTABILITY = YES;
				GCC_NO_COMMON_BLOCKS = YES;
				GCC_OPTIMIZATION_LEVEL = 0;
				GCC_PREPROCESSOR_DEFINITIONS = (
					"$(inherited)",
					"SWIFT_PACKAGE=1",
					"DEBUG=1",
				);
				GCC_WARN_64_TO_32_BIT_CONVERSION = YES;
				GCC_WARN_ABOUT_RETURN_TYPE = YES;
				GCC_WARN_UNDECLARED_SELECTOR = YES;
				GCC_WARN_UNINITIALIZED_AUTOS = YES;
				GCC_WARN_UNUSED_FUNCTION = YES;
				GCC_WARN_UNUSED_VARIABLE = YES;
				IPHONEOS_DEPLOYMENT_TARGET = 11.0;
				MACOSX_DEPLOYMENT_TARGET = 10.6;
				ONLY_ACTIVE_ARCH = YES;
				OTHER_SWIFT_FLAGS = "$(inherited) -DXcode";
				PRODUCT_NAME = "$(TARGET_NAME)";
				SDKROOT = macosx;
				SUPPORTED_PLATFORMS = "xrsimulator xros watchsimulator watchos macosx iphonesimulator iphoneos appletvsimulator appletvos";
				SUPPORTS_MACCATALYST = YES;
				SWIFT_ACTIVE_COMPILATION_CONDITIONS = "$(inherited) SWIFT_PACKAGE DEBUG";
				SWIFT_OPTIMIZATION_LEVEL = "-Onone";
				USE_HEADERMAP = NO;
			};
			name = Debug;
		};
		OBJ_4 /* Release */ = {
			isa = XCBuildConfiguration;
			buildSettings = {
				ALLOW_TARGET_PLATFORM_SPECIALIZATION = YES;
				CLANG_ENABLE_OBJC_ARC = YES;
				CLANG_WARN_BLOCK_CAPTURE_AUTORELEASING = YES;
				CLANG_WARN_BOOL_CONVERSION = YES;
				CLANG_WARN_COMMA = YES;
				CLANG_WARN_CONSTANT_CONVERSION = YES;
				CLANG_WARN_DEPRECATED_OBJC_IMPLEMENTATIONS = YES;
				CLANG_WARN_EMPTY_BODY = YES;
				CLANG_WARN_ENUM_CONVERSION = YES;
				CLANG_WARN_INFINITE_RECURSION = YES;
				CLANG_WARN_INT_CONVERSION = YES;
				CLANG_WARN_NON_LITERAL_NULL_CONVERSION = YES;
				CLANG_WARN_OBJC_IMPLICIT_RETAIN_SELF = YES;
				CLANG_WARN_OBJC_LITERAL_CONVERSION = YES;
				CLANG_WARN_QUOTED_INCLUDE_IN_FRAMEWORK_HEADER = YES;
				CLANG_WARN_RANGE_LOOP_ANALYSIS = YES;
				CLANG_WARN_STRICT_PROTOTYPES = YES;
				CLANG_WARN_SUSPICIOUS_MOVE = YES;
				CLANG_WARN_UNREACHABLE_CODE = YES;
				CLANG_WARN__DUPLICATE_METHOD_MATCH = YES;
				COMBINE_HIDPI_IMAGES = YES;
				COPY_PHASE_STRIP = YES;
				DEAD_CODE_STRIPPING = YES;
				DEBUG_INFORMATION_FORMAT = "dwarf-with-dsym";
				DYLIB_INSTALL_NAME_BASE = "@rpath";
				ENABLE_STRICT_OBJC_MSGSEND = YES;
				GCC_NO_COMMON_BLOCKS = YES;
				GCC_OPTIMIZATION_LEVEL = s;
				GCC_PREPROCESSOR_DEFINITIONS = (
					"$(inherited)",
					"SWIFT_PACKAGE=1",
				);
				GCC_WARN_64_TO_32_BIT_CONVERSION = YES;
				GCC_WARN_ABOUT_RETURN_TYPE = YES;
				GCC_WARN_UNDECLARED_SELECTOR = YES;
				GCC_WARN_UNINITIALIZED_AUTOS = YES;
				GCC_WARN_UNUSED_FUNCTION = YES;
				GCC_WARN_UNUSED_VARIABLE = YES;
				IPHONEOS_DEPLOYMENT_TARGET = 11.0;
				MACOSX_DEPLOYMENT_TARGET = 10.6;
				OTHER_SWIFT_FLAGS = "$(inherited) -DXcode";
				PRODUCT_NAME = "$(TARGET_NAME)";
				SDKROOT = macosx;
				SUPPORTED_PLATFORMS = "xrsimulator xros watchsimulator watchos macosx iphonesimulator iphoneos appletvsimulator appletvos";
				SUPPORTS_MACCATALYST = YES;
				SWIFT_ACTIVE_COMPILATION_CONDITIONS = "$(inherited) SWIFT_PACKAGE";
				SWIFT_COMPILATION_MODE = wholemodule;
				SWIFT_OPTIMIZATION_LEVEL = "-O";
				USE_HEADERMAP = NO;
			};
			name = Release;
		};
/* End XCBuildConfiguration section */

/* Begin XCConfigurationList section */
		3CABA1622B52D68400ABD815 /* Build configuration list for PBXNativeTarget "Example" */ = {
			isa = XCConfigurationList;
			buildConfigurations = (
				3CABA1632B52D68400ABD815 /* Debug */,
				3CABA1642B52D68400ABD815 /* Release */,
			);
			defaultConfigurationIsVisible = 0;
			defaultConfigurationName = Release;
		};
		3CD3EEC829CD4749003DE3CB /* Build configuration list for PBXNativeTarget "ListKitTests" */ = {
			isa = XCConfigurationList;
			buildConfigurations = (
				3CD3EEC929CD4749003DE3CB /* Debug */,
				3CD3EECA29CD4749003DE3CB /* Release */,
			);
			defaultConfigurationIsVisible = 0;
			defaultConfigurationName = Release;
		};
		OBJ_14 /* Build configuration list for PBXNativeTarget "ListKit" */ = {
			isa = XCConfigurationList;
			buildConfigurations = (
				OBJ_15 /* Debug */,
				OBJ_16 /* Release */,
			);
			defaultConfigurationIsVisible = 0;
			defaultConfigurationName = Release;
		};
		OBJ_2 /* Build configuration list for PBXProject "ListKit" */ = {
			isa = XCConfigurationList;
			buildConfigurations = (
				OBJ_3 /* Debug */,
				OBJ_4 /* Release */,
			);
			defaultConfigurationIsVisible = 0;
			defaultConfigurationName = Release;
		};
/* End XCConfigurationList section */

/* Begin XCSwiftPackageProductDependency section */
		3CE7FE622B530673003AC341 /* ListKit */ = {
			isa = XCSwiftPackageProductDependency;
			productName = ListKit;
		};
/* End XCSwiftPackageProductDependency section */
	};
	rootObject = OBJ_1 /* Project object */;
}
